// !$*UTF8*$!
{
	archiveVersion = 1;
	classes = {
	};
	objectVersion = 50;
	objects = {

/* Begin PBXBuildFile section */
		63E8F98E221A46FA00518578 /* main.swift in Sources */ = {isa = PBXBuildFile; fileRef = 63E8F98D221A46FA00518578 /* main.swift */; };
		63E8F99B221A470600518578 /* main.swift in Sources */ = {isa = PBXBuildFile; fileRef = 63E8F99A221A470600518578 /* main.swift */; };
		E486B56D2268B2C100174E4A /* main.swift in Sources */ = {isa = PBXBuildFile; fileRef = E486B56C2268B2C100174E4A /* main.swift */; };
/* End PBXBuildFile section */

/* Begin PBXCopyFilesBuildPhase section */
		63E8F988221A46FA00518578 /* CopyFiles */ = {
			isa = PBXCopyFilesBuildPhase;
			buildActionMask = 2147483647;
			dstPath = /usr/share/man/man1/;
			dstSubfolderSpec = 0;
			files = (
			);
			runOnlyForDeploymentPostprocessing = 1;
		};
		63E8F996221A470600518578 /* CopyFiles */ = {
			isa = PBXCopyFilesBuildPhase;
			buildActionMask = 2147483647;
			dstPath = /usr/share/man/man1/;
			dstSubfolderSpec = 0;
			files = (
			);
			runOnlyForDeploymentPostprocessing = 1;
		};
		E486B5682268B2C000174E4A /* CopyFiles */ = {
			isa = PBXCopyFilesBuildPhase;
			buildActionMask = 2147483647;
			dstPath = /usr/share/man/man1/;
			dstSubfolderSpec = 0;
			files = (
			);
			runOnlyForDeploymentPostprocessing = 1;
		};
/* End PBXCopyFilesBuildPhase section */

/* Begin PBXFileReference section */
		63E8F98A221A46FA00518578 /* Problem_13000_13999 */ = {isa = PBXFileReference; explicitFileType = "compiled.mach-o.executable"; includeInIndex = 0; path = Problem_13000_13999; sourceTree = BUILT_PRODUCTS_DIR; };
		63E8F98D221A46FA00518578 /* main.swift */ = {isa = PBXFileReference; lastKnownFileType = sourcecode.swift; path = main.swift; sourceTree = "<group>"; };
		63E8F998221A470600518578 /* 13752 */ = {isa = PBXFileReference; explicitFileType = "compiled.mach-o.executable"; includeInIndex = 0; path = 13752; sourceTree = BUILT_PRODUCTS_DIR; };
		63E8F99A221A470600518578 /* main.swift */ = {isa = PBXFileReference; lastKnownFileType = sourcecode.swift; path = main.swift; sourceTree = "<group>"; };
		E486B56A2268B2C000174E4A /* 13301 */ = {isa = PBXFileReference; explicitFileType = "compiled.mach-o.executable"; includeInIndex = 0; path = 13301; sourceTree = BUILT_PRODUCTS_DIR; };
		E486B56C2268B2C100174E4A /* main.swift */ = {isa = PBXFileReference; lastKnownFileType = sourcecode.swift; path = main.swift; sourceTree = "<group>"; };
/* End PBXFileReference section */

/* Begin PBXFrameworksBuildPhase section */
		63E8F987221A46FA00518578 /* Frameworks */ = {
			isa = PBXFrameworksBuildPhase;
			buildActionMask = 2147483647;
			files = (
			);
			runOnlyForDeploymentPostprocessing = 0;
		};
		63E8F995221A470600518578 /* Frameworks */ = {
			isa = PBXFrameworksBuildPhase;
			buildActionMask = 2147483647;
			files = (
			);
			runOnlyForDeploymentPostprocessing = 0;
		};
		E486B5672268B2C000174E4A /* Frameworks */ = {
			isa = PBXFrameworksBuildPhase;
			buildActionMask = 2147483647;
			files = (
			);
			runOnlyForDeploymentPostprocessing = 0;
		};
/* End PBXFrameworksBuildPhase section */

/* Begin PBXGroup section */
		63E8F981221A46FA00518578 = {
			isa = PBXGroup;
			children = (
				63E8F98C221A46FA00518578 /* Problem_13000_13999 */,
				E486B56B2268B2C100174E4A /* 13301 */,
				63E8F999221A470600518578 /* 13752 */,
				63E8F98B221A46FA00518578 /* Products */,
			);
			sourceTree = "<group>";
		};
		63E8F98B221A46FA00518578 /* Products */ = {
			isa = PBXGroup;
			children = (
				63E8F98A221A46FA00518578 /* Problem_13000_13999 */,
				63E8F998221A470600518578 /* 13752 */,
				E486B56A2268B2C000174E4A /* 13301 */,
			);
			name = Products;
			sourceTree = "<group>";
		};
		63E8F98C221A46FA00518578 /* Problem_13000_13999 */ = {
			isa = PBXGroup;
			children = (
				63E8F98D221A46FA00518578 /* main.swift */,
			);
			path = Problem_13000_13999;
			sourceTree = "<group>";
		};
		63E8F999221A470600518578 /* 13752 */ = {
			isa = PBXGroup;
			children = (
				63E8F99A221A470600518578 /* main.swift */,
			);
			path = 13752;
			sourceTree = "<group>";
		};
		E486B56B2268B2C100174E4A /* 13301 */ = {
			isa = PBXGroup;
			children = (
				E486B56C2268B2C100174E4A /* main.swift */,
			);
			path = 13301;
			sourceTree = "<group>";
		};
/* End PBXGroup section */

/* Begin PBXNativeTarget section */
		63E8F989221A46FA00518578 /* Problem_13000_13999 */ = {
			isa = PBXNativeTarget;
			buildConfigurationList = 63E8F991221A46FA00518578 /* Build configuration list for PBXNativeTarget "Problem_13000_13999" */;
			buildPhases = (
				63E8F986221A46FA00518578 /* Sources */,
				63E8F987221A46FA00518578 /* Frameworks */,
				63E8F988221A46FA00518578 /* CopyFiles */,
			);
			buildRules = (
			);
			dependencies = (
			);
			name = Problem_13000_13999;
			productName = Problem_13000_13999;
			productReference = 63E8F98A221A46FA00518578 /* Problem_13000_13999 */;
			productType = "com.apple.product-type.tool";
		};
		63E8F997221A470600518578 /* 13752 */ = {
			isa = PBXNativeTarget;
			buildConfigurationList = 63E8F99C221A470600518578 /* Build configuration list for PBXNativeTarget "13752" */;
			buildPhases = (
				63E8F994221A470600518578 /* Sources */,
				63E8F995221A470600518578 /* Frameworks */,
				63E8F996221A470600518578 /* CopyFiles */,
			);
			buildRules = (
			);
			dependencies = (
			);
			name = 13752;
			productName = 13752;
			productReference = 63E8F998221A470600518578 /* 13752 */;
			productType = "com.apple.product-type.tool";
		};
		E486B5692268B2C000174E4A /* 13301 */ = {
			isa = PBXNativeTarget;
			buildConfigurationList = E486B5702268B2C100174E4A /* Build configuration list for PBXNativeTarget "13301" */;
			buildPhases = (
				E486B5662268B2C000174E4A /* Sources */,
				E486B5672268B2C000174E4A /* Frameworks */,
				E486B5682268B2C000174E4A /* CopyFiles */,
			);
			buildRules = (
			);
			dependencies = (
			);
			name = 13301;
			productName = 13301;
			productReference = E486B56A2268B2C000174E4A /* 13301 */;
			productType = "com.apple.product-type.tool";
		};
/* End PBXNativeTarget section */

/* Begin PBXProject section */
		63E8F982221A46FA00518578 /* Project object */ = {
			isa = PBXProject;
			attributes = {
				LastSwiftUpdateCheck = 1020;
				LastUpgradeCheck = 1010;
				ORGANIZATIONNAME = myoung;
				TargetAttributes = {
					63E8F989221A46FA00518578 = {
						CreatedOnToolsVersion = 10.1;
						LastSwiftMigration = 1020;
					};
					63E8F997221A470600518578 = {
						CreatedOnToolsVersion = 10.1;
					};
					E486B5692268B2C000174E4A = {
						CreatedOnToolsVersion = 10.2;
					};
				};
			};
			buildConfigurationList = 63E8F985221A46FA00518578 /* Build configuration list for PBXProject "Problem_13000_13999" */;
			compatibilityVersion = "Xcode 9.3";
			developmentRegion = en;
			hasScannedForEncodings = 0;
			knownRegions = (
				en,
				Base,
			);
			mainGroup = 63E8F981221A46FA00518578;
			productRefGroup = 63E8F98B221A46FA00518578 /* Products */;
			projectDirPath = "";
			projectRoot = "";
			targets = (
				63E8F989221A46FA00518578 /* Problem_13000_13999 */,
				E486B5692268B2C000174E4A /* 13301 */,
				63E8F997221A470600518578 /* 13752 */,
			);
		};
/* End PBXProject section */

/* Begin PBXSourcesBuildPhase section */
		63E8F986221A46FA00518578 /* Sources */ = {
			isa = PBXSourcesBuildPhase;
			buildActionMask = 2147483647;
			files = (
				63E8F98E221A46FA00518578 /* main.swift in Sources */,
			);
			runOnlyForDeploymentPostprocessing = 0;
		};
		63E8F994221A470600518578 /* Sources */ = {
			isa = PBXSourcesBuildPhase;
			buildActionMask = 2147483647;
			files = (
				63E8F99B221A470600518578 /* main.swift in Sources */,
			);
			runOnlyForDeploymentPostprocessing = 0;
		};
		E486B5662268B2C000174E4A /* Sources */ = {
			isa = PBXSourcesBuildPhase;
			buildActionMask = 2147483647;
			files = (
				E486B56D2268B2C100174E4A /* main.swift in Sources */,
			);
			runOnlyForDeploymentPostprocessing = 0;
		};
/* End PBXSourcesBuildPhase section */

/* Begin XCBuildConfiguration section */
		63E8F98F221A46FA00518578 /* Debug */ = {
			isa = XCBuildConfiguration;
			buildSettings = {
				ALWAYS_SEARCH_USER_PATHS = NO;
				CLANG_ANALYZER_NONNULL = YES;
				CLANG_ANALYZER_NUMBER_OBJECT_CONVERSION = YES_AGGRESSIVE;
				CLANG_CXX_LANGUAGE_STANDARD = "gnu++14";
				CLANG_CXX_LIBRARY = "libc++";
				CLANG_ENABLE_MODULES = YES;
				CLANG_ENABLE_OBJC_ARC = YES;
				CLANG_ENABLE_OBJC_WEAK = YES;
				CLANG_WARN_BLOCK_CAPTURE_AUTORELEASING = YES;
				CLANG_WARN_BOOL_CONVERSION = YES;
				CLANG_WARN_COMMA = YES;
				CLANG_WARN_CONSTANT_CONVERSION = YES;
				CLANG_WARN_DEPRECATED_OBJC_IMPLEMENTATIONS = YES;
				CLANG_WARN_DIRECT_OBJC_ISA_USAGE = YES_ERROR;
				CLANG_WARN_DOCUMENTATION_COMMENTS = YES;
				CLANG_WARN_EMPTY_BODY = YES;
				CLANG_WARN_ENUM_CONVERSION = YES;
				CLANG_WARN_INFINITE_RECURSION = YES;
				CLANG_WARN_INT_CONVERSION = YES;
				CLANG_WARN_NON_LITERAL_NULL_CONVERSION = YES;
				CLANG_WARN_OBJC_IMPLICIT_RETAIN_SELF = YES;
				CLANG_WARN_OBJC_LITERAL_CONVERSION = YES;
				CLANG_WARN_OBJC_ROOT_CLASS = YES_ERROR;
				CLANG_WARN_RANGE_LOOP_ANALYSIS = YES;
				CLANG_WARN_STRICT_PROTOTYPES = YES;
				CLANG_WARN_SUSPICIOUS_MOVE = YES;
				CLANG_WARN_UNGUARDED_AVAILABILITY = YES_AGGRESSIVE;
				CLANG_WARN_UNREACHABLE_CODE = YES;
				CLANG_WARN__DUPLICATE_METHOD_MATCH = YES;
				CODE_SIGN_IDENTITY = "-";
				COPY_PHASE_STRIP = NO;
				DEBUG_INFORMATION_FORMAT = dwarf;
				ENABLE_STRICT_OBJC_MSGSEND = YES;
				ENABLE_TESTABILITY = YES;
				GCC_C_LANGUAGE_STANDARD = gnu11;
				GCC_DYNAMIC_NO_PIC = NO;
				GCC_NO_COMMON_BLOCKS = YES;
				GCC_OPTIMIZATION_LEVEL = 0;
				GCC_PREPROCESSOR_DEFINITIONS = (
					"DEBUG=1",
					"$(inherited)",
				);
				GCC_WARN_64_TO_32_BIT_CONVERSION = YES;
				GCC_WARN_ABOUT_RETURN_TYPE = YES_ERROR;
				GCC_WARN_UNDECLARED_SELECTOR = YES;
				GCC_WARN_UNINITIALIZED_AUTOS = YES_AGGRESSIVE;
				GCC_WARN_UNUSED_FUNCTION = YES;
				GCC_WARN_UNUSED_VARIABLE = YES;
				MACOSX_DEPLOYMENT_TARGET = 10.14;
				MTL_ENABLE_DEBUG_INFO = INCLUDE_SOURCE;
				MTL_FAST_MATH = YES;
				ONLY_ACTIVE_ARCH = YES;
				SDKROOT = macosx;
				SWIFT_ACTIVE_COMPILATION_CONDITIONS = DEBUG;
				SWIFT_OPTIMIZATION_LEVEL = "-Onone";
			};
			name = Debug;
		};
		63E8F990221A46FA00518578 /* Release */ = {
			isa = XCBuildConfiguration;
			buildSettings = {
				ALWAYS_SEARCH_USER_PATHS = NO;
				CLANG_ANALYZER_NONNULL = YES;
				CLANG_ANALYZER_NUMBER_OBJECT_CONVERSION = YES_AGGRESSIVE;
				CLANG_CXX_LANGUAGE_STANDARD = "gnu++14";
				CLANG_CXX_LIBRARY = "libc++";
				CLANG_ENABLE_MODULES = YES;
				CLANG_ENABLE_OBJC_ARC = YES;
				CLANG_ENABLE_OBJC_WEAK = YES;
				CLANG_WARN_BLOCK_CAPTURE_AUTORELEASING = YES;
				CLANG_WARN_BOOL_CONVERSION = YES;
				CLANG_WARN_COMMA = YES;
				CLANG_WARN_CONSTANT_CONVERSION = YES;
				CLANG_WARN_DEPRECATED_OBJC_IMPLEMENTATIONS = YES;
				CLANG_WARN_DIRECT_OBJC_ISA_USAGE = YES_ERROR;
				CLANG_WARN_DOCUMENTATION_COMMENTS = YES;
				CLANG_WARN_EMPTY_BODY = YES;
				CLANG_WARN_ENUM_CONVERSION = YES;
				CLANG_WARN_INFINITE_RECURSION = YES;
				CLANG_WARN_INT_CONVERSION = YES;
				CLANG_WARN_NON_LITERAL_NULL_CONVERSION = YES;
				CLANG_WARN_OBJC_IMPLICIT_RETAIN_SELF = YES;
				CLANG_WARN_OBJC_LITERAL_CONVERSION = YES;
				CLANG_WARN_OBJC_ROOT_CLASS = YES_ERROR;
				CLANG_WARN_RANGE_LOOP_ANALYSIS = YES;
				CLANG_WARN_STRICT_PROTOTYPES = YES;
				CLANG_WARN_SUSPICIOUS_MOVE = YES;
				CLANG_WARN_UNGUARDED_AVAILABILITY = YES_AGGRESSIVE;
				CLANG_WARN_UNREACHABLE_CODE = YES;
				CLANG_WARN__DUPLICATE_METHOD_MATCH = YES;
				CODE_SIGN_IDENTITY = "-";
				COPY_PHASE_STRIP = NO;
				DEBUG_INFORMATION_FORMAT = "dwarf-with-dsym";
				ENABLE_NS_ASSERTIONS = NO;
				ENABLE_STRICT_OBJC_MSGSEND = YES;
				GCC_C_LANGUAGE_STANDARD = gnu11;
				GCC_NO_COMMON_BLOCKS = YES;
				GCC_WARN_64_TO_32_BIT_CONVERSION = YES;
				GCC_WARN_ABOUT_RETURN_TYPE = YES_ERROR;
				GCC_WARN_UNDECLARED_SELECTOR = YES;
				GCC_WARN_UNINITIALIZED_AUTOS = YES_AGGRESSIVE;
				GCC_WARN_UNUSED_FUNCTION = YES;
				GCC_WARN_UNUSED_VARIABLE = YES;
				MACOSX_DEPLOYMENT_TARGET = 10.14;
				MTL_ENABLE_DEBUG_INFO = NO;
				MTL_FAST_MATH = YES;
				SDKROOT = macosx;
				SWIFT_COMPILATION_MODE = wholemodule;
				SWIFT_OPTIMIZATION_LEVEL = "-O";
			};
			name = Release;
		};
		63E8F992221A46FA00518578 /* Debug */ = {
			isa = XCBuildConfiguration;
			buildSettings = {
				CODE_SIGN_STYLE = Automatic;
				PRODUCT_NAME = "$(TARGET_NAME)";
				SWIFT_VERSION = 5.0;
			};
			name = Debug;
		};
		63E8F993221A46FA00518578 /* Release */ = {
			isa = XCBuildConfiguration;
			buildSettings = {
				CODE_SIGN_STYLE = Automatic;
				PRODUCT_NAME = "$(TARGET_NAME)";
				SWIFT_VERSION = 5.0;
			};
			name = Release;
		};
		63E8F99D221A470600518578 /* Debug */ = {
			isa = XCBuildConfiguration;
			buildSettings = {
				CODE_SIGN_STYLE = Automatic;
				PRODUCT_NAME = "$(TARGET_NAME)";
				SWIFT_VERSION = 4.2;
			};
			name = Debug;
		};
		63E8F99E221A470600518578 /* Release */ = {
			isa = XCBuildConfiguration;
			buildSettings = {
				CODE_SIGN_STYLE = Automatic;
				PRODUCT_NAME = "$(TARGET_NAME)";
				SWIFT_VERSION = 4.2;
			};
			name = Release;
		};
		E486B56E2268B2C100174E4A /* Debug */ = {
			isa = XCBuildConfiguration;
			buildSettings = {
				CODE_SIGN_STYLE = Automatic;
				PRODUCT_NAME = "$(TARGET_NAME)";
				SWIFT_VERSION = 5.0;
			};
			name = Debug;
		};
		E486B56F2268B2C100174E4A /* Release */ = {
			isa = XCBuildConfiguration;
			buildSettings = {
				CODE_SIGN_STYLE = Automatic;
				PRODUCT_NAME = "$(TARGET_NAME)";
				SWIFT_VERSION = 5.0;
			};
			name = Release;
		};
/* End XCBuildConfiguration section */

/* Begin XCConfigurationList section */
		63E8F985221A46FA00518578 /* Build configuration list for PBXProject "Problem_13000_13999" */ = {
			isa = XCConfigurationList;
			buildConfigurations = (
				63E8F98F221A46FA00518578 /* Debug */,
				63E8F990221A46FA00518578 /* Release */,
			);
			defaultConfigurationIsVisible = 0;
			defaultConfigurationName = Release;
		};
		63E8F991221A46FA00518578 /* Build configuration list for PBXNativeTarget "Problem_13000_13999" */ = {
			isa = XCConfigurationList;
			buildConfigurations = (
				63E8F992221A46FA00518578 /* Debug */,
				63E8F993221A46FA00518578 /* Release */,
			);
			defaultConfigurationIsVisible = 0;
			defaultConfigurationName = Release;
		};
		63E8F99C221A470600518578 /* Build configuration list for PBXNativeTarget "13752" */ = {
			isa = XCConfigurationList;
			buildConfigurations = (
				63E8F99D221A470600518578 /* Debug */,
				63E8F99E221A470600518578 /* Release */,
			);
			defaultConfigurationIsVisible = 0;
			defaultConfigurationName = Release;
		};
		E486B5702268B2C100174E4A /* Build configuration list for PBXNativeTarget "13301" */ = {
			isa = XCConfigurationList;
			buildConfigurations = (
				E486B56E2268B2C100174E4A /* Debug */,
				E486B56F2268B2C100174E4A /* Release */,
			);
			defaultConfigurationIsVisible = 0;
			defaultConfigurationName = Release;
		};
/* End XCConfigurationList section */
	};
	rootObject = 63E8F982221A46FA00518578 /* Project object */;
}
