// !$*UTF8*$!
{
	archiveVersion = 1;
	classes = {
	};
	objectVersion = 50;
	objects = {

/* Begin PBXBuildFile section */
		6333AF38221E62B1001659A8 /* main.swift in Sources */ = {isa = PBXBuildFile; fileRef = 6333AF37221E62B1001659A8 /* main.swift */; };
		6333AF43221E62F1001659A8 /* main.swift in Sources */ = {isa = PBXBuildFile; fileRef = 6333AF42221E62F1001659A8 /* main.swift */; };
		6333AF4E221E62FB001659A8 /* main.swift in Sources */ = {isa = PBXBuildFile; fileRef = 6333AF4D221E62FB001659A8 /* main.swift */; };
		6333AF59221E6300001659A8 /* main.swift in Sources */ = {isa = PBXBuildFile; fileRef = 6333AF58221E6300001659A8 /* main.swift */; };
		633F0730221659C800648EF3 /* main.swift in Sources */ = {isa = PBXBuildFile; fileRef = 633F072F221659C800648EF3 /* main.swift */; };
		633F073D221659D300648EF3 /* main.swift in Sources */ = {isa = PBXBuildFile; fileRef = 633F073C221659D300648EF3 /* main.swift */; };
		634F4FD02223B0DC00137F51 /* main.swift in Sources */ = {isa = PBXBuildFile; fileRef = 634F4FCF2223B0DC00137F51 /* main.swift */; };
		634F4FDB2223B16900137F51 /* main.swift in Sources */ = {isa = PBXBuildFile; fileRef = 634F4FDA2223B16900137F51 /* main.swift */; };
		634F4FE62223B16E00137F51 /* main.swift in Sources */ = {isa = PBXBuildFile; fileRef = 634F4FE52223B16E00137F51 /* main.swift */; };
		634F4FF12223B17400137F51 /* main.swift in Sources */ = {isa = PBXBuildFile; fileRef = 634F4FF02223B17400137F51 /* main.swift */; };
		634F4FFC2223B17A00137F51 /* main.swift in Sources */ = {isa = PBXBuildFile; fileRef = 634F4FFB2223B17A00137F51 /* main.swift */; };
		637C979E221CEFC600D29918 /* main.swift in Sources */ = {isa = PBXBuildFile; fileRef = 637C979D221CEFC600D29918 /* main.swift */; };
		637C97A9221CF1BC00D29918 /* main.swift in Sources */ = {isa = PBXBuildFile; fileRef = 637C97A8221CF1BC00D29918 /* main.swift */; };
		637C97BF221CFEDC00D29918 /* main.swift in Sources */ = {isa = PBXBuildFile; fileRef = 637C97BE221CFEDC00D29918 /* main.swift */; };
		637C97CA221CFEF400D29918 /* main.swift in Sources */ = {isa = PBXBuildFile; fileRef = 637C97C9221CFEF400D29918 /* main.swift */; };
		637C97D5221CFEF900D29918 /* main.swift in Sources */ = {isa = PBXBuildFile; fileRef = 637C97D4221CFEF900D29918 /* main.swift */; };
		637C97E0221CFEFE00D29918 /* main.swift in Sources */ = {isa = PBXBuildFile; fileRef = 637C97DF221CFEFE00D29918 /* main.swift */; };
		63887B20221FB6A90014A07A /* main.swift in Sources */ = {isa = PBXBuildFile; fileRef = 63887B1F221FB6A90014A07A /* main.swift */; };
		63887B2B221FB6AD0014A07A /* main.swift in Sources */ = {isa = PBXBuildFile; fileRef = 63887B2A221FB6AD0014A07A /* main.swift */; };
		63887B36221FB6B20014A07A /* main.swift in Sources */ = {isa = PBXBuildFile; fileRef = 63887B35221FB6B20014A07A /* main.swift */; };
		63887B41221FB6B60014A07A /* main.swift in Sources */ = {isa = PBXBuildFile; fileRef = 63887B40221FB6B60014A07A /* main.swift */; };
		639EC8D2221B970800F72DD2 /* main.swift in Sources */ = {isa = PBXBuildFile; fileRef = 639EC8D1221B970800F72DD2 /* main.swift */; };
		639EC8DD221B99FA00F72DD2 /* main.swift in Sources */ = {isa = PBXBuildFile; fileRef = 639EC8DC221B99FA00F72DD2 /* main.swift */; };
		639EC935221BA88A00F72DD2 /* main.swift in Sources */ = {isa = PBXBuildFile; fileRef = 639EC934221BA88A00F72DD2 /* main.swift */; };
		63D620AA2224E0E60088F0E0 /* main.swift in Sources */ = {isa = PBXBuildFile; fileRef = 63D620A92224E0E60088F0E0 /* main.swift */; };
		63D620C02224E49A0088F0E0 /* main.swift in Sources */ = {isa = PBXBuildFile; fileRef = 63D620BF2224E49A0088F0E0 /* main.swift */; };
		63D620CB2224E49F0088F0E0 /* main.swift in Sources */ = {isa = PBXBuildFile; fileRef = 63D620CA2224E49F0088F0E0 /* main.swift */; };
		63D620D62224E4A50088F0E0 /* main.swift in Sources */ = {isa = PBXBuildFile; fileRef = 63D620D52224E4A50088F0E0 /* main.swift */; };
		63D620E12224E4AE0088F0E0 /* main.swift in Sources */ = {isa = PBXBuildFile; fileRef = 63D620E02224E4AE0088F0E0 /* main.swift */; };
/* End PBXBuildFile section */

/* Begin PBXCopyFilesBuildPhase section */
		6333AF33221E62B1001659A8 /* CopyFiles */ = {
			isa = PBXCopyFilesBuildPhase;
			buildActionMask = 2147483647;
			dstPath = /usr/share/man/man1/;
			dstSubfolderSpec = 0;
			files = (
			);
			runOnlyForDeploymentPostprocessing = 1;
		};
		6333AF3E221E62F1001659A8 /* CopyFiles */ = {
			isa = PBXCopyFilesBuildPhase;
			buildActionMask = 2147483647;
			dstPath = /usr/share/man/man1/;
			dstSubfolderSpec = 0;
			files = (
			);
			runOnlyForDeploymentPostprocessing = 1;
		};
		6333AF49221E62FB001659A8 /* CopyFiles */ = {
			isa = PBXCopyFilesBuildPhase;
			buildActionMask = 2147483647;
			dstPath = /usr/share/man/man1/;
			dstSubfolderSpec = 0;
			files = (
			);
			runOnlyForDeploymentPostprocessing = 1;
		};
		6333AF54221E6300001659A8 /* CopyFiles */ = {
			isa = PBXCopyFilesBuildPhase;
			buildActionMask = 2147483647;
			dstPath = /usr/share/man/man1/;
			dstSubfolderSpec = 0;
			files = (
			);
			runOnlyForDeploymentPostprocessing = 1;
		};
		633F072A221659C800648EF3 /* CopyFiles */ = {
			isa = PBXCopyFilesBuildPhase;
			buildActionMask = 2147483647;
			dstPath = /usr/share/man/man1/;
			dstSubfolderSpec = 0;
			files = (
			);
			runOnlyForDeploymentPostprocessing = 1;
		};
		633F0738221659D300648EF3 /* CopyFiles */ = {
			isa = PBXCopyFilesBuildPhase;
			buildActionMask = 2147483647;
			dstPath = /usr/share/man/man1/;
			dstSubfolderSpec = 0;
			files = (
			);
			runOnlyForDeploymentPostprocessing = 1;
		};
		634F4FCB2223B0DC00137F51 /* CopyFiles */ = {
			isa = PBXCopyFilesBuildPhase;
			buildActionMask = 2147483647;
			dstPath = /usr/share/man/man1/;
			dstSubfolderSpec = 0;
			files = (
			);
			runOnlyForDeploymentPostprocessing = 1;
		};
		634F4FD62223B16900137F51 /* CopyFiles */ = {
			isa = PBXCopyFilesBuildPhase;
			buildActionMask = 2147483647;
			dstPath = /usr/share/man/man1/;
			dstSubfolderSpec = 0;
			files = (
			);
			runOnlyForDeploymentPostprocessing = 1;
		};
		634F4FE12223B16E00137F51 /* CopyFiles */ = {
			isa = PBXCopyFilesBuildPhase;
			buildActionMask = 2147483647;
			dstPath = /usr/share/man/man1/;
			dstSubfolderSpec = 0;
			files = (
			);
			runOnlyForDeploymentPostprocessing = 1;
		};
		634F4FEC2223B17400137F51 /* CopyFiles */ = {
			isa = PBXCopyFilesBuildPhase;
			buildActionMask = 2147483647;
			dstPath = /usr/share/man/man1/;
			dstSubfolderSpec = 0;
			files = (
			);
			runOnlyForDeploymentPostprocessing = 1;
		};
		634F4FF72223B17900137F51 /* CopyFiles */ = {
			isa = PBXCopyFilesBuildPhase;
			buildActionMask = 2147483647;
			dstPath = /usr/share/man/man1/;
			dstSubfolderSpec = 0;
			files = (
			);
			runOnlyForDeploymentPostprocessing = 1;
		};
		637C9799221CEFC600D29918 /* CopyFiles */ = {
			isa = PBXCopyFilesBuildPhase;
			buildActionMask = 2147483647;
			dstPath = /usr/share/man/man1/;
			dstSubfolderSpec = 0;
			files = (
			);
			runOnlyForDeploymentPostprocessing = 1;
		};
		637C97A4221CF1BC00D29918 /* CopyFiles */ = {
			isa = PBXCopyFilesBuildPhase;
			buildActionMask = 2147483647;
			dstPath = /usr/share/man/man1/;
			dstSubfolderSpec = 0;
			files = (
			);
			runOnlyForDeploymentPostprocessing = 1;
		};
		637C97BA221CFEDC00D29918 /* CopyFiles */ = {
			isa = PBXCopyFilesBuildPhase;
			buildActionMask = 2147483647;
			dstPath = /usr/share/man/man1/;
			dstSubfolderSpec = 0;
			files = (
			);
			runOnlyForDeploymentPostprocessing = 1;
		};
		637C97C5221CFEF400D29918 /* CopyFiles */ = {
			isa = PBXCopyFilesBuildPhase;
			buildActionMask = 2147483647;
			dstPath = /usr/share/man/man1/;
			dstSubfolderSpec = 0;
			files = (
			);
			runOnlyForDeploymentPostprocessing = 1;
		};
		637C97D0221CFEF900D29918 /* CopyFiles */ = {
			isa = PBXCopyFilesBuildPhase;
			buildActionMask = 2147483647;
			dstPath = /usr/share/man/man1/;
			dstSubfolderSpec = 0;
			files = (
			);
			runOnlyForDeploymentPostprocessing = 1;
		};
		637C97DB221CFEFE00D29918 /* CopyFiles */ = {
			isa = PBXCopyFilesBuildPhase;
			buildActionMask = 2147483647;
			dstPath = /usr/share/man/man1/;
			dstSubfolderSpec = 0;
			files = (
			);
			runOnlyForDeploymentPostprocessing = 1;
		};
		63887B1B221FB6A90014A07A /* CopyFiles */ = {
			isa = PBXCopyFilesBuildPhase;
			buildActionMask = 2147483647;
			dstPath = /usr/share/man/man1/;
			dstSubfolderSpec = 0;
			files = (
			);
			runOnlyForDeploymentPostprocessing = 1;
		};
		63887B26221FB6AD0014A07A /* CopyFiles */ = {
			isa = PBXCopyFilesBuildPhase;
			buildActionMask = 2147483647;
			dstPath = /usr/share/man/man1/;
			dstSubfolderSpec = 0;
			files = (
			);
			runOnlyForDeploymentPostprocessing = 1;
		};
		63887B31221FB6B20014A07A /* CopyFiles */ = {
			isa = PBXCopyFilesBuildPhase;
			buildActionMask = 2147483647;
			dstPath = /usr/share/man/man1/;
			dstSubfolderSpec = 0;
			files = (
			);
			runOnlyForDeploymentPostprocessing = 1;
		};
		63887B3C221FB6B60014A07A /* CopyFiles */ = {
			isa = PBXCopyFilesBuildPhase;
			buildActionMask = 2147483647;
			dstPath = /usr/share/man/man1/;
			dstSubfolderSpec = 0;
			files = (
			);
			runOnlyForDeploymentPostprocessing = 1;
		};
		639EC8CD221B970800F72DD2 /* CopyFiles */ = {
			isa = PBXCopyFilesBuildPhase;
			buildActionMask = 2147483647;
			dstPath = /usr/share/man/man1/;
			dstSubfolderSpec = 0;
			files = (
			);
			runOnlyForDeploymentPostprocessing = 1;
		};
		639EC8D8221B99FA00F72DD2 /* CopyFiles */ = {
			isa = PBXCopyFilesBuildPhase;
			buildActionMask = 2147483647;
			dstPath = /usr/share/man/man1/;
			dstSubfolderSpec = 0;
			files = (
			);
			runOnlyForDeploymentPostprocessing = 1;
		};
		639EC930221BA88A00F72DD2 /* CopyFiles */ = {
			isa = PBXCopyFilesBuildPhase;
			buildActionMask = 2147483647;
			dstPath = /usr/share/man/man1/;
			dstSubfolderSpec = 0;
			files = (
			);
			runOnlyForDeploymentPostprocessing = 1;
		};
		63D620A52224E0E60088F0E0 /* CopyFiles */ = {
			isa = PBXCopyFilesBuildPhase;
			buildActionMask = 2147483647;
			dstPath = /usr/share/man/man1/;
			dstSubfolderSpec = 0;
			files = (
			);
			runOnlyForDeploymentPostprocessing = 1;
		};
		63D620BB2224E49A0088F0E0 /* CopyFiles */ = {
			isa = PBXCopyFilesBuildPhase;
			buildActionMask = 2147483647;
			dstPath = /usr/share/man/man1/;
			dstSubfolderSpec = 0;
			files = (
			);
			runOnlyForDeploymentPostprocessing = 1;
		};
		63D620C62224E49F0088F0E0 /* CopyFiles */ = {
			isa = PBXCopyFilesBuildPhase;
			buildActionMask = 2147483647;
			dstPath = /usr/share/man/man1/;
			dstSubfolderSpec = 0;
			files = (
			);
			runOnlyForDeploymentPostprocessing = 1;
		};
		63D620D12224E4A50088F0E0 /* CopyFiles */ = {
			isa = PBXCopyFilesBuildPhase;
			buildActionMask = 2147483647;
			dstPath = /usr/share/man/man1/;
			dstSubfolderSpec = 0;
			files = (
			);
			runOnlyForDeploymentPostprocessing = 1;
		};
		63D620DC2224E4AE0088F0E0 /* CopyFiles */ = {
			isa = PBXCopyFilesBuildPhase;
			buildActionMask = 2147483647;
			dstPath = /usr/share/man/man1/;
			dstSubfolderSpec = 0;
			files = (
			);
			runOnlyForDeploymentPostprocessing = 1;
		};
/* End PBXCopyFilesBuildPhase section */

/* Begin PBXFileReference section */
		6333AF35221E62B1001659A8 /* 2331 */ = {isa = PBXFileReference; explicitFileType = "compiled.mach-o.executable"; includeInIndex = 0; path = 2331; sourceTree = BUILT_PRODUCTS_DIR; };
		6333AF37221E62B1001659A8 /* main.swift */ = {isa = PBXFileReference; lastKnownFileType = sourcecode.swift; path = main.swift; sourceTree = "<group>"; };
		6333AF40221E62F1001659A8 /* 2438 */ = {isa = PBXFileReference; explicitFileType = "compiled.mach-o.executable"; includeInIndex = 0; path = 2438; sourceTree = BUILT_PRODUCTS_DIR; };
		6333AF42221E62F1001659A8 /* main.swift */ = {isa = PBXFileReference; lastKnownFileType = sourcecode.swift; path = main.swift; sourceTree = "<group>"; };
		6333AF4B221E62FB001659A8 /* 2439 */ = {isa = PBXFileReference; explicitFileType = "compiled.mach-o.executable"; includeInIndex = 0; path = 2439; sourceTree = BUILT_PRODUCTS_DIR; };
		6333AF4D221E62FB001659A8 /* main.swift */ = {isa = PBXFileReference; lastKnownFileType = sourcecode.swift; path = main.swift; sourceTree = "<group>"; };
		6333AF56221E6300001659A8 /* 2440 */ = {isa = PBXFileReference; explicitFileType = "compiled.mach-o.executable"; includeInIndex = 0; path = 2440; sourceTree = BUILT_PRODUCTS_DIR; };
		6333AF58221E6300001659A8 /* main.swift */ = {isa = PBXFileReference; lastKnownFileType = sourcecode.swift; path = main.swift; sourceTree = "<group>"; };
		633F072C221659C800648EF3 /* Problem_2000_2999 */ = {isa = PBXFileReference; explicitFileType = "compiled.mach-o.executable"; includeInIndex = 0; path = Problem_2000_2999; sourceTree = BUILT_PRODUCTS_DIR; };
		633F072F221659C800648EF3 /* main.swift */ = {isa = PBXFileReference; lastKnownFileType = sourcecode.swift; path = main.swift; sourceTree = "<group>"; };
		633F073A221659D300648EF3 /* 2979 */ = {isa = PBXFileReference; explicitFileType = "compiled.mach-o.executable"; includeInIndex = 0; path = 2979; sourceTree = BUILT_PRODUCTS_DIR; };
		633F073C221659D300648EF3 /* main.swift */ = {isa = PBXFileReference; lastKnownFileType = sourcecode.swift; path = main.swift; sourceTree = "<group>"; };
		634F4FCD2223B0DC00137F51 /* 2985 */ = {isa = PBXFileReference; explicitFileType = "compiled.mach-o.executable"; includeInIndex = 0; path = 2985; sourceTree = BUILT_PRODUCTS_DIR; };
		634F4FCF2223B0DC00137F51 /* main.swift */ = {isa = PBXFileReference; lastKnownFileType = sourcecode.swift; path = main.swift; sourceTree = "<group>"; };
		634F4FD82223B16900137F51 /* 2445 */ = {isa = PBXFileReference; explicitFileType = "compiled.mach-o.executable"; includeInIndex = 0; path = 2445; sourceTree = BUILT_PRODUCTS_DIR; };
		634F4FDA2223B16900137F51 /* main.swift */ = {isa = PBXFileReference; lastKnownFileType = sourcecode.swift; path = main.swift; sourceTree = "<group>"; };
		634F4FE32223B16E00137F51 /* 2446 */ = {isa = PBXFileReference; explicitFileType = "compiled.mach-o.executable"; includeInIndex = 0; path = 2446; sourceTree = BUILT_PRODUCTS_DIR; };
		634F4FE52223B16E00137F51 /* main.swift */ = {isa = PBXFileReference; lastKnownFileType = sourcecode.swift; path = main.swift; sourceTree = "<group>"; };
		634F4FEE2223B17400137F51 /* 2455 */ = {isa = PBXFileReference; explicitFileType = "compiled.mach-o.executable"; includeInIndex = 0; path = 2455; sourceTree = BUILT_PRODUCTS_DIR; };
		634F4FF02223B17400137F51 /* main.swift */ = {isa = PBXFileReference; lastKnownFileType = sourcecode.swift; path = main.swift; sourceTree = "<group>"; };
		634F4FF92223B17900137F51 /* 2460 */ = {isa = PBXFileReference; explicitFileType = "compiled.mach-o.executable"; includeInIndex = 0; path = 2460; sourceTree = BUILT_PRODUCTS_DIR; };
		634F4FFB2223B17A00137F51 /* main.swift */ = {isa = PBXFileReference; lastKnownFileType = sourcecode.swift; path = main.swift; sourceTree = "<group>"; };
		637C979B221CEFC600D29918 /* 2525 */ = {isa = PBXFileReference; explicitFileType = "compiled.mach-o.executable"; includeInIndex = 0; path = 2525; sourceTree = BUILT_PRODUCTS_DIR; };
		637C979D221CEFC600D29918 /* main.swift */ = {isa = PBXFileReference; lastKnownFileType = sourcecode.swift; path = main.swift; sourceTree = "<group>"; };
		637C97A6221CF1BC00D29918 /* 2420 */ = {isa = PBXFileReference; explicitFileType = "compiled.mach-o.executable"; includeInIndex = 0; path = 2420; sourceTree = BUILT_PRODUCTS_DIR; };
		637C97A8221CF1BC00D29918 /* main.swift */ = {isa = PBXFileReference; lastKnownFileType = sourcecode.swift; path = main.swift; sourceTree = "<group>"; };
		637C97BC221CFEDC00D29918 /* 2161 */ = {isa = PBXFileReference; explicitFileType = "compiled.mach-o.executable"; includeInIndex = 0; path = 2161; sourceTree = BUILT_PRODUCTS_DIR; };
		637C97BE221CFEDC00D29918 /* main.swift */ = {isa = PBXFileReference; lastKnownFileType = sourcecode.swift; path = main.swift; sourceTree = "<group>"; };
		637C97C7221CFEF400D29918 /* 2163 */ = {isa = PBXFileReference; explicitFileType = "compiled.mach-o.executable"; includeInIndex = 0; path = 2163; sourceTree = BUILT_PRODUCTS_DIR; };
		637C97C9221CFEF400D29918 /* main.swift */ = {isa = PBXFileReference; lastKnownFileType = sourcecode.swift; path = main.swift; sourceTree = "<group>"; };
		637C97D2221CFEF900D29918 /* 2292 */ = {isa = PBXFileReference; explicitFileType = "compiled.mach-o.executable"; includeInIndex = 0; path = 2292; sourceTree = BUILT_PRODUCTS_DIR; };
		637C97D4221CFEF900D29918 /* main.swift */ = {isa = PBXFileReference; lastKnownFileType = sourcecode.swift; path = main.swift; sourceTree = "<group>"; };
		637C97DD221CFEFE00D29918 /* 2309 */ = {isa = PBXFileReference; explicitFileType = "compiled.mach-o.executable"; includeInIndex = 0; path = 2309; sourceTree = BUILT_PRODUCTS_DIR; };
		637C97DF221CFEFE00D29918 /* main.swift */ = {isa = PBXFileReference; lastKnownFileType = sourcecode.swift; path = main.swift; sourceTree = "<group>"; };
		63887B1D221FB6A90014A07A /* 2441 */ = {isa = PBXFileReference; explicitFileType = "compiled.mach-o.executable"; includeInIndex = 0; path = 2441; sourceTree = BUILT_PRODUCTS_DIR; };
		63887B1F221FB6A90014A07A /* main.swift */ = {isa = PBXFileReference; lastKnownFileType = sourcecode.swift; path = main.swift; sourceTree = "<group>"; };
		63887B28221FB6AD0014A07A /* 2442 */ = {isa = PBXFileReference; explicitFileType = "compiled.mach-o.executable"; includeInIndex = 0; path = 2442; sourceTree = BUILT_PRODUCTS_DIR; };
		63887B2A221FB6AD0014A07A /* main.swift */ = {isa = PBXFileReference; lastKnownFileType = sourcecode.swift; path = main.swift; sourceTree = "<group>"; };
		63887B33221FB6B20014A07A /* 2443 */ = {isa = PBXFileReference; explicitFileType = "compiled.mach-o.executable"; includeInIndex = 0; path = 2443; sourceTree = BUILT_PRODUCTS_DIR; };
		63887B35221FB6B20014A07A /* main.swift */ = {isa = PBXFileReference; lastKnownFileType = sourcecode.swift; path = main.swift; sourceTree = "<group>"; };
		63887B3E221FB6B60014A07A /* 2444 */ = {isa = PBXFileReference; explicitFileType = "compiled.mach-o.executable"; includeInIndex = 0; path = 2444; sourceTree = BUILT_PRODUCTS_DIR; };
		63887B40221FB6B60014A07A /* main.swift */ = {isa = PBXFileReference; lastKnownFileType = sourcecode.swift; path = main.swift; sourceTree = "<group>"; };
		639EC8CF221B970800F72DD2 /* 2822 */ = {isa = PBXFileReference; explicitFileType = "compiled.mach-o.executable"; includeInIndex = 0; path = 2822; sourceTree = BUILT_PRODUCTS_DIR; };
		639EC8D1221B970800F72DD2 /* main.swift */ = {isa = PBXFileReference; lastKnownFileType = sourcecode.swift; path = main.swift; sourceTree = "<group>"; };
		639EC8DA221B99FA00F72DD2 /* 2563 */ = {isa = PBXFileReference; explicitFileType = "compiled.mach-o.executable"; includeInIndex = 0; path = 2563; sourceTree = BUILT_PRODUCTS_DIR; };
		639EC8DC221B99FA00F72DD2 /* main.swift */ = {isa = PBXFileReference; lastKnownFileType = sourcecode.swift; path = main.swift; sourceTree = "<group>"; };
		639EC932221BA88A00F72DD2 /* 2010 */ = {isa = PBXFileReference; explicitFileType = "compiled.mach-o.executable"; includeInIndex = 0; path = 2010; sourceTree = BUILT_PRODUCTS_DIR; };
		639EC934221BA88A00F72DD2 /* main.swift */ = {isa = PBXFileReference; lastKnownFileType = sourcecode.swift; path = main.swift; sourceTree = "<group>"; };
		63D620A72224E0E60088F0E0 /* 2947 */ = {isa = PBXFileReference; explicitFileType = "compiled.mach-o.executable"; includeInIndex = 0; path = 2947; sourceTree = BUILT_PRODUCTS_DIR; };
		63D620A92224E0E60088F0E0 /* main.swift */ = {isa = PBXFileReference; lastKnownFileType = sourcecode.swift; path = main.swift; sourceTree = "<group>"; };
		63D620BD2224E49A0088F0E0 /* 2475 */ = {isa = PBXFileReference; explicitFileType = "compiled.mach-o.executable"; includeInIndex = 0; path = 2475; sourceTree = BUILT_PRODUCTS_DIR; };
		63D620BF2224E49A0088F0E0 /* main.swift */ = {isa = PBXFileReference; lastKnownFileType = sourcecode.swift; path = main.swift; sourceTree = "<group>"; };
		63D620C82224E49F0088F0E0 /* 2476 */ = {isa = PBXFileReference; explicitFileType = "compiled.mach-o.executable"; includeInIndex = 0; path = 2476; sourceTree = BUILT_PRODUCTS_DIR; };
		63D620CA2224E49F0088F0E0 /* main.swift */ = {isa = PBXFileReference; lastKnownFileType = sourcecode.swift; path = main.swift; sourceTree = "<group>"; };
		63D620D32224E4A50088F0E0 /* 2480 */ = {isa = PBXFileReference; explicitFileType = "compiled.mach-o.executable"; includeInIndex = 0; path = 2480; sourceTree = BUILT_PRODUCTS_DIR; };
		63D620D52224E4A50088F0E0 /* main.swift */ = {isa = PBXFileReference; lastKnownFileType = sourcecode.swift; path = main.swift; sourceTree = "<group>"; };
		63D620DE2224E4AE0088F0E0 /* 2490 */ = {isa = PBXFileReference; explicitFileType = "compiled.mach-o.executable"; includeInIndex = 0; path = 2490; sourceTree = BUILT_PRODUCTS_DIR; };
		63D620E02224E4AE0088F0E0 /* main.swift */ = {isa = PBXFileReference; lastKnownFileType = sourcecode.swift; path = main.swift; sourceTree = "<group>"; };
/* End PBXFileReference section */

/* Begin PBXFrameworksBuildPhase section */
		6333AF32221E62B1001659A8 /* Frameworks */ = {
			isa = PBXFrameworksBuildPhase;
			buildActionMask = 2147483647;
			files = (
			);
			runOnlyForDeploymentPostprocessing = 0;
		};
		6333AF3D221E62F1001659A8 /* Frameworks */ = {
			isa = PBXFrameworksBuildPhase;
			buildActionMask = 2147483647;
			files = (
			);
			runOnlyForDeploymentPostprocessing = 0;
		};
		6333AF48221E62FB001659A8 /* Frameworks */ = {
			isa = PBXFrameworksBuildPhase;
			buildActionMask = 2147483647;
			files = (
			);
			runOnlyForDeploymentPostprocessing = 0;
		};
		6333AF53221E6300001659A8 /* Frameworks */ = {
			isa = PBXFrameworksBuildPhase;
			buildActionMask = 2147483647;
			files = (
			);
			runOnlyForDeploymentPostprocessing = 0;
		};
		633F0729221659C800648EF3 /* Frameworks */ = {
			isa = PBXFrameworksBuildPhase;
			buildActionMask = 2147483647;
			files = (
			);
			runOnlyForDeploymentPostprocessing = 0;
		};
		633F0737221659D300648EF3 /* Frameworks */ = {
			isa = PBXFrameworksBuildPhase;
			buildActionMask = 2147483647;
			files = (
			);
			runOnlyForDeploymentPostprocessing = 0;
		};
		634F4FCA2223B0DC00137F51 /* Frameworks */ = {
			isa = PBXFrameworksBuildPhase;
			buildActionMask = 2147483647;
			files = (
			);
			runOnlyForDeploymentPostprocessing = 0;
		};
		634F4FD52223B16900137F51 /* Frameworks */ = {
			isa = PBXFrameworksBuildPhase;
			buildActionMask = 2147483647;
			files = (
			);
			runOnlyForDeploymentPostprocessing = 0;
		};
		634F4FE02223B16E00137F51 /* Frameworks */ = {
			isa = PBXFrameworksBuildPhase;
			buildActionMask = 2147483647;
			files = (
			);
			runOnlyForDeploymentPostprocessing = 0;
		};
		634F4FEB2223B17400137F51 /* Frameworks */ = {
			isa = PBXFrameworksBuildPhase;
			buildActionMask = 2147483647;
			files = (
			);
			runOnlyForDeploymentPostprocessing = 0;
		};
		634F4FF62223B17900137F51 /* Frameworks */ = {
			isa = PBXFrameworksBuildPhase;
			buildActionMask = 2147483647;
			files = (
			);
			runOnlyForDeploymentPostprocessing = 0;
		};
		637C9798221CEFC600D29918 /* Frameworks */ = {
			isa = PBXFrameworksBuildPhase;
			buildActionMask = 2147483647;
			files = (
			);
			runOnlyForDeploymentPostprocessing = 0;
		};
		637C97A3221CF1BC00D29918 /* Frameworks */ = {
			isa = PBXFrameworksBuildPhase;
			buildActionMask = 2147483647;
			files = (
			);
			runOnlyForDeploymentPostprocessing = 0;
		};
		637C97B9221CFEDC00D29918 /* Frameworks */ = {
			isa = PBXFrameworksBuildPhase;
			buildActionMask = 2147483647;
			files = (
			);
			runOnlyForDeploymentPostprocessing = 0;
		};
		637C97C4221CFEF400D29918 /* Frameworks */ = {
			isa = PBXFrameworksBuildPhase;
			buildActionMask = 2147483647;
			files = (
			);
			runOnlyForDeploymentPostprocessing = 0;
		};
		637C97CF221CFEF900D29918 /* Frameworks */ = {
			isa = PBXFrameworksBuildPhase;
			buildActionMask = 2147483647;
			files = (
			);
			runOnlyForDeploymentPostprocessing = 0;
		};
		637C97DA221CFEFE00D29918 /* Frameworks */ = {
			isa = PBXFrameworksBuildPhase;
			buildActionMask = 2147483647;
			files = (
			);
			runOnlyForDeploymentPostprocessing = 0;
		};
		63887B1A221FB6A90014A07A /* Frameworks */ = {
			isa = PBXFrameworksBuildPhase;
			buildActionMask = 2147483647;
			files = (
			);
			runOnlyForDeploymentPostprocessing = 0;
		};
		63887B25221FB6AD0014A07A /* Frameworks */ = {
			isa = PBXFrameworksBuildPhase;
			buildActionMask = 2147483647;
			files = (
			);
			runOnlyForDeploymentPostprocessing = 0;
		};
		63887B30221FB6B20014A07A /* Frameworks */ = {
			isa = PBXFrameworksBuildPhase;
			buildActionMask = 2147483647;
			files = (
			);
			runOnlyForDeploymentPostprocessing = 0;
		};
		63887B3B221FB6B60014A07A /* Frameworks */ = {
			isa = PBXFrameworksBuildPhase;
			buildActionMask = 2147483647;
			files = (
			);
			runOnlyForDeploymentPostprocessing = 0;
		};
		639EC8CC221B970800F72DD2 /* Frameworks */ = {
			isa = PBXFrameworksBuildPhase;
			buildActionMask = 2147483647;
			files = (
			);
			runOnlyForDeploymentPostprocessing = 0;
		};
		639EC8D7221B99FA00F72DD2 /* Frameworks */ = {
			isa = PBXFrameworksBuildPhase;
			buildActionMask = 2147483647;
			files = (
			);
			runOnlyForDeploymentPostprocessing = 0;
		};
		639EC92F221BA88A00F72DD2 /* Frameworks */ = {
			isa = PBXFrameworksBuildPhase;
			buildActionMask = 2147483647;
			files = (
			);
			runOnlyForDeploymentPostprocessing = 0;
		};
		63D620A42224E0E60088F0E0 /* Frameworks */ = {
			isa = PBXFrameworksBuildPhase;
			buildActionMask = 2147483647;
			files = (
			);
			runOnlyForDeploymentPostprocessing = 0;
		};
		63D620BA2224E49A0088F0E0 /* Frameworks */ = {
			isa = PBXFrameworksBuildPhase;
			buildActionMask = 2147483647;
			files = (
			);
			runOnlyForDeploymentPostprocessing = 0;
		};
		63D620C52224E49F0088F0E0 /* Frameworks */ = {
			isa = PBXFrameworksBuildPhase;
			buildActionMask = 2147483647;
			files = (
			);
			runOnlyForDeploymentPostprocessing = 0;
		};
		63D620D02224E4A50088F0E0 /* Frameworks */ = {
			isa = PBXFrameworksBuildPhase;
			buildActionMask = 2147483647;
			files = (
			);
			runOnlyForDeploymentPostprocessing = 0;
		};
		63D620DB2224E4AE0088F0E0 /* Frameworks */ = {
			isa = PBXFrameworksBuildPhase;
			buildActionMask = 2147483647;
			files = (
			);
			runOnlyForDeploymentPostprocessing = 0;
		};
/* End PBXFrameworksBuildPhase section */

/* Begin PBXGroup section */
		6333AF36221E62B1001659A8 /* 2331 */ = {
			isa = PBXGroup;
			children = (
				6333AF37221E62B1001659A8 /* main.swift */,
			);
			path = 2331;
			sourceTree = "<group>";
		};
		6333AF41221E62F1001659A8 /* 2438 */ = {
			isa = PBXGroup;
			children = (
				6333AF42221E62F1001659A8 /* main.swift */,
			);
			path = 2438;
			sourceTree = "<group>";
		};
		6333AF4C221E62FB001659A8 /* 2439 */ = {
			isa = PBXGroup;
			children = (
				6333AF4D221E62FB001659A8 /* main.swift */,
			);
			path = 2439;
			sourceTree = "<group>";
		};
		6333AF57221E6300001659A8 /* 2440 */ = {
			isa = PBXGroup;
			children = (
				6333AF58221E6300001659A8 /* main.swift */,
			);
			path = 2440;
			sourceTree = "<group>";
		};
		633F0723221659C800648EF3 = {
			isa = PBXGroup;
			children = (
				633F072E221659C800648EF3 /* Problem_2000_2999 */,
				639EC933221BA88A00F72DD2 /* 2010 */,
				637C97BD221CFEDC00D29918 /* 2161 */,
				637C97C8221CFEF400D29918 /* 2163 */,
				637C97D3221CFEF900D29918 /* 2292 */,
				637C97DE221CFEFE00D29918 /* 2309 */,
				6333AF36221E62B1001659A8 /* 2331 */,
				637C97A7221CF1BC00D29918 /* 2420 */,
				6333AF41221E62F1001659A8 /* 2438 */,
				6333AF4C221E62FB001659A8 /* 2439 */,
				6333AF57221E6300001659A8 /* 2440 */,
				63887B1E221FB6A90014A07A /* 2441 */,
				63887B29221FB6AD0014A07A /* 2442 */,
				63887B34221FB6B20014A07A /* 2443 */,
				63887B3F221FB6B60014A07A /* 2444 */,
				634F4FD92223B16900137F51 /* 2445 */,
				634F4FE42223B16E00137F51 /* 2446 */,
				634F4FEF2223B17400137F51 /* 2455 */,
				634F4FFA2223B17A00137F51 /* 2460 */,
				63D620BE2224E49A0088F0E0 /* 2475 */,
				63D620C92224E49F0088F0E0 /* 2476 */,
				63D620D42224E4A50088F0E0 /* 2480 */,
				63D620DF2224E4AE0088F0E0 /* 2490 */,
				637C979C221CEFC600D29918 /* 2525 */,
				639EC8DB221B99FA00F72DD2 /* 2563 */,
				639EC8D0221B970800F72DD2 /* 2822 */,
				63D620A82224E0E60088F0E0 /* 2947 */,
				633F073B221659D300648EF3 /* 2979 */,
				634F4FCE2223B0DC00137F51 /* 2985 */,
				633F072D221659C800648EF3 /* Products */,
			);
			sourceTree = "<group>";
		};
		633F072D221659C800648EF3 /* Products */ = {
			isa = PBXGroup;
			children = (
				633F072C221659C800648EF3 /* Problem_2000_2999 */,
				633F073A221659D300648EF3 /* 2979 */,
				639EC8CF221B970800F72DD2 /* 2822 */,
				639EC8DA221B99FA00F72DD2 /* 2563 */,
				639EC932221BA88A00F72DD2 /* 2010 */,
				637C979B221CEFC600D29918 /* 2525 */,
				637C97A6221CF1BC00D29918 /* 2420 */,
				637C97BC221CFEDC00D29918 /* 2161 */,
				637C97C7221CFEF400D29918 /* 2163 */,
				637C97D2221CFEF900D29918 /* 2292 */,
				637C97DD221CFEFE00D29918 /* 2309 */,
				6333AF35221E62B1001659A8 /* 2331 */,
				6333AF40221E62F1001659A8 /* 2438 */,
				6333AF4B221E62FB001659A8 /* 2439 */,
				6333AF56221E6300001659A8 /* 2440 */,
				63887B1D221FB6A90014A07A /* 2441 */,
				63887B28221FB6AD0014A07A /* 2442 */,
				63887B33221FB6B20014A07A /* 2443 */,
				63887B3E221FB6B60014A07A /* 2444 */,
				634F4FCD2223B0DC00137F51 /* 2985 */,
				634F4FD82223B16900137F51 /* 2445 */,
				634F4FE32223B16E00137F51 /* 2446 */,
				634F4FEE2223B17400137F51 /* 2455 */,
				634F4FF92223B17900137F51 /* 2460 */,
				63D620A72224E0E60088F0E0 /* 2947 */,
				63D620BD2224E49A0088F0E0 /* 2475 */,
				63D620C82224E49F0088F0E0 /* 2476 */,
				63D620D32224E4A50088F0E0 /* 2480 */,
				63D620DE2224E4AE0088F0E0 /* 2490 */,
			);
			name = Products;
			sourceTree = "<group>";
		};
		633F072E221659C800648EF3 /* Problem_2000_2999 */ = {
			isa = PBXGroup;
			children = (
				633F072F221659C800648EF3 /* main.swift */,
			);
			path = Problem_2000_2999;
			sourceTree = "<group>";
		};
		633F073B221659D300648EF3 /* 2979 */ = {
			isa = PBXGroup;
			children = (
				633F073C221659D300648EF3 /* main.swift */,
			);
			path = 2979;
			sourceTree = "<group>";
		};
		634F4FCE2223B0DC00137F51 /* 2985 */ = {
			isa = PBXGroup;
			children = (
				634F4FCF2223B0DC00137F51 /* main.swift */,
			);
			path = 2985;
			sourceTree = "<group>";
		};
		634F4FD92223B16900137F51 /* 2445 */ = {
			isa = PBXGroup;
			children = (
				634F4FDA2223B16900137F51 /* main.swift */,
			);
			path = 2445;
			sourceTree = "<group>";
		};
		634F4FE42223B16E00137F51 /* 2446 */ = {
			isa = PBXGroup;
			children = (
				634F4FE52223B16E00137F51 /* main.swift */,
			);
			path = 2446;
			sourceTree = "<group>";
		};
		634F4FEF2223B17400137F51 /* 2455 */ = {
			isa = PBXGroup;
			children = (
				634F4FF02223B17400137F51 /* main.swift */,
			);
			path = 2455;
			sourceTree = "<group>";
		};
		634F4FFA2223B17A00137F51 /* 2460 */ = {
			isa = PBXGroup;
			children = (
				634F4FFB2223B17A00137F51 /* main.swift */,
			);
			path = 2460;
			sourceTree = "<group>";
		};
		637C979C221CEFC600D29918 /* 2525 */ = {
			isa = PBXGroup;
			children = (
				637C979D221CEFC600D29918 /* main.swift */,
			);
			path = 2525;
			sourceTree = "<group>";
		};
		637C97A7221CF1BC00D29918 /* 2420 */ = {
			isa = PBXGroup;
			children = (
				637C97A8221CF1BC00D29918 /* main.swift */,
			);
			path = 2420;
			sourceTree = "<group>";
		};
		637C97BD221CFEDC00D29918 /* 2161 */ = {
			isa = PBXGroup;
			children = (
				637C97BE221CFEDC00D29918 /* main.swift */,
			);
			path = 2161;
			sourceTree = "<group>";
		};
		637C97C8221CFEF400D29918 /* 2163 */ = {
			isa = PBXGroup;
			children = (
				637C97C9221CFEF400D29918 /* main.swift */,
			);
			path = 2163;
			sourceTree = "<group>";
		};
		637C97D3221CFEF900D29918 /* 2292 */ = {
			isa = PBXGroup;
			children = (
				637C97D4221CFEF900D29918 /* main.swift */,
			);
			path = 2292;
			sourceTree = "<group>";
		};
		637C97DE221CFEFE00D29918 /* 2309 */ = {
			isa = PBXGroup;
			children = (
				637C97DF221CFEFE00D29918 /* main.swift */,
			);
			path = 2309;
			sourceTree = "<group>";
		};
		63887B1E221FB6A90014A07A /* 2441 */ = {
			isa = PBXGroup;
			children = (
				63887B1F221FB6A90014A07A /* main.swift */,
			);
			path = 2441;
			sourceTree = "<group>";
		};
		63887B29221FB6AD0014A07A /* 2442 */ = {
			isa = PBXGroup;
			children = (
				63887B2A221FB6AD0014A07A /* main.swift */,
			);
			path = 2442;
			sourceTree = "<group>";
		};
		63887B34221FB6B20014A07A /* 2443 */ = {
			isa = PBXGroup;
			children = (
				63887B35221FB6B20014A07A /* main.swift */,
			);
			path = 2443;
			sourceTree = "<group>";
		};
		63887B3F221FB6B60014A07A /* 2444 */ = {
			isa = PBXGroup;
			children = (
				63887B40221FB6B60014A07A /* main.swift */,
			);
			path = 2444;
			sourceTree = "<group>";
		};
		639EC8D0221B970800F72DD2 /* 2822 */ = {
			isa = PBXGroup;
			children = (
				639EC8D1221B970800F72DD2 /* main.swift */,
			);
			path = 2822;
			sourceTree = "<group>";
		};
		639EC8DB221B99FA00F72DD2 /* 2563 */ = {
			isa = PBXGroup;
			children = (
				639EC8DC221B99FA00F72DD2 /* main.swift */,
			);
			path = 2563;
			sourceTree = "<group>";
		};
		639EC933221BA88A00F72DD2 /* 2010 */ = {
			isa = PBXGroup;
			children = (
				639EC934221BA88A00F72DD2 /* main.swift */,
			);
			path = 2010;
			sourceTree = "<group>";
		};
		63D620A82224E0E60088F0E0 /* 2947 */ = {
			isa = PBXGroup;
			children = (
				63D620A92224E0E60088F0E0 /* main.swift */,
			);
			path = 2947;
			sourceTree = "<group>";
		};
		63D620BE2224E49A0088F0E0 /* 2475 */ = {
			isa = PBXGroup;
			children = (
				63D620BF2224E49A0088F0E0 /* main.swift */,
			);
			path = 2475;
			sourceTree = "<group>";
		};
		63D620C92224E49F0088F0E0 /* 2476 */ = {
			isa = PBXGroup;
			children = (
				63D620CA2224E49F0088F0E0 /* main.swift */,
			);
			path = 2476;
			sourceTree = "<group>";
		};
		63D620D42224E4A50088F0E0 /* 2480 */ = {
			isa = PBXGroup;
			children = (
				63D620D52224E4A50088F0E0 /* main.swift */,
			);
			path = 2480;
			sourceTree = "<group>";
		};
		63D620DF2224E4AE0088F0E0 /* 2490 */ = {
			isa = PBXGroup;
			children = (
				63D620E02224E4AE0088F0E0 /* main.swift */,
			);
			path = 2490;
			sourceTree = "<group>";
		};
/* End PBXGroup section */

/* Begin PBXNativeTarget section */
		6333AF34221E62B1001659A8 /* 2331 */ = {
			isa = PBXNativeTarget;
			buildConfigurationList = 6333AF3B221E62B1001659A8 /* Build configuration list for PBXNativeTarget "2331" */;
			buildPhases = (
				6333AF31221E62B1001659A8 /* Sources */,
				6333AF32221E62B1001659A8 /* Frameworks */,
				6333AF33221E62B1001659A8 /* CopyFiles */,
			);
			buildRules = (
			);
			dependencies = (
			);
			name = 2331;
			productName = 2331;
			productReference = 6333AF35221E62B1001659A8 /* 2331 */;
			productType = "com.apple.product-type.tool";
		};
		6333AF3F221E62F1001659A8 /* 2438 */ = {
			isa = PBXNativeTarget;
			buildConfigurationList = 6333AF44221E62F1001659A8 /* Build configuration list for PBXNativeTarget "2438" */;
			buildPhases = (
				6333AF3C221E62F1001659A8 /* Sources */,
				6333AF3D221E62F1001659A8 /* Frameworks */,
				6333AF3E221E62F1001659A8 /* CopyFiles */,
			);
			buildRules = (
			);
			dependencies = (
			);
			name = 2438;
			productName = 2438;
			productReference = 6333AF40221E62F1001659A8 /* 2438 */;
			productType = "com.apple.product-type.tool";
		};
		6333AF4A221E62FB001659A8 /* 2439 */ = {
			isa = PBXNativeTarget;
			buildConfigurationList = 6333AF4F221E62FB001659A8 /* Build configuration list for PBXNativeTarget "2439" */;
			buildPhases = (
				6333AF47221E62FB001659A8 /* Sources */,
				6333AF48221E62FB001659A8 /* Frameworks */,
				6333AF49221E62FB001659A8 /* CopyFiles */,
			);
			buildRules = (
			);
			dependencies = (
			);
			name = 2439;
			productName = 2439;
			productReference = 6333AF4B221E62FB001659A8 /* 2439 */;
			productType = "com.apple.product-type.tool";
		};
		6333AF55221E6300001659A8 /* 2440 */ = {
			isa = PBXNativeTarget;
			buildConfigurationList = 6333AF5A221E6300001659A8 /* Build configuration list for PBXNativeTarget "2440" */;
			buildPhases = (
				6333AF52221E6300001659A8 /* Sources */,
				6333AF53221E6300001659A8 /* Frameworks */,
				6333AF54221E6300001659A8 /* CopyFiles */,
			);
			buildRules = (
			);
			dependencies = (
			);
			name = 2440;
			productName = 2440;
			productReference = 6333AF56221E6300001659A8 /* 2440 */;
			productType = "com.apple.product-type.tool";
		};
		633F072B221659C800648EF3 /* Problem_2000_2999 */ = {
			isa = PBXNativeTarget;
			buildConfigurationList = 633F0733221659C800648EF3 /* Build configuration list for PBXNativeTarget "Problem_2000_2999" */;
			buildPhases = (
				633F0728221659C800648EF3 /* Sources */,
				633F0729221659C800648EF3 /* Frameworks */,
				633F072A221659C800648EF3 /* CopyFiles */,
			);
			buildRules = (
			);
			dependencies = (
			);
			name = Problem_2000_2999;
			productName = Problem_2000_2999;
			productReference = 633F072C221659C800648EF3 /* Problem_2000_2999 */;
			productType = "com.apple.product-type.tool";
		};
		633F0739221659D300648EF3 /* 2979 */ = {
			isa = PBXNativeTarget;
			buildConfigurationList = 633F073E221659D300648EF3 /* Build configuration list for PBXNativeTarget "2979" */;
			buildPhases = (
				633F0736221659D300648EF3 /* Sources */,
				633F0737221659D300648EF3 /* Frameworks */,
				633F0738221659D300648EF3 /* CopyFiles */,
			);
			buildRules = (
			);
			dependencies = (
			);
			name = 2979;
			productName = 2979;
			productReference = 633F073A221659D300648EF3 /* 2979 */;
			productType = "com.apple.product-type.tool";
		};
		634F4FCC2223B0DC00137F51 /* 2985 */ = {
			isa = PBXNativeTarget;
			buildConfigurationList = 634F4FD32223B0DC00137F51 /* Build configuration list for PBXNativeTarget "2985" */;
			buildPhases = (
				634F4FC92223B0DC00137F51 /* Sources */,
				634F4FCA2223B0DC00137F51 /* Frameworks */,
				634F4FCB2223B0DC00137F51 /* CopyFiles */,
			);
			buildRules = (
			);
			dependencies = (
			);
			name = 2985;
			productName = 2985;
			productReference = 634F4FCD2223B0DC00137F51 /* 2985 */;
			productType = "com.apple.product-type.tool";
		};
		634F4FD72223B16900137F51 /* 2445 */ = {
			isa = PBXNativeTarget;
			buildConfigurationList = 634F4FDE2223B16900137F51 /* Build configuration list for PBXNativeTarget "2445" */;
			buildPhases = (
				634F4FD42223B16900137F51 /* Sources */,
				634F4FD52223B16900137F51 /* Frameworks */,
				634F4FD62223B16900137F51 /* CopyFiles */,
			);
			buildRules = (
			);
			dependencies = (
			);
			name = 2445;
			productName = 2445;
			productReference = 634F4FD82223B16900137F51 /* 2445 */;
			productType = "com.apple.product-type.tool";
		};
		634F4FE22223B16E00137F51 /* 2446 */ = {
			isa = PBXNativeTarget;
			buildConfigurationList = 634F4FE72223B16E00137F51 /* Build configuration list for PBXNativeTarget "2446" */;
			buildPhases = (
				634F4FDF2223B16E00137F51 /* Sources */,
				634F4FE02223B16E00137F51 /* Frameworks */,
				634F4FE12223B16E00137F51 /* CopyFiles */,
			);
			buildRules = (
			);
			dependencies = (
			);
			name = 2446;
			productName = 2446;
			productReference = 634F4FE32223B16E00137F51 /* 2446 */;
			productType = "com.apple.product-type.tool";
		};
		634F4FED2223B17400137F51 /* 2455 */ = {
			isa = PBXNativeTarget;
			buildConfigurationList = 634F4FF22223B17400137F51 /* Build configuration list for PBXNativeTarget "2455" */;
			buildPhases = (
				634F4FEA2223B17400137F51 /* Sources */,
				634F4FEB2223B17400137F51 /* Frameworks */,
				634F4FEC2223B17400137F51 /* CopyFiles */,
			);
			buildRules = (
			);
			dependencies = (
			);
			name = 2455;
			productName = 2455;
			productReference = 634F4FEE2223B17400137F51 /* 2455 */;
			productType = "com.apple.product-type.tool";
		};
		634F4FF82223B17900137F51 /* 2460 */ = {
			isa = PBXNativeTarget;
			buildConfigurationList = 634F4FFD2223B17A00137F51 /* Build configuration list for PBXNativeTarget "2460" */;
			buildPhases = (
				634F4FF52223B17900137F51 /* Sources */,
				634F4FF62223B17900137F51 /* Frameworks */,
				634F4FF72223B17900137F51 /* CopyFiles */,
			);
			buildRules = (
			);
			dependencies = (
			);
			name = 2460;
			productName = 2460;
			productReference = 634F4FF92223B17900137F51 /* 2460 */;
			productType = "com.apple.product-type.tool";
		};
		637C979A221CEFC600D29918 /* 2525 */ = {
			isa = PBXNativeTarget;
			buildConfigurationList = 637C97A1221CEFC600D29918 /* Build configuration list for PBXNativeTarget "2525" */;
			buildPhases = (
				637C9797221CEFC600D29918 /* Sources */,
				637C9798221CEFC600D29918 /* Frameworks */,
				637C9799221CEFC600D29918 /* CopyFiles */,
			);
			buildRules = (
			);
			dependencies = (
			);
			name = 2525;
			productName = 2525;
			productReference = 637C979B221CEFC600D29918 /* 2525 */;
			productType = "com.apple.product-type.tool";
		};
		637C97A5221CF1BC00D29918 /* 2420 */ = {
			isa = PBXNativeTarget;
			buildConfigurationList = 637C97AC221CF1BC00D29918 /* Build configuration list for PBXNativeTarget "2420" */;
			buildPhases = (
				637C97A2221CF1BC00D29918 /* Sources */,
				637C97A3221CF1BC00D29918 /* Frameworks */,
				637C97A4221CF1BC00D29918 /* CopyFiles */,
			);
			buildRules = (
			);
			dependencies = (
			);
			name = 2420;
			productName = 2420;
			productReference = 637C97A6221CF1BC00D29918 /* 2420 */;
			productType = "com.apple.product-type.tool";
		};
		637C97BB221CFEDC00D29918 /* 2161 */ = {
			isa = PBXNativeTarget;
			buildConfigurationList = 637C97C2221CFEDC00D29918 /* Build configuration list for PBXNativeTarget "2161" */;
			buildPhases = (
				637C97B8221CFEDC00D29918 /* Sources */,
				637C97B9221CFEDC00D29918 /* Frameworks */,
				637C97BA221CFEDC00D29918 /* CopyFiles */,
			);
			buildRules = (
			);
			dependencies = (
			);
			name = 2161;
			productName = 2161;
			productReference = 637C97BC221CFEDC00D29918 /* 2161 */;
			productType = "com.apple.product-type.tool";
		};
		637C97C6221CFEF400D29918 /* 2163 */ = {
			isa = PBXNativeTarget;
			buildConfigurationList = 637C97CB221CFEF400D29918 /* Build configuration list for PBXNativeTarget "2163" */;
			buildPhases = (
				637C97C3221CFEF400D29918 /* Sources */,
				637C97C4221CFEF400D29918 /* Frameworks */,
				637C97C5221CFEF400D29918 /* CopyFiles */,
			);
			buildRules = (
			);
			dependencies = (
			);
			name = 2163;
			productName = 2163;
			productReference = 637C97C7221CFEF400D29918 /* 2163 */;
			productType = "com.apple.product-type.tool";
		};
		637C97D1221CFEF900D29918 /* 2292 */ = {
			isa = PBXNativeTarget;
			buildConfigurationList = 637C97D6221CFEF900D29918 /* Build configuration list for PBXNativeTarget "2292" */;
			buildPhases = (
				637C97CE221CFEF900D29918 /* Sources */,
				637C97CF221CFEF900D29918 /* Frameworks */,
				637C97D0221CFEF900D29918 /* CopyFiles */,
			);
			buildRules = (
			);
			dependencies = (
			);
			name = 2292;
			productName = 2292;
			productReference = 637C97D2221CFEF900D29918 /* 2292 */;
			productType = "com.apple.product-type.tool";
		};
		637C97DC221CFEFE00D29918 /* 2309 */ = {
			isa = PBXNativeTarget;
			buildConfigurationList = 637C97E1221CFEFE00D29918 /* Build configuration list for PBXNativeTarget "2309" */;
			buildPhases = (
				637C97D9221CFEFE00D29918 /* Sources */,
				637C97DA221CFEFE00D29918 /* Frameworks */,
				637C97DB221CFEFE00D29918 /* CopyFiles */,
			);
			buildRules = (
			);
			dependencies = (
			);
			name = 2309;
			productName = 2309;
			productReference = 637C97DD221CFEFE00D29918 /* 2309 */;
			productType = "com.apple.product-type.tool";
		};
		63887B1C221FB6A90014A07A /* 2441 */ = {
			isa = PBXNativeTarget;
			buildConfigurationList = 63887B23221FB6A90014A07A /* Build configuration list for PBXNativeTarget "2441" */;
			buildPhases = (
				63887B19221FB6A90014A07A /* Sources */,
				63887B1A221FB6A90014A07A /* Frameworks */,
				63887B1B221FB6A90014A07A /* CopyFiles */,
			);
			buildRules = (
			);
			dependencies = (
			);
			name = 2441;
			productName = 2441;
			productReference = 63887B1D221FB6A90014A07A /* 2441 */;
			productType = "com.apple.product-type.tool";
		};
		63887B27221FB6AD0014A07A /* 2442 */ = {
			isa = PBXNativeTarget;
			buildConfigurationList = 63887B2C221FB6AD0014A07A /* Build configuration list for PBXNativeTarget "2442" */;
			buildPhases = (
				63887B24221FB6AD0014A07A /* Sources */,
				63887B25221FB6AD0014A07A /* Frameworks */,
				63887B26221FB6AD0014A07A /* CopyFiles */,
			);
			buildRules = (
			);
			dependencies = (
			);
			name = 2442;
			productName = 2442;
			productReference = 63887B28221FB6AD0014A07A /* 2442 */;
			productType = "com.apple.product-type.tool";
		};
		63887B32221FB6B20014A07A /* 2443 */ = {
			isa = PBXNativeTarget;
			buildConfigurationList = 63887B37221FB6B20014A07A /* Build configuration list for PBXNativeTarget "2443" */;
			buildPhases = (
				63887B2F221FB6B20014A07A /* Sources */,
				63887B30221FB6B20014A07A /* Frameworks */,
				63887B31221FB6B20014A07A /* CopyFiles */,
			);
			buildRules = (
			);
			dependencies = (
			);
			name = 2443;
			productName = 2443;
			productReference = 63887B33221FB6B20014A07A /* 2443 */;
			productType = "com.apple.product-type.tool";
		};
		63887B3D221FB6B60014A07A /* 2444 */ = {
			isa = PBXNativeTarget;
			buildConfigurationList = 63887B42221FB6B60014A07A /* Build configuration list for PBXNativeTarget "2444" */;
			buildPhases = (
				63887B3A221FB6B60014A07A /* Sources */,
				63887B3B221FB6B60014A07A /* Frameworks */,
				63887B3C221FB6B60014A07A /* CopyFiles */,
			);
			buildRules = (
			);
			dependencies = (
			);
			name = 2444;
			productName = 2444;
			productReference = 63887B3E221FB6B60014A07A /* 2444 */;
			productType = "com.apple.product-type.tool";
		};
		639EC8CE221B970800F72DD2 /* 2822 */ = {
			isa = PBXNativeTarget;
			buildConfigurationList = 639EC8D5221B970800F72DD2 /* Build configuration list for PBXNativeTarget "2822" */;
			buildPhases = (
				639EC8CB221B970800F72DD2 /* Sources */,
				639EC8CC221B970800F72DD2 /* Frameworks */,
				639EC8CD221B970800F72DD2 /* CopyFiles */,
			);
			buildRules = (
			);
			dependencies = (
			);
			name = 2822;
			productName = 2822;
			productReference = 639EC8CF221B970800F72DD2 /* 2822 */;
			productType = "com.apple.product-type.tool";
		};
		639EC8D9221B99FA00F72DD2 /* 2563 */ = {
			isa = PBXNativeTarget;
			buildConfigurationList = 639EC8DE221B99FA00F72DD2 /* Build configuration list for PBXNativeTarget "2563" */;
			buildPhases = (
				639EC8D6221B99FA00F72DD2 /* Sources */,
				639EC8D7221B99FA00F72DD2 /* Frameworks */,
				639EC8D8221B99FA00F72DD2 /* CopyFiles */,
			);
			buildRules = (
			);
			dependencies = (
			);
			name = 2563;
			productName = 2563;
			productReference = 639EC8DA221B99FA00F72DD2 /* 2563 */;
			productType = "com.apple.product-type.tool";
		};
		639EC931221BA88A00F72DD2 /* 2010 */ = {
			isa = PBXNativeTarget;
			buildConfigurationList = 639EC938221BA88A00F72DD2 /* Build configuration list for PBXNativeTarget "2010" */;
			buildPhases = (
				639EC92E221BA88A00F72DD2 /* Sources */,
				639EC92F221BA88A00F72DD2 /* Frameworks */,
				639EC930221BA88A00F72DD2 /* CopyFiles */,
			);
			buildRules = (
			);
			dependencies = (
			);
			name = 2010;
			productName = 2010;
			productReference = 639EC932221BA88A00F72DD2 /* 2010 */;
			productType = "com.apple.product-type.tool";
		};
		63D620A62224E0E60088F0E0 /* 2947 */ = {
			isa = PBXNativeTarget;
			buildConfigurationList = 63D620AD2224E0E60088F0E0 /* Build configuration list for PBXNativeTarget "2947" */;
			buildPhases = (
				63D620A32224E0E60088F0E0 /* Sources */,
				63D620A42224E0E60088F0E0 /* Frameworks */,
				63D620A52224E0E60088F0E0 /* CopyFiles */,
			);
			buildRules = (
			);
			dependencies = (
			);
			name = 2947;
			productName = 2947;
			productReference = 63D620A72224E0E60088F0E0 /* 2947 */;
			productType = "com.apple.product-type.tool";
		};
		63D620BC2224E49A0088F0E0 /* 2475 */ = {
			isa = PBXNativeTarget;
			buildConfigurationList = 63D620C32224E49A0088F0E0 /* Build configuration list for PBXNativeTarget "2475" */;
			buildPhases = (
				63D620B92224E49A0088F0E0 /* Sources */,
				63D620BA2224E49A0088F0E0 /* Frameworks */,
				63D620BB2224E49A0088F0E0 /* CopyFiles */,
			);
			buildRules = (
			);
			dependencies = (
			);
			name = 2475;
			productName = 2475;
			productReference = 63D620BD2224E49A0088F0E0 /* 2475 */;
			productType = "com.apple.product-type.tool";
		};
		63D620C72224E49F0088F0E0 /* 2476 */ = {
			isa = PBXNativeTarget;
			buildConfigurationList = 63D620CC2224E49F0088F0E0 /* Build configuration list for PBXNativeTarget "2476" */;
			buildPhases = (
				63D620C42224E49F0088F0E0 /* Sources */,
				63D620C52224E49F0088F0E0 /* Frameworks */,
				63D620C62224E49F0088F0E0 /* CopyFiles */,
			);
			buildRules = (
			);
			dependencies = (
			);
			name = 2476;
			productName = 2476;
			productReference = 63D620C82224E49F0088F0E0 /* 2476 */;
			productType = "com.apple.product-type.tool";
		};
		63D620D22224E4A50088F0E0 /* 2480 */ = {
			isa = PBXNativeTarget;
			buildConfigurationList = 63D620D72224E4A50088F0E0 /* Build configuration list for PBXNativeTarget "2480" */;
			buildPhases = (
				63D620CF2224E4A50088F0E0 /* Sources */,
				63D620D02224E4A50088F0E0 /* Frameworks */,
				63D620D12224E4A50088F0E0 /* CopyFiles */,
			);
			buildRules = (
			);
			dependencies = (
			);
			name = 2480;
			productName = 2480;
			productReference = 63D620D32224E4A50088F0E0 /* 2480 */;
			productType = "com.apple.product-type.tool";
		};
		63D620DD2224E4AE0088F0E0 /* 2490 */ = {
			isa = PBXNativeTarget;
			buildConfigurationList = 63D620E22224E4AE0088F0E0 /* Build configuration list for PBXNativeTarget "2490" */;
			buildPhases = (
				63D620DA2224E4AE0088F0E0 /* Sources */,
				63D620DB2224E4AE0088F0E0 /* Frameworks */,
				63D620DC2224E4AE0088F0E0 /* CopyFiles */,
			);
			buildRules = (
			);
			dependencies = (
			);
			name = 2490;
			productName = 2490;
			productReference = 63D620DE2224E4AE0088F0E0 /* 2490 */;
			productType = "com.apple.product-type.tool";
		};
/* End PBXNativeTarget section */

/* Begin PBXProject section */
		633F0724221659C800648EF3 /* Project object */ = {
			isa = PBXProject;
			attributes = {
				LastSwiftUpdateCheck = 1010;
				LastUpgradeCheck = 1010;
				ORGANIZATIONNAME = myoung;
				TargetAttributes = {
					6333AF34221E62B1001659A8 = {
						CreatedOnToolsVersion = 10.1;
					};
					6333AF3F221E62F1001659A8 = {
						CreatedOnToolsVersion = 10.1;
					};
					6333AF4A221E62FB001659A8 = {
						CreatedOnToolsVersion = 10.1;
					};
					6333AF55221E6300001659A8 = {
						CreatedOnToolsVersion = 10.1;
					};
					633F072B221659C800648EF3 = {
						CreatedOnToolsVersion = 10.1;
					};
					633F0739221659D300648EF3 = {
						CreatedOnToolsVersion = 10.1;
					};
					634F4FCC2223B0DC00137F51 = {
						CreatedOnToolsVersion = 10.1;
					};
					634F4FD72223B16900137F51 = {
						CreatedOnToolsVersion = 10.1;
					};
					634F4FE22223B16E00137F51 = {
						CreatedOnToolsVersion = 10.1;
					};
					634F4FED2223B17400137F51 = {
						CreatedOnToolsVersion = 10.1;
					};
					634F4FF82223B17900137F51 = {
						CreatedOnToolsVersion = 10.1;
					};
					637C979A221CEFC600D29918 = {
						CreatedOnToolsVersion = 10.1;
					};
					637C97A5221CF1BC00D29918 = {
						CreatedOnToolsVersion = 10.1;
					};
					637C97BB221CFEDC00D29918 = {
						CreatedOnToolsVersion = 10.1;
					};
					637C97C6221CFEF400D29918 = {
						CreatedOnToolsVersion = 10.1;
					};
					637C97D1221CFEF900D29918 = {
						CreatedOnToolsVersion = 10.1;
					};
					637C97DC221CFEFE00D29918 = {
						CreatedOnToolsVersion = 10.1;
					};
					63887B1C221FB6A90014A07A = {
						CreatedOnToolsVersion = 10.1;
					};
					63887B27221FB6AD0014A07A = {
						CreatedOnToolsVersion = 10.1;
					};
					63887B32221FB6B20014A07A = {
						CreatedOnToolsVersion = 10.1;
					};
					63887B3D221FB6B60014A07A = {
						CreatedOnToolsVersion = 10.1;
					};
					639EC8CE221B970800F72DD2 = {
						CreatedOnToolsVersion = 10.1;
					};
					639EC8D9221B99FA00F72DD2 = {
						CreatedOnToolsVersion = 10.1;
					};
					639EC931221BA88A00F72DD2 = {
						CreatedOnToolsVersion = 10.1;
					};
					63D620A62224E0E60088F0E0 = {
						CreatedOnToolsVersion = 10.1;
					};
					63D620BC2224E49A0088F0E0 = {
						CreatedOnToolsVersion = 10.1;
					};
					63D620C72224E49F0088F0E0 = {
						CreatedOnToolsVersion = 10.1;
					};
					63D620D22224E4A50088F0E0 = {
						CreatedOnToolsVersion = 10.1;
					};
					63D620DD2224E4AE0088F0E0 = {
						CreatedOnToolsVersion = 10.1;
					};
				};
			};
			buildConfigurationList = 633F0727221659C800648EF3 /* Build configuration list for PBXProject "Problem_2000_2999" */;
			compatibilityVersion = "Xcode 9.3";
			developmentRegion = en;
			hasScannedForEncodings = 0;
			knownRegions = (
				en,
			);
			mainGroup = 633F0723221659C800648EF3;
			productRefGroup = 633F072D221659C800648EF3 /* Products */;
			projectDirPath = "";
			projectRoot = "";
			targets = (
				633F072B221659C800648EF3 /* Problem_2000_2999 */,
				639EC931221BA88A00F72DD2 /* 2010 */,
				637C97BB221CFEDC00D29918 /* 2161 */,
				637C97C6221CFEF400D29918 /* 2163 */,
				637C97D1221CFEF900D29918 /* 2292 */,
				637C97DC221CFEFE00D29918 /* 2309 */,
				6333AF34221E62B1001659A8 /* 2331 */,
				637C97A5221CF1BC00D29918 /* 2420 */,
				6333AF3F221E62F1001659A8 /* 2438 */,
				6333AF4A221E62FB001659A8 /* 2439 */,
				6333AF55221E6300001659A8 /* 2440 */,
				63887B1C221FB6A90014A07A /* 2441 */,
				63887B27221FB6AD0014A07A /* 2442 */,
				63887B32221FB6B20014A07A /* 2443 */,
				63887B3D221FB6B60014A07A /* 2444 */,
				634F4FD72223B16900137F51 /* 2445 */,
				634F4FE22223B16E00137F51 /* 2446 */,
				634F4FED2223B17400137F51 /* 2455 */,
				634F4FF82223B17900137F51 /* 2460 */,
				63D620BC2224E49A0088F0E0 /* 2475 */,
				63D620C72224E49F0088F0E0 /* 2476 */,
				63D620D22224E4A50088F0E0 /* 2480 */,
				63D620DD2224E4AE0088F0E0 /* 2490 */,
				637C979A221CEFC600D29918 /* 2525 */,
				639EC8D9221B99FA00F72DD2 /* 2563 */,
				639EC8CE221B970800F72DD2 /* 2822 */,
				63D620A62224E0E60088F0E0 /* 2947 */,
				633F0739221659D300648EF3 /* 2979 */,
				634F4FCC2223B0DC00137F51 /* 2985 */,
			);
		};
/* End PBXProject section */

/* Begin PBXSourcesBuildPhase section */
		6333AF31221E62B1001659A8 /* Sources */ = {
			isa = PBXSourcesBuildPhase;
			buildActionMask = 2147483647;
			files = (
				6333AF38221E62B1001659A8 /* main.swift in Sources */,
			);
			runOnlyForDeploymentPostprocessing = 0;
		};
		6333AF3C221E62F1001659A8 /* Sources */ = {
			isa = PBXSourcesBuildPhase;
			buildActionMask = 2147483647;
			files = (
				6333AF43221E62F1001659A8 /* main.swift in Sources */,
			);
			runOnlyForDeploymentPostprocessing = 0;
		};
		6333AF47221E62FB001659A8 /* Sources */ = {
			isa = PBXSourcesBuildPhase;
			buildActionMask = 2147483647;
			files = (
				6333AF4E221E62FB001659A8 /* main.swift in Sources */,
			);
			runOnlyForDeploymentPostprocessing = 0;
		};
		6333AF52221E6300001659A8 /* Sources */ = {
			isa = PBXSourcesBuildPhase;
			buildActionMask = 2147483647;
			files = (
				6333AF59221E6300001659A8 /* main.swift in Sources */,
			);
			runOnlyForDeploymentPostprocessing = 0;
		};
		633F0728221659C800648EF3 /* Sources */ = {
			isa = PBXSourcesBuildPhase;
			buildActionMask = 2147483647;
			files = (
				633F0730221659C800648EF3 /* main.swift in Sources */,
			);
			runOnlyForDeploymentPostprocessing = 0;
		};
		633F0736221659D300648EF3 /* Sources */ = {
			isa = PBXSourcesBuildPhase;
			buildActionMask = 2147483647;
			files = (
				633F073D221659D300648EF3 /* main.swift in Sources */,
			);
			runOnlyForDeploymentPostprocessing = 0;
		};
		634F4FC92223B0DC00137F51 /* Sources */ = {
			isa = PBXSourcesBuildPhase;
			buildActionMask = 2147483647;
			files = (
				634F4FD02223B0DC00137F51 /* main.swift in Sources */,
			);
			runOnlyForDeploymentPostprocessing = 0;
		};
		634F4FD42223B16900137F51 /* Sources */ = {
			isa = PBXSourcesBuildPhase;
			buildActionMask = 2147483647;
			files = (
				634F4FDB2223B16900137F51 /* main.swift in Sources */,
			);
			runOnlyForDeploymentPostprocessing = 0;
		};
		634F4FDF2223B16E00137F51 /* Sources */ = {
			isa = PBXSourcesBuildPhase;
			buildActionMask = 2147483647;
			files = (
				634F4FE62223B16E00137F51 /* main.swift in Sources */,
			);
			runOnlyForDeploymentPostprocessing = 0;
		};
		634F4FEA2223B17400137F51 /* Sources */ = {
			isa = PBXSourcesBuildPhase;
			buildActionMask = 2147483647;
			files = (
				634F4FF12223B17400137F51 /* main.swift in Sources */,
			);
			runOnlyForDeploymentPostprocessing = 0;
		};
		634F4FF52223B17900137F51 /* Sources */ = {
			isa = PBXSourcesBuildPhase;
			buildActionMask = 2147483647;
			files = (
				634F4FFC2223B17A00137F51 /* main.swift in Sources */,
			);
			runOnlyForDeploymentPostprocessing = 0;
		};
		637C9797221CEFC600D29918 /* Sources */ = {
			isa = PBXSourcesBuildPhase;
			buildActionMask = 2147483647;
			files = (
				637C979E221CEFC600D29918 /* main.swift in Sources */,
			);
			runOnlyForDeploymentPostprocessing = 0;
		};
		637C97A2221CF1BC00D29918 /* Sources */ = {
			isa = PBXSourcesBuildPhase;
			buildActionMask = 2147483647;
			files = (
				637C97A9221CF1BC00D29918 /* main.swift in Sources */,
			);
			runOnlyForDeploymentPostprocessing = 0;
		};
		637C97B8221CFEDC00D29918 /* Sources */ = {
			isa = PBXSourcesBuildPhase;
			buildActionMask = 2147483647;
			files = (
				637C97BF221CFEDC00D29918 /* main.swift in Sources */,
			);
			runOnlyForDeploymentPostprocessing = 0;
		};
		637C97C3221CFEF400D29918 /* Sources */ = {
			isa = PBXSourcesBuildPhase;
			buildActionMask = 2147483647;
			files = (
				637C97CA221CFEF400D29918 /* main.swift in Sources */,
			);
			runOnlyForDeploymentPostprocessing = 0;
		};
		637C97CE221CFEF900D29918 /* Sources */ = {
			isa = PBXSourcesBuildPhase;
			buildActionMask = 2147483647;
			files = (
				637C97D5221CFEF900D29918 /* main.swift in Sources */,
			);
			runOnlyForDeploymentPostprocessing = 0;
		};
		637C97D9221CFEFE00D29918 /* Sources */ = {
			isa = PBXSourcesBuildPhase;
			buildActionMask = 2147483647;
			files = (
				637C97E0221CFEFE00D29918 /* main.swift in Sources */,
			);
			runOnlyForDeploymentPostprocessing = 0;
		};
		63887B19221FB6A90014A07A /* Sources */ = {
			isa = PBXSourcesBuildPhase;
			buildActionMask = 2147483647;
			files = (
				63887B20221FB6A90014A07A /* main.swift in Sources */,
			);
			runOnlyForDeploymentPostprocessing = 0;
		};
		63887B24221FB6AD0014A07A /* Sources */ = {
			isa = PBXSourcesBuildPhase;
			buildActionMask = 2147483647;
			files = (
				63887B2B221FB6AD0014A07A /* main.swift in Sources */,
			);
			runOnlyForDeploymentPostprocessing = 0;
		};
		63887B2F221FB6B20014A07A /* Sources */ = {
			isa = PBXSourcesBuildPhase;
			buildActionMask = 2147483647;
			files = (
				63887B36221FB6B20014A07A /* main.swift in Sources */,
			);
			runOnlyForDeploymentPostprocessing = 0;
		};
		63887B3A221FB6B60014A07A /* Sources */ = {
			isa = PBXSourcesBuildPhase;
			buildActionMask = 2147483647;
			files = (
				63887B41221FB6B60014A07A /* main.swift in Sources */,
			);
			runOnlyForDeploymentPostprocessing = 0;
		};
		639EC8CB221B970800F72DD2 /* Sources */ = {
			isa = PBXSourcesBuildPhase;
			buildActionMask = 2147483647;
			files = (
				639EC8D2221B970800F72DD2 /* main.swift in Sources */,
			);
			runOnlyForDeploymentPostprocessing = 0;
		};
		639EC8D6221B99FA00F72DD2 /* Sources */ = {
			isa = PBXSourcesBuildPhase;
			buildActionMask = 2147483647;
			files = (
				639EC8DD221B99FA00F72DD2 /* main.swift in Sources */,
			);
			runOnlyForDeploymentPostprocessing = 0;
		};
		639EC92E221BA88A00F72DD2 /* Sources */ = {
			isa = PBXSourcesBuildPhase;
			buildActionMask = 2147483647;
			files = (
				639EC935221BA88A00F72DD2 /* main.swift in Sources */,
			);
			runOnlyForDeploymentPostprocessing = 0;
		};
		63D620A32224E0E60088F0E0 /* Sources */ = {
			isa = PBXSourcesBuildPhase;
			buildActionMask = 2147483647;
			files = (
				63D620AA2224E0E60088F0E0 /* main.swift in Sources */,
			);
			runOnlyForDeploymentPostprocessing = 0;
		};
		63D620B92224E49A0088F0E0 /* Sources */ = {
			isa = PBXSourcesBuildPhase;
			buildActionMask = 2147483647;
			files = (
				63D620C02224E49A0088F0E0 /* main.swift in Sources */,
			);
			runOnlyForDeploymentPostprocessing = 0;
		};
		63D620C42224E49F0088F0E0 /* Sources */ = {
			isa = PBXSourcesBuildPhase;
			buildActionMask = 2147483647;
			files = (
				63D620CB2224E49F0088F0E0 /* main.swift in Sources */,
			);
			runOnlyForDeploymentPostprocessing = 0;
		};
		63D620CF2224E4A50088F0E0 /* Sources */ = {
			isa = PBXSourcesBuildPhase;
			buildActionMask = 2147483647;
			files = (
				63D620D62224E4A50088F0E0 /* main.swift in Sources */,
			);
			runOnlyForDeploymentPostprocessing = 0;
		};
		63D620DA2224E4AE0088F0E0 /* Sources */ = {
			isa = PBXSourcesBuildPhase;
			buildActionMask = 2147483647;
			files = (
				63D620E12224E4AE0088F0E0 /* main.swift in Sources */,
			);
			runOnlyForDeploymentPostprocessing = 0;
		};
/* End PBXSourcesBuildPhase section */

/* Begin XCBuildConfiguration section */
		6333AF39221E62B1001659A8 /* Debug */ = {
			isa = XCBuildConfiguration;
			buildSettings = {
				CODE_SIGN_STYLE = Automatic;
				PRODUCT_NAME = "$(TARGET_NAME)";
				SWIFT_VERSION = 4.2;
			};
			name = Debug;
		};
		6333AF3A221E62B1001659A8 /* Release */ = {
			isa = XCBuildConfiguration;
			buildSettings = {
				CODE_SIGN_STYLE = Automatic;
				PRODUCT_NAME = "$(TARGET_NAME)";
				SWIFT_VERSION = 4.2;
			};
			name = Release;
		};
		6333AF45221E62F1001659A8 /* Debug */ = {
			isa = XCBuildConfiguration;
			buildSettings = {
				CODE_SIGN_STYLE = Automatic;
				PRODUCT_NAME = "$(TARGET_NAME)";
				SWIFT_VERSION = 4.2;
			};
			name = Debug;
		};
		6333AF46221E62F1001659A8 /* Release */ = {
			isa = XCBuildConfiguration;
			buildSettings = {
				CODE_SIGN_STYLE = Automatic;
				PRODUCT_NAME = "$(TARGET_NAME)";
				SWIFT_VERSION = 4.2;
			};
			name = Release;
		};
		6333AF50221E62FB001659A8 /* Debug */ = {
			isa = XCBuildConfiguration;
			buildSettings = {
				CODE_SIGN_STYLE = Automatic;
				PRODUCT_NAME = "$(TARGET_NAME)";
				SWIFT_VERSION = 4.2;
			};
			name = Debug;
		};
		6333AF51221E62FB001659A8 /* Release */ = {
			isa = XCBuildConfiguration;
			buildSettings = {
				CODE_SIGN_STYLE = Automatic;
				PRODUCT_NAME = "$(TARGET_NAME)";
				SWIFT_VERSION = 4.2;
			};
			name = Release;
		};
		6333AF5B221E6300001659A8 /* Debug */ = {
			isa = XCBuildConfiguration;
			buildSettings = {
				CODE_SIGN_STYLE = Automatic;
				PRODUCT_NAME = "$(TARGET_NAME)";
				SWIFT_VERSION = 4.2;
			};
			name = Debug;
		};
		6333AF5C221E6300001659A8 /* Release */ = {
			isa = XCBuildConfiguration;
			buildSettings = {
				CODE_SIGN_STYLE = Automatic;
				PRODUCT_NAME = "$(TARGET_NAME)";
				SWIFT_VERSION = 4.2;
			};
			name = Release;
		};
		633F0731221659C800648EF3 /* Debug */ = {
			isa = XCBuildConfiguration;
			buildSettings = {
				ALWAYS_SEARCH_USER_PATHS = NO;
				CLANG_ANALYZER_NONNULL = YES;
				CLANG_ANALYZER_NUMBER_OBJECT_CONVERSION = YES_AGGRESSIVE;
				CLANG_CXX_LANGUAGE_STANDARD = "gnu++14";
				CLANG_CXX_LIBRARY = "libc++";
				CLANG_ENABLE_MODULES = YES;
				CLANG_ENABLE_OBJC_ARC = YES;
				CLANG_ENABLE_OBJC_WEAK = YES;
				CLANG_WARN_BLOCK_CAPTURE_AUTORELEASING = YES;
				CLANG_WARN_BOOL_CONVERSION = YES;
				CLANG_WARN_COMMA = YES;
				CLANG_WARN_CONSTANT_CONVERSION = YES;
				CLANG_WARN_DEPRECATED_OBJC_IMPLEMENTATIONS = YES;
				CLANG_WARN_DIRECT_OBJC_ISA_USAGE = YES_ERROR;
				CLANG_WARN_DOCUMENTATION_COMMENTS = YES;
				CLANG_WARN_EMPTY_BODY = YES;
				CLANG_WARN_ENUM_CONVERSION = YES;
				CLANG_WARN_INFINITE_RECURSION = YES;
				CLANG_WARN_INT_CONVERSION = YES;
				CLANG_WARN_NON_LITERAL_NULL_CONVERSION = YES;
				CLANG_WARN_OBJC_IMPLICIT_RETAIN_SELF = YES;
				CLANG_WARN_OBJC_LITERAL_CONVERSION = YES;
				CLANG_WARN_OBJC_ROOT_CLASS = YES_ERROR;
				CLANG_WARN_RANGE_LOOP_ANALYSIS = YES;
				CLANG_WARN_STRICT_PROTOTYPES = YES;
				CLANG_WARN_SUSPICIOUS_MOVE = YES;
				CLANG_WARN_UNGUARDED_AVAILABILITY = YES_AGGRESSIVE;
				CLANG_WARN_UNREACHABLE_CODE = YES;
				CLANG_WARN__DUPLICATE_METHOD_MATCH = YES;
				CODE_SIGN_IDENTITY = "-";
				COPY_PHASE_STRIP = NO;
				DEBUG_INFORMATION_FORMAT = dwarf;
				ENABLE_STRICT_OBJC_MSGSEND = YES;
				ENABLE_TESTABILITY = YES;
				GCC_C_LANGUAGE_STANDARD = gnu11;
				GCC_DYNAMIC_NO_PIC = NO;
				GCC_NO_COMMON_BLOCKS = YES;
				GCC_OPTIMIZATION_LEVEL = 0;
				GCC_PREPROCESSOR_DEFINITIONS = (
					"DEBUG=1",
					"$(inherited)",
				);
				GCC_WARN_64_TO_32_BIT_CONVERSION = YES;
				GCC_WARN_ABOUT_RETURN_TYPE = YES_ERROR;
				GCC_WARN_UNDECLARED_SELECTOR = YES;
				GCC_WARN_UNINITIALIZED_AUTOS = YES_AGGRESSIVE;
				GCC_WARN_UNUSED_FUNCTION = YES;
				GCC_WARN_UNUSED_VARIABLE = YES;
				MACOSX_DEPLOYMENT_TARGET = 10.14;
				MTL_ENABLE_DEBUG_INFO = INCLUDE_SOURCE;
				MTL_FAST_MATH = YES;
				ONLY_ACTIVE_ARCH = YES;
				SDKROOT = macosx;
				SWIFT_ACTIVE_COMPILATION_CONDITIONS = DEBUG;
				SWIFT_OPTIMIZATION_LEVEL = "-Onone";
			};
			name = Debug;
		};
		633F0732221659C800648EF3 /* Release */ = {
			isa = XCBuildConfiguration;
			buildSettings = {
				ALWAYS_SEARCH_USER_PATHS = NO;
				CLANG_ANALYZER_NONNULL = YES;
				CLANG_ANALYZER_NUMBER_OBJECT_CONVERSION = YES_AGGRESSIVE;
				CLANG_CXX_LANGUAGE_STANDARD = "gnu++14";
				CLANG_CXX_LIBRARY = "libc++";
				CLANG_ENABLE_MODULES = YES;
				CLANG_ENABLE_OBJC_ARC = YES;
				CLANG_ENABLE_OBJC_WEAK = YES;
				CLANG_WARN_BLOCK_CAPTURE_AUTORELEASING = YES;
				CLANG_WARN_BOOL_CONVERSION = YES;
				CLANG_WARN_COMMA = YES;
				CLANG_WARN_CONSTANT_CONVERSION = YES;
				CLANG_WARN_DEPRECATED_OBJC_IMPLEMENTATIONS = YES;
				CLANG_WARN_DIRECT_OBJC_ISA_USAGE = YES_ERROR;
				CLANG_WARN_DOCUMENTATION_COMMENTS = YES;
				CLANG_WARN_EMPTY_BODY = YES;
				CLANG_WARN_ENUM_CONVERSION = YES;
				CLANG_WARN_INFINITE_RECURSION = YES;
				CLANG_WARN_INT_CONVERSION = YES;
				CLANG_WARN_NON_LITERAL_NULL_CONVERSION = YES;
				CLANG_WARN_OBJC_IMPLICIT_RETAIN_SELF = YES;
				CLANG_WARN_OBJC_LITERAL_CONVERSION = YES;
				CLANG_WARN_OBJC_ROOT_CLASS = YES_ERROR;
				CLANG_WARN_RANGE_LOOP_ANALYSIS = YES;
				CLANG_WARN_STRICT_PROTOTYPES = YES;
				CLANG_WARN_SUSPICIOUS_MOVE = YES;
				CLANG_WARN_UNGUARDED_AVAILABILITY = YES_AGGRESSIVE;
				CLANG_WARN_UNREACHABLE_CODE = YES;
				CLANG_WARN__DUPLICATE_METHOD_MATCH = YES;
				CODE_SIGN_IDENTITY = "-";
				COPY_PHASE_STRIP = NO;
				DEBUG_INFORMATION_FORMAT = "dwarf-with-dsym";
				ENABLE_NS_ASSERTIONS = NO;
				ENABLE_STRICT_OBJC_MSGSEND = YES;
				GCC_C_LANGUAGE_STANDARD = gnu11;
				GCC_NO_COMMON_BLOCKS = YES;
				GCC_WARN_64_TO_32_BIT_CONVERSION = YES;
				GCC_WARN_ABOUT_RETURN_TYPE = YES_ERROR;
				GCC_WARN_UNDECLARED_SELECTOR = YES;
				GCC_WARN_UNINITIALIZED_AUTOS = YES_AGGRESSIVE;
				GCC_WARN_UNUSED_FUNCTION = YES;
				GCC_WARN_UNUSED_VARIABLE = YES;
				MACOSX_DEPLOYMENT_TARGET = 10.14;
				MTL_ENABLE_DEBUG_INFO = NO;
				MTL_FAST_MATH = YES;
				SDKROOT = macosx;
				SWIFT_COMPILATION_MODE = wholemodule;
				SWIFT_OPTIMIZATION_LEVEL = "-O";
			};
			name = Release;
		};
		633F0734221659C800648EF3 /* Debug */ = {
			isa = XCBuildConfiguration;
			buildSettings = {
				CODE_SIGN_STYLE = Automatic;
				PRODUCT_NAME = "$(TARGET_NAME)";
				SWIFT_VERSION = 4.2;
			};
			name = Debug;
		};
		633F0735221659C800648EF3 /* Release */ = {
			isa = XCBuildConfiguration;
			buildSettings = {
				CODE_SIGN_STYLE = Automatic;
				PRODUCT_NAME = "$(TARGET_NAME)";
				SWIFT_VERSION = 4.2;
			};
			name = Release;
		};
		633F073F221659D300648EF3 /* Debug */ = {
			isa = XCBuildConfiguration;
			buildSettings = {
				CODE_SIGN_STYLE = Automatic;
				PRODUCT_NAME = "$(TARGET_NAME)";
				SWIFT_VERSION = 4.2;
			};
			name = Debug;
		};
		633F0740221659D300648EF3 /* Release */ = {
			isa = XCBuildConfiguration;
			buildSettings = {
				CODE_SIGN_STYLE = Automatic;
				PRODUCT_NAME = "$(TARGET_NAME)";
				SWIFT_VERSION = 4.2;
			};
			name = Release;
		};
		634F4FD12223B0DC00137F51 /* Debug */ = {
			isa = XCBuildConfiguration;
			buildSettings = {
				CODE_SIGN_STYLE = Automatic;
				PRODUCT_NAME = "$(TARGET_NAME)";
				SWIFT_VERSION = 4.2;
			};
			name = Debug;
		};
		634F4FD22223B0DC00137F51 /* Release */ = {
			isa = XCBuildConfiguration;
			buildSettings = {
				CODE_SIGN_STYLE = Automatic;
				PRODUCT_NAME = "$(TARGET_NAME)";
				SWIFT_VERSION = 4.2;
			};
			name = Release;
		};
		634F4FDC2223B16900137F51 /* Debug */ = {
			isa = XCBuildConfiguration;
			buildSettings = {
				CODE_SIGN_STYLE = Automatic;
				PRODUCT_NAME = "$(TARGET_NAME)";
				SWIFT_VERSION = 4.2;
			};
			name = Debug;
		};
		634F4FDD2223B16900137F51 /* Release */ = {
			isa = XCBuildConfiguration;
			buildSettings = {
				CODE_SIGN_STYLE = Automatic;
				PRODUCT_NAME = "$(TARGET_NAME)";
				SWIFT_VERSION = 4.2;
			};
			name = Release;
		};
		634F4FE82223B16E00137F51 /* Debug */ = {
			isa = XCBuildConfiguration;
			buildSettings = {
				CODE_SIGN_STYLE = Automatic;
				PRODUCT_NAME = "$(TARGET_NAME)";
				SWIFT_VERSION = 4.2;
			};
			name = Debug;
		};
		634F4FE92223B16E00137F51 /* Release */ = {
			isa = XCBuildConfiguration;
			buildSettings = {
				CODE_SIGN_STYLE = Automatic;
				PRODUCT_NAME = "$(TARGET_NAME)";
				SWIFT_VERSION = 4.2;
			};
			name = Release;
		};
		634F4FF32223B17400137F51 /* Debug */ = {
			isa = XCBuildConfiguration;
			buildSettings = {
				CODE_SIGN_STYLE = Automatic;
				PRODUCT_NAME = "$(TARGET_NAME)";
				SWIFT_VERSION = 4.2;
			};
			name = Debug;
		};
		634F4FF42223B17400137F51 /* Release */ = {
			isa = XCBuildConfiguration;
			buildSettings = {
				CODE_SIGN_STYLE = Automatic;
				PRODUCT_NAME = "$(TARGET_NAME)";
				SWIFT_VERSION = 4.2;
			};
			name = Release;
		};
		634F4FFE2223B17A00137F51 /* Debug */ = {
			isa = XCBuildConfiguration;
			buildSettings = {
				CODE_SIGN_STYLE = Automatic;
				PRODUCT_NAME = "$(TARGET_NAME)";
				SWIFT_VERSION = 4.2;
			};
			name = Debug;
		};
		634F4FFF2223B17A00137F51 /* Release */ = {
			isa = XCBuildConfiguration;
			buildSettings = {
				CODE_SIGN_STYLE = Automatic;
				PRODUCT_NAME = "$(TARGET_NAME)";
				SWIFT_VERSION = 4.2;
			};
			name = Release;
		};
		637C979F221CEFC600D29918 /* Debug */ = {
			isa = XCBuildConfiguration;
			buildSettings = {
				CODE_SIGN_STYLE = Automatic;
				PRODUCT_NAME = "$(TARGET_NAME)";
				SWIFT_VERSION = 4.2;
			};
			name = Debug;
		};
		637C97A0221CEFC600D29918 /* Release */ = {
			isa = XCBuildConfiguration;
			buildSettings = {
				CODE_SIGN_STYLE = Automatic;
				PRODUCT_NAME = "$(TARGET_NAME)";
				SWIFT_VERSION = 4.2;
			};
			name = Release;
		};
		637C97AA221CF1BC00D29918 /* Debug */ = {
			isa = XCBuildConfiguration;
			buildSettings = {
				CODE_SIGN_STYLE = Automatic;
				PRODUCT_NAME = "$(TARGET_NAME)";
				SWIFT_VERSION = 4.2;
			};
			name = Debug;
		};
		637C97AB221CF1BC00D29918 /* Release */ = {
			isa = XCBuildConfiguration;
			buildSettings = {
				CODE_SIGN_STYLE = Automatic;
				PRODUCT_NAME = "$(TARGET_NAME)";
				SWIFT_VERSION = 4.2;
			};
			name = Release;
		};
		637C97C0221CFEDC00D29918 /* Debug */ = {
			isa = XCBuildConfiguration;
			buildSettings = {
				CODE_SIGN_STYLE = Automatic;
				PRODUCT_NAME = "$(TARGET_NAME)";
				SWIFT_VERSION = 4.2;
			};
			name = Debug;
		};
		637C97C1221CFEDC00D29918 /* Release */ = {
			isa = XCBuildConfiguration;
			buildSettings = {
				CODE_SIGN_STYLE = Automatic;
				PRODUCT_NAME = "$(TARGET_NAME)";
				SWIFT_VERSION = 4.2;
			};
			name = Release;
		};
		637C97CC221CFEF400D29918 /* Debug */ = {
			isa = XCBuildConfiguration;
			buildSettings = {
				CODE_SIGN_STYLE = Automatic;
				PRODUCT_NAME = "$(TARGET_NAME)";
				SWIFT_VERSION = 4.2;
			};
			name = Debug;
		};
		637C97CD221CFEF400D29918 /* Release */ = {
			isa = XCBuildConfiguration;
			buildSettings = {
				CODE_SIGN_STYLE = Automatic;
				PRODUCT_NAME = "$(TARGET_NAME)";
				SWIFT_VERSION = 4.2;
			};
			name = Release;
		};
		637C97D7221CFEF900D29918 /* Debug */ = {
			isa = XCBuildConfiguration;
			buildSettings = {
				CODE_SIGN_STYLE = Automatic;
				PRODUCT_NAME = "$(TARGET_NAME)";
				SWIFT_VERSION = 4.2;
			};
			name = Debug;
		};
		637C97D8221CFEF900D29918 /* Release */ = {
			isa = XCBuildConfiguration;
			buildSettings = {
				CODE_SIGN_STYLE = Automatic;
				PRODUCT_NAME = "$(TARGET_NAME)";
				SWIFT_VERSION = 4.2;
			};
			name = Release;
		};
		637C97E2221CFEFE00D29918 /* Debug */ = {
			isa = XCBuildConfiguration;
			buildSettings = {
				CODE_SIGN_STYLE = Automatic;
				PRODUCT_NAME = "$(TARGET_NAME)";
				SWIFT_VERSION = 4.2;
			};
			name = Debug;
		};
		637C97E3221CFEFE00D29918 /* Release */ = {
			isa = XCBuildConfiguration;
			buildSettings = {
				CODE_SIGN_STYLE = Automatic;
				PRODUCT_NAME = "$(TARGET_NAME)";
				SWIFT_VERSION = 4.2;
			};
			name = Release;
		};
		63887B21221FB6A90014A07A /* Debug */ = {
			isa = XCBuildConfiguration;
			buildSettings = {
				CODE_SIGN_STYLE = Automatic;
				PRODUCT_NAME = "$(TARGET_NAME)";
				SWIFT_VERSION = 4.2;
			};
			name = Debug;
		};
		63887B22221FB6A90014A07A /* Release */ = {
			isa = XCBuildConfiguration;
			buildSettings = {
				CODE_SIGN_STYLE = Automatic;
				PRODUCT_NAME = "$(TARGET_NAME)";
				SWIFT_VERSION = 4.2;
			};
			name = Release;
		};
		63887B2D221FB6AD0014A07A /* Debug */ = {
			isa = XCBuildConfiguration;
			buildSettings = {
				CODE_SIGN_STYLE = Automatic;
				PRODUCT_NAME = "$(TARGET_NAME)";
				SWIFT_VERSION = 4.2;
			};
			name = Debug;
		};
		63887B2E221FB6AD0014A07A /* Release */ = {
			isa = XCBuildConfiguration;
			buildSettings = {
				CODE_SIGN_STYLE = Automatic;
				PRODUCT_NAME = "$(TARGET_NAME)";
				SWIFT_VERSION = 4.2;
			};
			name = Release;
		};
		63887B38221FB6B20014A07A /* Debug */ = {
			isa = XCBuildConfiguration;
			buildSettings = {
				CODE_SIGN_STYLE = Automatic;
				PRODUCT_NAME = "$(TARGET_NAME)";
				SWIFT_VERSION = 4.2;
			};
			name = Debug;
		};
		63887B39221FB6B20014A07A /* Release */ = {
			isa = XCBuildConfiguration;
			buildSettings = {
				CODE_SIGN_STYLE = Automatic;
				PRODUCT_NAME = "$(TARGET_NAME)";
				SWIFT_VERSION = 4.2;
			};
			name = Release;
		};
		63887B43221FB6B60014A07A /* Debug */ = {
			isa = XCBuildConfiguration;
			buildSettings = {
				CODE_SIGN_STYLE = Automatic;
				PRODUCT_NAME = "$(TARGET_NAME)";
				SWIFT_VERSION = 4.2;
			};
			name = Debug;
		};
		63887B44221FB6B60014A07A /* Release */ = {
			isa = XCBuildConfiguration;
			buildSettings = {
				CODE_SIGN_STYLE = Automatic;
				PRODUCT_NAME = "$(TARGET_NAME)";
				SWIFT_VERSION = 4.2;
			};
			name = Release;
		};
		639EC8D3221B970800F72DD2 /* Debug */ = {
			isa = XCBuildConfiguration;
			buildSettings = {
				CODE_SIGN_STYLE = Automatic;
				PRODUCT_NAME = "$(TARGET_NAME)";
				SWIFT_VERSION = 4.2;
			};
			name = Debug;
		};
		639EC8D4221B970800F72DD2 /* Release */ = {
			isa = XCBuildConfiguration;
			buildSettings = {
				CODE_SIGN_STYLE = Automatic;
				PRODUCT_NAME = "$(TARGET_NAME)";
				SWIFT_VERSION = 4.2;
			};
			name = Release;
		};
		639EC8DF221B99FA00F72DD2 /* Debug */ = {
			isa = XCBuildConfiguration;
			buildSettings = {
				CODE_SIGN_STYLE = Automatic;
				PRODUCT_NAME = "$(TARGET_NAME)";
				SWIFT_VERSION = 4.2;
			};
			name = Debug;
		};
		639EC8E0221B99FA00F72DD2 /* Release */ = {
			isa = XCBuildConfiguration;
			buildSettings = {
				CODE_SIGN_STYLE = Automatic;
				PRODUCT_NAME = "$(TARGET_NAME)";
				SWIFT_VERSION = 4.2;
			};
			name = Release;
		};
		639EC936221BA88A00F72DD2 /* Debug */ = {
			isa = XCBuildConfiguration;
			buildSettings = {
				CODE_SIGN_STYLE = Automatic;
				PRODUCT_NAME = "$(TARGET_NAME)";
				SWIFT_VERSION = 4.2;
			};
			name = Debug;
		};
		639EC937221BA88A00F72DD2 /* Release */ = {
			isa = XCBuildConfiguration;
			buildSettings = {
				CODE_SIGN_STYLE = Automatic;
				PRODUCT_NAME = "$(TARGET_NAME)";
				SWIFT_VERSION = 4.2;
			};
			name = Release;
		};
		63D620AB2224E0E60088F0E0 /* Debug */ = {
			isa = XCBuildConfiguration;
			buildSettings = {
				CODE_SIGN_STYLE = Automatic;
				PRODUCT_NAME = "$(TARGET_NAME)";
				SWIFT_VERSION = 4.2;
			};
			name = Debug;
		};
		63D620AC2224E0E60088F0E0 /* Release */ = {
			isa = XCBuildConfiguration;
			buildSettings = {
				CODE_SIGN_STYLE = Automatic;
				PRODUCT_NAME = "$(TARGET_NAME)";
				SWIFT_VERSION = 4.2;
			};
			name = Release;
		};
		63D620C12224E49A0088F0E0 /* Debug */ = {
			isa = XCBuildConfiguration;
			buildSettings = {
				CODE_SIGN_STYLE = Automatic;
				PRODUCT_NAME = "$(TARGET_NAME)";
				SWIFT_VERSION = 4.2;
			};
			name = Debug;
		};
		63D620C22224E49A0088F0E0 /* Release */ = {
			isa = XCBuildConfiguration;
			buildSettings = {
				CODE_SIGN_STYLE = Automatic;
				PRODUCT_NAME = "$(TARGET_NAME)";
				SWIFT_VERSION = 4.2;
			};
			name = Release;
		};
		63D620CD2224E49F0088F0E0 /* Debug */ = {
			isa = XCBuildConfiguration;
			buildSettings = {
				CODE_SIGN_STYLE = Automatic;
				PRODUCT_NAME = "$(TARGET_NAME)";
				SWIFT_VERSION = 4.2;
			};
			name = Debug;
		};
		63D620CE2224E49F0088F0E0 /* Release */ = {
			isa = XCBuildConfiguration;
			buildSettings = {
				CODE_SIGN_STYLE = Automatic;
				PRODUCT_NAME = "$(TARGET_NAME)";
				SWIFT_VERSION = 4.2;
			};
			name = Release;
		};
		63D620D82224E4A50088F0E0 /* Debug */ = {
			isa = XCBuildConfiguration;
			buildSettings = {
				CODE_SIGN_STYLE = Automatic;
				PRODUCT_NAME = "$(TARGET_NAME)";
				SWIFT_VERSION = 4.2;
			};
			name = Debug;
		};
		63D620D92224E4A50088F0E0 /* Release */ = {
			isa = XCBuildConfiguration;
			buildSettings = {
				CODE_SIGN_STYLE = Automatic;
				PRODUCT_NAME = "$(TARGET_NAME)";
				SWIFT_VERSION = 4.2;
			};
			name = Release;
		};
		63D620E32224E4AE0088F0E0 /* Debug */ = {
			isa = XCBuildConfiguration;
			buildSettings = {
				CODE_SIGN_STYLE = Automatic;
				PRODUCT_NAME = "$(TARGET_NAME)";
				SWIFT_VERSION = 4.2;
			};
			name = Debug;
		};
		63D620E42224E4AE0088F0E0 /* Release */ = {
			isa = XCBuildConfiguration;
			buildSettings = {
				CODE_SIGN_STYLE = Automatic;
				PRODUCT_NAME = "$(TARGET_NAME)";
				SWIFT_VERSION = 4.2;
			};
			name = Release;
		};
/* End XCBuildConfiguration section */

/* Begin XCConfigurationList section */
		6333AF3B221E62B1001659A8 /* Build configuration list for PBXNativeTarget "2331" */ = {
			isa = XCConfigurationList;
			buildConfigurations = (
				6333AF39221E62B1001659A8 /* Debug */,
				6333AF3A221E62B1001659A8 /* Release */,
			);
			defaultConfigurationIsVisible = 0;
			defaultConfigurationName = Release;
		};
		6333AF44221E62F1001659A8 /* Build configuration list for PBXNativeTarget "2438" */ = {
			isa = XCConfigurationList;
			buildConfigurations = (
				6333AF45221E62F1001659A8 /* Debug */,
				6333AF46221E62F1001659A8 /* Release */,
			);
			defaultConfigurationIsVisible = 0;
			defaultConfigurationName = Release;
		};
		6333AF4F221E62FB001659A8 /* Build configuration list for PBXNativeTarget "2439" */ = {
			isa = XCConfigurationList;
			buildConfigurations = (
				6333AF50221E62FB001659A8 /* Debug */,
				6333AF51221E62FB001659A8 /* Release */,
			);
			defaultConfigurationIsVisible = 0;
			defaultConfigurationName = Release;
		};
		6333AF5A221E6300001659A8 /* Build configuration list for PBXNativeTarget "2440" */ = {
			isa = XCConfigurationList;
			buildConfigurations = (
				6333AF5B221E6300001659A8 /* Debug */,
				6333AF5C221E6300001659A8 /* Release */,
			);
			defaultConfigurationIsVisible = 0;
			defaultConfigurationName = Release;
		};
		633F0727221659C800648EF3 /* Build configuration list for PBXProject "Problem_2000_2999" */ = {
			isa = XCConfigurationList;
			buildConfigurations = (
				633F0731221659C800648EF3 /* Debug */,
				633F0732221659C800648EF3 /* Release */,
			);
			defaultConfigurationIsVisible = 0;
			defaultConfigurationName = Release;
		};
		633F0733221659C800648EF3 /* Build configuration list for PBXNativeTarget "Problem_2000_2999" */ = {
			isa = XCConfigurationList;
			buildConfigurations = (
				633F0734221659C800648EF3 /* Debug */,
				633F0735221659C800648EF3 /* Release */,
			);
			defaultConfigurationIsVisible = 0;
			defaultConfigurationName = Release;
		};
		633F073E221659D300648EF3 /* Build configuration list for PBXNativeTarget "2979" */ = {
			isa = XCConfigurationList;
			buildConfigurations = (
				633F073F221659D300648EF3 /* Debug */,
				633F0740221659D300648EF3 /* Release */,
			);
			defaultConfigurationIsVisible = 0;
			defaultConfigurationName = Release;
		};
		634F4FD32223B0DC00137F51 /* Build configuration list for PBXNativeTarget "2985" */ = {
			isa = XCConfigurationList;
			buildConfigurations = (
				634F4FD12223B0DC00137F51 /* Debug */,
				634F4FD22223B0DC00137F51 /* Release */,
			);
			defaultConfigurationIsVisible = 0;
			defaultConfigurationName = Release;
		};
		634F4FDE2223B16900137F51 /* Build configuration list for PBXNativeTarget "2445" */ = {
			isa = XCConfigurationList;
			buildConfigurations = (
				634F4FDC2223B16900137F51 /* Debug */,
				634F4FDD2223B16900137F51 /* Release */,
			);
			defaultConfigurationIsVisible = 0;
			defaultConfigurationName = Release;
		};
		634F4FE72223B16E00137F51 /* Build configuration list for PBXNativeTarget "2446" */ = {
			isa = XCConfigurationList;
			buildConfigurations = (
				634F4FE82223B16E00137F51 /* Debug */,
				634F4FE92223B16E00137F51 /* Release */,
			);
			defaultConfigurationIsVisible = 0;
			defaultConfigurationName = Release;
		};
		634F4FF22223B17400137F51 /* Build configuration list for PBXNativeTarget "2455" */ = {
			isa = XCConfigurationList;
			buildConfigurations = (
				634F4FF32223B17400137F51 /* Debug */,
				634F4FF42223B17400137F51 /* Release */,
			);
			defaultConfigurationIsVisible = 0;
			defaultConfigurationName = Release;
		};
		634F4FFD2223B17A00137F51 /* Build configuration list for PBXNativeTarget "2460" */ = {
			isa = XCConfigurationList;
			buildConfigurations = (
				634F4FFE2223B17A00137F51 /* Debug */,
				634F4FFF2223B17A00137F51 /* Release */,
			);
			defaultConfigurationIsVisible = 0;
			defaultConfigurationName = Release;
		};
		637C97A1221CEFC600D29918 /* Build configuration list for PBXNativeTarget "2525" */ = {
			isa = XCConfigurationList;
			buildConfigurations = (
				637C979F221CEFC600D29918 /* Debug */,
				637C97A0221CEFC600D29918 /* Release */,
			);
			defaultConfigurationIsVisible = 0;
			defaultConfigurationName = Release;
		};
		637C97AC221CF1BC00D29918 /* Build configuration list for PBXNativeTarget "2420" */ = {
			isa = XCConfigurationList;
			buildConfigurations = (
				637C97AA221CF1BC00D29918 /* Debug */,
				637C97AB221CF1BC00D29918 /* Release */,
			);
			defaultConfigurationIsVisible = 0;
			defaultConfigurationName = Release;
		};
		637C97C2221CFEDC00D29918 /* Build configuration list for PBXNativeTarget "2161" */ = {
			isa = XCConfigurationList;
			buildConfigurations = (
				637C97C0221CFEDC00D29918 /* Debug */,
				637C97C1221CFEDC00D29918 /* Release */,
			);
			defaultConfigurationIsVisible = 0;
			defaultConfigurationName = Release;
		};
		637C97CB221CFEF400D29918 /* Build configuration list for PBXNativeTarget "2163" */ = {
			isa = XCConfigurationList;
			buildConfigurations = (
				637C97CC221CFEF400D29918 /* Debug */,
				637C97CD221CFEF400D29918 /* Release */,
			);
			defaultConfigurationIsVisible = 0;
			defaultConfigurationName = Release;
		};
		637C97D6221CFEF900D29918 /* Build configuration list for PBXNativeTarget "2292" */ = {
			isa = XCConfigurationList;
			buildConfigurations = (
				637C97D7221CFEF900D29918 /* Debug */,
				637C97D8221CFEF900D29918 /* Release */,
			);
			defaultConfigurationIsVisible = 0;
			defaultConfigurationName = Release;
		};
		637C97E1221CFEFE00D29918 /* Build configuration list for PBXNativeTarget "2309" */ = {
			isa = XCConfigurationList;
			buildConfigurations = (
				637C97E2221CFEFE00D29918 /* Debug */,
				637C97E3221CFEFE00D29918 /* Release */,
			);
			defaultConfigurationIsVisible = 0;
			defaultConfigurationName = Release;
		};
		63887B23221FB6A90014A07A /* Build configuration list for PBXNativeTarget "2441" */ = {
			isa = XCConfigurationList;
			buildConfigurations = (
				63887B21221FB6A90014A07A /* Debug */,
				63887B22221FB6A90014A07A /* Release */,
			);
			defaultConfigurationIsVisible = 0;
			defaultConfigurationName = Release;
		};
		63887B2C221FB6AD0014A07A /* Build configuration list for PBXNativeTarget "2442" */ = {
			isa = XCConfigurationList;
			buildConfigurations = (
				63887B2D221FB6AD0014A07A /* Debug */,
				63887B2E221FB6AD0014A07A /* Release */,
			);
			defaultConfigurationIsVisible = 0;
			defaultConfigurationName = Release;
		};
		63887B37221FB6B20014A07A /* Build configuration list for PBXNativeTarget "2443" */ = {
			isa = XCConfigurationList;
			buildConfigurations = (
				63887B38221FB6B20014A07A /* Debug */,
				63887B39221FB6B20014A07A /* Release */,
			);
			defaultConfigurationIsVisible = 0;
			defaultConfigurationName = Release;
		};
		63887B42221FB6B60014A07A /* Build configuration list for PBXNativeTarget "2444" */ = {
			isa = XCConfigurationList;
			buildConfigurations = (
				63887B43221FB6B60014A07A /* Debug */,
				63887B44221FB6B60014A07A /* Release */,
			);
			defaultConfigurationIsVisible = 0;
			defaultConfigurationName = Release;
		};
		639EC8D5221B970800F72DD2 /* Build configuration list for PBXNativeTarget "2822" */ = {
			isa = XCConfigurationList;
			buildConfigurations = (
				639EC8D3221B970800F72DD2 /* Debug */,
				639EC8D4221B970800F72DD2 /* Release */,
			);
			defaultConfigurationIsVisible = 0;
			defaultConfigurationName = Release;
		};
		639EC8DE221B99FA00F72DD2 /* Build configuration list for PBXNativeTarget "2563" */ = {
			isa = XCConfigurationList;
			buildConfigurations = (
				639EC8DF221B99FA00F72DD2 /* Debug */,
				639EC8E0221B99FA00F72DD2 /* Release */,
			);
			defaultConfigurationIsVisible = 0;
			defaultConfigurationName = Release;
		};
		639EC938221BA88A00F72DD2 /* Build configuration list for PBXNativeTarget "2010" */ = {
			isa = XCConfigurationList;
			buildConfigurations = (
				639EC936221BA88A00F72DD2 /* Debug */,
				639EC937221BA88A00F72DD2 /* Release */,
			);
			defaultConfigurationIsVisible = 0;
			defaultConfigurationName = Release;
		};
		63D620AD2224E0E60088F0E0 /* Build configuration list for PBXNativeTarget "2947" */ = {
			isa = XCConfigurationList;
			buildConfigurations = (
				63D620AB2224E0E60088F0E0 /* Debug */,
				63D620AC2224E0E60088F0E0 /* Release */,
			);
			defaultConfigurationIsVisible = 0;
			defaultConfigurationName = Release;
		};
		63D620C32224E49A0088F0E0 /* Build configuration list for PBXNativeTarget "2475" */ = {
			isa = XCConfigurationList;
			buildConfigurations = (
				63D620C12224E49A0088F0E0 /* Debug */,
				63D620C22224E49A0088F0E0 /* Release */,
			);
			defaultConfigurationIsVisible = 0;
			defaultConfigurationName = Release;
		};
		63D620CC2224E49F0088F0E0 /* Build configuration list for PBXNativeTarget "2476" */ = {
			isa = XCConfigurationList;
			buildConfigurations = (
				63D620CD2224E49F0088F0E0 /* Debug */,
				63D620CE2224E49F0088F0E0 /* Release */,
			);
			defaultConfigurationIsVisible = 0;
			defaultConfigurationName = Release;
		};
		63D620D72224E4A50088F0E0 /* Build configuration list for PBXNativeTarget "2480" */ = {
			isa = XCConfigurationList;
			buildConfigurations = (
				63D620D82224E4A50088F0E0 /* Debug */,
				63D620D92224E4A50088F0E0 /* Release */,
			);
			defaultConfigurationIsVisible = 0;
			defaultConfigurationName = Release;
		};
		63D620E22224E4AE0088F0E0 /* Build configuration list for PBXNativeTarget "2490" */ = {
			isa = XCConfigurationList;
			buildConfigurations = (
				63D620E32224E4AE0088F0E0 /* Debug */,
				63D620E42224E4AE0088F0E0 /* Release */,
			);
			defaultConfigurationIsVisible = 0;
			defaultConfigurationName = Release;
		};
/* End XCConfigurationList section */
	};
	rootObject = 633F0724221659C800648EF3 /* Project object */;
}
