// !$*UTF8*$!
{
	archiveVersion = 1;
	classes = {
	};
	objectVersion = 50;
	objects = {

/* Begin PBXBuildFile section */
		6317B9032212695A00DF138A /* main.swift in Sources */ = {isa = PBXBuildFile; fileRef = 6317B9022212695A00DF138A /* main.swift */; };
		6317B9102212696000DF138A /* main.swift in Sources */ = {isa = PBXBuildFile; fileRef = 6317B90F2212696000DF138A /* main.swift */; };
		6317F88D2213AF3C00F70E4C /* main.swift in Sources */ = {isa = PBXBuildFile; fileRef = 6317F88C2213AF3C00F70E4C /* main.swift */; };
/* End PBXBuildFile section */

/* Begin PBXCopyFilesBuildPhase section */
		6317B8FD2212695A00DF138A /* CopyFiles */ = {
			isa = PBXCopyFilesBuildPhase;
			buildActionMask = 2147483647;
			dstPath = /usr/share/man/man1/;
			dstSubfolderSpec = 0;
			files = (
			);
			runOnlyForDeploymentPostprocessing = 1;
		};
		6317B90B2212696000DF138A /* CopyFiles */ = {
			isa = PBXCopyFilesBuildPhase;
			buildActionMask = 2147483647;
			dstPath = /usr/share/man/man1/;
			dstSubfolderSpec = 0;
			files = (
			);
			runOnlyForDeploymentPostprocessing = 1;
		};
		6317F8882213AF3C00F70E4C /* CopyFiles */ = {
			isa = PBXCopyFilesBuildPhase;
			buildActionMask = 2147483647;
			dstPath = /usr/share/man/man1/;
			dstSubfolderSpec = 0;
			files = (
			);
			runOnlyForDeploymentPostprocessing = 1;
		};
/* End PBXCopyFilesBuildPhase section */

/* Begin PBXFileReference section */
		6317B8FF2212695A00DF138A /* Problem_3000_3999 */ = {isa = PBXFileReference; explicitFileType = "compiled.mach-o.executable"; includeInIndex = 0; path = Problem_3000_3999; sourceTree = BUILT_PRODUCTS_DIR; };
		6317B9022212695A00DF138A /* main.swift */ = {isa = PBXFileReference; lastKnownFileType = sourcecode.swift; path = main.swift; sourceTree = "<group>"; };
		6317B90D2212696000DF138A /* 3449 */ = {isa = PBXFileReference; explicitFileType = "compiled.mach-o.executable"; includeInIndex = 0; path = 3449; sourceTree = BUILT_PRODUCTS_DIR; };
		6317B90F2212696000DF138A /* main.swift */ = {isa = PBXFileReference; lastKnownFileType = sourcecode.swift; path = main.swift; sourceTree = "<group>"; };
		6317F88A2213AF3C00F70E4C /* 3009 */ = {isa = PBXFileReference; explicitFileType = "compiled.mach-o.executable"; includeInIndex = 0; path = 3009; sourceTree = BUILT_PRODUCTS_DIR; };
		6317F88C2213AF3C00F70E4C /* main.swift */ = {isa = PBXFileReference; lastKnownFileType = sourcecode.swift; path = main.swift; sourceTree = "<group>"; };
/* End PBXFileReference section */

/* Begin PBXFrameworksBuildPhase section */
		6317B8FC2212695A00DF138A /* Frameworks */ = {
			isa = PBXFrameworksBuildPhase;
			buildActionMask = 2147483647;
			files = (
			);
			runOnlyForDeploymentPostprocessing = 0;
		};
		6317B90A2212696000DF138A /* Frameworks */ = {
			isa = PBXFrameworksBuildPhase;
			buildActionMask = 2147483647;
			files = (
			);
			runOnlyForDeploymentPostprocessing = 0;
		};
		6317F8872213AF3C00F70E4C /* Frameworks */ = {
			isa = PBXFrameworksBuildPhase;
			buildActionMask = 2147483647;
			files = (
			);
			runOnlyForDeploymentPostprocessing = 0;
		};
/* End PBXFrameworksBuildPhase section */

/* Begin PBXGroup section */
		6317B8F62212695A00DF138A = {
			isa = PBXGroup;
			children = (
				6317B9012212695A00DF138A /* Problem_3000_3999 */,
				6317F88B2213AF3C00F70E4C /* 3009 */,
				6317B90E2212696000DF138A /* 3449 */,
				6317B9002212695A00DF138A /* Products */,
			);
			sourceTree = "<group>";
		};
		6317B9002212695A00DF138A /* Products */ = {
			isa = PBXGroup;
			children = (
				6317B8FF2212695A00DF138A /* Problem_3000_3999 */,
				6317B90D2212696000DF138A /* 3449 */,
				6317F88A2213AF3C00F70E4C /* 3009 */,
			);
			name = Products;
			sourceTree = "<group>";
		};
		6317B9012212695A00DF138A /* Problem_3000_3999 */ = {
			isa = PBXGroup;
			children = (
				6317B9022212695A00DF138A /* main.swift */,
			);
			path = Problem_3000_3999;
			sourceTree = "<group>";
		};
		6317B90E2212696000DF138A /* 3449 */ = {
			isa = PBXGroup;
			children = (
				6317B90F2212696000DF138A /* main.swift */,
			);
			path = 3449;
			sourceTree = "<group>";
		};
		6317F88B2213AF3C00F70E4C /* 3009 */ = {
			isa = PBXGroup;
			children = (
				6317F88C2213AF3C00F70E4C /* main.swift */,
			);
			path = 3009;
			sourceTree = "<group>";
		};
/* End PBXGroup section */

/* Begin PBXNativeTarget section */
		6317B8FE2212695A00DF138A /* Problem_3000_3999 */ = {
			isa = PBXNativeTarget;
			buildConfigurationList = 6317B9062212695A00DF138A /* Build configuration list for PBXNativeTarget "Problem_3000_3999" */;
			buildPhases = (
				6317B8FB2212695A00DF138A /* Sources */,
				6317B8FC2212695A00DF138A /* Frameworks */,
				6317B8FD2212695A00DF138A /* CopyFiles */,
			);
			buildRules = (
			);
			dependencies = (
			);
			name = Problem_3000_3999;
			productName = Problem_3000_3999;
			productReference = 6317B8FF2212695A00DF138A /* Problem_3000_3999 */;
			productType = "com.apple.product-type.tool";
		};
		6317B90C2212696000DF138A /* 3449 */ = {
			isa = PBXNativeTarget;
			buildConfigurationList = 6317B9112212696000DF138A /* Build configuration list for PBXNativeTarget "3449" */;
			buildPhases = (
				6317B9092212696000DF138A /* Sources */,
				6317B90A2212696000DF138A /* Frameworks */,
				6317B90B2212696000DF138A /* CopyFiles */,
			);
			buildRules = (
			);
			dependencies = (
			);
			name = 3449;
			productName = 3449;
			productReference = 6317B90D2212696000DF138A /* 3449 */;
			productType = "com.apple.product-type.tool";
		};
		6317F8892213AF3C00F70E4C /* 3009 */ = {
			isa = PBXNativeTarget;
			buildConfigurationList = 6317F8902213AF3C00F70E4C /* Build configuration list for PBXNativeTarget "3009" */;
			buildPhases = (
				6317F8862213AF3C00F70E4C /* Sources */,
				6317F8872213AF3C00F70E4C /* Frameworks */,
				6317F8882213AF3C00F70E4C /* CopyFiles */,
			);
			buildRules = (
			);
			dependencies = (
			);
			name = 3009;
			productName = 3009;
			productReference = 6317F88A2213AF3C00F70E4C /* 3009 */;
			productType = "com.apple.product-type.tool";
		};
/* End PBXNativeTarget section */

/* Begin PBXProject section */
		6317B8F72212695A00DF138A /* Project object */ = {
			isa = PBXProject;
			attributes = {
				LastSwiftUpdateCheck = 1010;
				LastUpgradeCheck = 1010;
				ORGANIZATIONNAME = myoung;
				TargetAttributes = {
					6317B8FE2212695A00DF138A = {
						CreatedOnToolsVersion = 10.1;
					};
					6317B90C2212696000DF138A = {
						CreatedOnToolsVersion = 10.1;
					};
					6317F8892213AF3C00F70E4C = {
						CreatedOnToolsVersion = 10.1;
					};
				};
			};
			buildConfigurationList = 6317B8FA2212695A00DF138A /* Build configuration list for PBXProject "Problem_3000_3999" */;
			compatibilityVersion = "Xcode 9.3";
			developmentRegion = en;
			hasScannedForEncodings = 0;
			knownRegions = (
				en,
			);
			mainGroup = 6317B8F62212695A00DF138A;
			productRefGroup = 6317B9002212695A00DF138A /* Products */;
			projectDirPath = "";
			projectRoot = "";
			targets = (
				6317B8FE2212695A00DF138A /* Problem_3000_3999 */,
				6317F8892213AF3C00F70E4C /* 3009 */,
				6317B90C2212696000DF138A /* 3449 */,
			);
		};
/* End PBXProject section */

/* Begin PBXSourcesBuildPhase section */
		6317B8FB2212695A00DF138A /* Sources */ = {
			isa = PBXSourcesBuildPhase;
			buildActionMask = 2147483647;
			files = (
				6317B9032212695A00DF138A /* main.swift in Sources */,
			);
			runOnlyForDeploymentPostprocessing = 0;
		};
		6317B9092212696000DF138A /* Sources */ = {
			isa = PBXSourcesBuildPhase;
			buildActionMask = 2147483647;
			files = (
				6317B9102212696000DF138A /* main.swift in Sources */,
			);
			runOnlyForDeploymentPostprocessing = 0;
		};
		6317F8862213AF3C00F70E4C /* Sources */ = {
			isa = PBXSourcesBuildPhase;
			buildActionMask = 2147483647;
			files = (
				6317F88D2213AF3C00F70E4C /* main.swift in Sources */,
			);
			runOnlyForDeploymentPostprocessing = 0;
		};
/* End PBXSourcesBuildPhase section */

/* Begin XCBuildConfiguration section */
		6317B9042212695A00DF138A /* Debug */ = {
			isa = XCBuildConfiguration;
			buildSettings = {
				ALWAYS_SEARCH_USER_PATHS = NO;
				CLANG_ANALYZER_NONNULL = YES;
				CLANG_ANALYZER_NUMBER_OBJECT_CONVERSION = YES_AGGRESSIVE;
				CLANG_CXX_LANGUAGE_STANDARD = "gnu++14";
				CLANG_CXX_LIBRARY = "libc++";
				CLANG_ENABLE_MODULES = YES;
				CLANG_ENABLE_OBJC_ARC = YES;
				CLANG_ENABLE_OBJC_WEAK = YES;
				CLANG_WARN_BLOCK_CAPTURE_AUTORELEASING = YES;
				CLANG_WARN_BOOL_CONVERSION = YES;
				CLANG_WARN_COMMA = YES;
				CLANG_WARN_CONSTANT_CONVERSION = YES;
				CLANG_WARN_DEPRECATED_OBJC_IMPLEMENTATIONS = YES;
				CLANG_WARN_DIRECT_OBJC_ISA_USAGE = YES_ERROR;
				CLANG_WARN_DOCUMENTATION_COMMENTS = YES;
				CLANG_WARN_EMPTY_BODY = YES;
				CLANG_WARN_ENUM_CONVERSION = YES;
				CLANG_WARN_INFINITE_RECURSION = YES;
				CLANG_WARN_INT_CONVERSION = YES;
				CLANG_WARN_NON_LITERAL_NULL_CONVERSION = YES;
				CLANG_WARN_OBJC_IMPLICIT_RETAIN_SELF = YES;
				CLANG_WARN_OBJC_LITERAL_CONVERSION = YES;
				CLANG_WARN_OBJC_ROOT_CLASS = YES_ERROR;
				CLANG_WARN_RANGE_LOOP_ANALYSIS = YES;
				CLANG_WARN_STRICT_PROTOTYPES = YES;
				CLANG_WARN_SUSPICIOUS_MOVE = YES;
				CLANG_WARN_UNGUARDED_AVAILABILITY = YES_AGGRESSIVE;
				CLANG_WARN_UNREACHABLE_CODE = YES;
				CLANG_WARN__DUPLICATE_METHOD_MATCH = YES;
				CODE_SIGN_IDENTITY = "-";
				COPY_PHASE_STRIP = NO;
				DEBUG_INFORMATION_FORMAT = dwarf;
				ENABLE_STRICT_OBJC_MSGSEND = YES;
				ENABLE_TESTABILITY = YES;
				GCC_C_LANGUAGE_STANDARD = gnu11;
				GCC_DYNAMIC_NO_PIC = NO;
				GCC_NO_COMMON_BLOCKS = YES;
				GCC_OPTIMIZATION_LEVEL = 0;
				GCC_PREPROCESSOR_DEFINITIONS = (
					"DEBUG=1",
					"$(inherited)",
				);
				GCC_WARN_64_TO_32_BIT_CONVERSION = YES;
				GCC_WARN_ABOUT_RETURN_TYPE = YES_ERROR;
				GCC_WARN_UNDECLARED_SELECTOR = YES;
				GCC_WARN_UNINITIALIZED_AUTOS = YES_AGGRESSIVE;
				GCC_WARN_UNUSED_FUNCTION = YES;
				GCC_WARN_UNUSED_VARIABLE = YES;
				MACOSX_DEPLOYMENT_TARGET = 10.14;
				MTL_ENABLE_DEBUG_INFO = INCLUDE_SOURCE;
				MTL_FAST_MATH = YES;
				ONLY_ACTIVE_ARCH = YES;
				SDKROOT = macosx;
				SWIFT_ACTIVE_COMPILATION_CONDITIONS = DEBUG;
				SWIFT_OPTIMIZATION_LEVEL = "-Onone";
			};
			name = Debug;
		};
		6317B9052212695A00DF138A /* Release */ = {
			isa = XCBuildConfiguration;
			buildSettings = {
				ALWAYS_SEARCH_USER_PATHS = NO;
				CLANG_ANALYZER_NONNULL = YES;
				CLANG_ANALYZER_NUMBER_OBJECT_CONVERSION = YES_AGGRESSIVE;
				CLANG_CXX_LANGUAGE_STANDARD = "gnu++14";
				CLANG_CXX_LIBRARY = "libc++";
				CLANG_ENABLE_MODULES = YES;
				CLANG_ENABLE_OBJC_ARC = YES;
				CLANG_ENABLE_OBJC_WEAK = YES;
				CLANG_WARN_BLOCK_CAPTURE_AUTORELEASING = YES;
				CLANG_WARN_BOOL_CONVERSION = YES;
				CLANG_WARN_COMMA = YES;
				CLANG_WARN_CONSTANT_CONVERSION = YES;
				CLANG_WARN_DEPRECATED_OBJC_IMPLEMENTATIONS = YES;
				CLANG_WARN_DIRECT_OBJC_ISA_USAGE = YES_ERROR;
				CLANG_WARN_DOCUMENTATION_COMMENTS = YES;
				CLANG_WARN_EMPTY_BODY = YES;
				CLANG_WARN_ENUM_CONVERSION = YES;
				CLANG_WARN_INFINITE_RECURSION = YES;
				CLANG_WARN_INT_CONVERSION = YES;
				CLANG_WARN_NON_LITERAL_NULL_CONVERSION = YES;
				CLANG_WARN_OBJC_IMPLICIT_RETAIN_SELF = YES;
				CLANG_WARN_OBJC_LITERAL_CONVERSION = YES;
				CLANG_WARN_OBJC_ROOT_CLASS = YES_ERROR;
				CLANG_WARN_RANGE_LOOP_ANALYSIS = YES;
				CLANG_WARN_STRICT_PROTOTYPES = YES;
				CLANG_WARN_SUSPICIOUS_MOVE = YES;
				CLANG_WARN_UNGUARDED_AVAILABILITY = YES_AGGRESSIVE;
				CLANG_WARN_UNREACHABLE_CODE = YES;
				CLANG_WARN__DUPLICATE_METHOD_MATCH = YES;
				CODE_SIGN_IDENTITY = "-";
				COPY_PHASE_STRIP = NO;
				DEBUG_INFORMATION_FORMAT = "dwarf-with-dsym";
				ENABLE_NS_ASSERTIONS = NO;
				ENABLE_STRICT_OBJC_MSGSEND = YES;
				GCC_C_LANGUAGE_STANDARD = gnu11;
				GCC_NO_COMMON_BLOCKS = YES;
				GCC_WARN_64_TO_32_BIT_CONVERSION = YES;
				GCC_WARN_ABOUT_RETURN_TYPE = YES_ERROR;
				GCC_WARN_UNDECLARED_SELECTOR = YES;
				GCC_WARN_UNINITIALIZED_AUTOS = YES_AGGRESSIVE;
				GCC_WARN_UNUSED_FUNCTION = YES;
				GCC_WARN_UNUSED_VARIABLE = YES;
				MACOSX_DEPLOYMENT_TARGET = 10.14;
				MTL_ENABLE_DEBUG_INFO = NO;
				MTL_FAST_MATH = YES;
				SDKROOT = macosx;
				SWIFT_COMPILATION_MODE = wholemodule;
				SWIFT_OPTIMIZATION_LEVEL = "-O";
			};
			name = Release;
		};
		6317B9072212695A00DF138A /* Debug */ = {
			isa = XCBuildConfiguration;
			buildSettings = {
				CODE_SIGN_STYLE = Automatic;
				PRODUCT_NAME = "$(TARGET_NAME)";
				SWIFT_VERSION = 4.2;
			};
			name = Debug;
		};
		6317B9082212695A00DF138A /* Release */ = {
			isa = XCBuildConfiguration;
			buildSettings = {
				CODE_SIGN_STYLE = Automatic;
				PRODUCT_NAME = "$(TARGET_NAME)";
				SWIFT_VERSION = 4.2;
			};
			name = Release;
		};
		6317B9122212696000DF138A /* Debug */ = {
			isa = XCBuildConfiguration;
			buildSettings = {
				CODE_SIGN_STYLE = Automatic;
				PRODUCT_NAME = "$(TARGET_NAME)";
				SWIFT_VERSION = 4.2;
			};
			name = Debug;
		};
		6317B9132212696000DF138A /* Release */ = {
			isa = XCBuildConfiguration;
			buildSettings = {
				CODE_SIGN_STYLE = Automatic;
				PRODUCT_NAME = "$(TARGET_NAME)";
				SWIFT_VERSION = 4.2;
			};
			name = Release;
		};
		6317F88E2213AF3C00F70E4C /* Debug */ = {
			isa = XCBuildConfiguration;
			buildSettings = {
				CODE_SIGN_STYLE = Automatic;
				PRODUCT_NAME = "$(TARGET_NAME)";
				SWIFT_VERSION = 4.2;
			};
			name = Debug;
		};
		6317F88F2213AF3C00F70E4C /* Release */ = {
			isa = XCBuildConfiguration;
			buildSettings = {
				CODE_SIGN_STYLE = Automatic;
				PRODUCT_NAME = "$(TARGET_NAME)";
				SWIFT_VERSION = 4.2;
			};
			name = Release;
		};
/* End XCBuildConfiguration section */

/* Begin XCConfigurationList section */
		6317B8FA2212695A00DF138A /* Build configuration list for PBXProject "Problem_3000_3999" */ = {
			isa = XCConfigurationList;
			buildConfigurations = (
				6317B9042212695A00DF138A /* Debug */,
				6317B9052212695A00DF138A /* Release */,
			);
			defaultConfigurationIsVisible = 0;
			defaultConfigurationName = Release;
		};
		6317B9062212695A00DF138A /* Build configuration list for PBXNativeTarget "Problem_3000_3999" */ = {
			isa = XCConfigurationList;
			buildConfigurations = (
				6317B9072212695A00DF138A /* Debug */,
				6317B9082212695A00DF138A /* Release */,
			);
			defaultConfigurationIsVisible = 0;
			defaultConfigurationName = Release;
		};
		6317B9112212696000DF138A /* Build configuration list for PBXNativeTarget "3449" */ = {
			isa = XCConfigurationList;
			buildConfigurations = (
				6317B9122212696000DF138A /* Debug */,
				6317B9132212696000DF138A /* Release */,
			);
			defaultConfigurationIsVisible = 0;
			defaultConfigurationName = Release;
		};
		6317F8902213AF3C00F70E4C /* Build configuration list for PBXNativeTarget "3009" */ = {
			isa = XCConfigurationList;
			buildConfigurations = (
				6317F88E2213AF3C00F70E4C /* Debug */,
				6317F88F2213AF3C00F70E4C /* Release */,
			);
			defaultConfigurationIsVisible = 0;
			defaultConfigurationName = Release;
		};
/* End XCConfigurationList section */
	};
	rootObject = 6317B8F72212695A00DF138A /* Project object */;
}
