// !$*UTF8*$!
{
	archiveVersion = 1;
	classes = {
	};
	objectVersion = 50;
	objects = {

/* Begin PBXBuildFile section */
		6317F8982213B0D000F70E4C /* main.swift in Sources */ = {isa = PBXBuildFile; fileRef = 6317F8972213B0D000F70E4C /* main.swift */; };
		6317F8A32213B59000F70E4C /* main.swift in Sources */ = {isa = PBXBuildFile; fileRef = 6317F8A22213B59000F70E4C /* main.swift */; };
		633F075E221665D900648EF3 /* main.swift in Sources */ = {isa = PBXBuildFile; fileRef = 633F075D221665D900648EF3 /* main.swift */; };
		634FB97F222E1C1A00358106 /* main.swift in Sources */ = {isa = PBXBuildFile; fileRef = 634FB97E222E1C1A00358106 /* main.swift */; };
		636E17162237494F006D7BF1 /* main.swift in Sources */ = {isa = PBXBuildFile; fileRef = 636E17152237494F006D7BF1 /* main.swift */; };
		639EC8E8221BA49C00F72DD2 /* main.swift in Sources */ = {isa = PBXBuildFile; fileRef = 639EC8E7221BA49C00F72DD2 /* main.swift */; };
		63A7688322110DB8009F5177 /* main.swift in Sources */ = {isa = PBXBuildFile; fileRef = 63A7688222110DB8009F5177 /* main.swift */; };
		63A7689022110F05009F5177 /* main.swift in Sources */ = {isa = PBXBuildFile; fileRef = 63A7688F22110F05009F5177 /* main.swift */; };
		63A97D71221A56E900779128 /* main.swift in Sources */ = {isa = PBXBuildFile; fileRef = 63A97D70221A56E900779128 /* main.swift */; };
		A61E333926671D4E0002B030 /* main.swift in Sources */ = {isa = PBXBuildFile; fileRef = A61E333826671D4E0002B030 /* main.swift */; };
		A69C30792399F7D70075A234 /* main.swift in Sources */ = {isa = PBXBuildFile; fileRef = A69C30782399F7D70075A234 /* main.swift */; };
		A6D4B11A265DE38300714CB1 /* main.swift in Sources */ = {isa = PBXBuildFile; fileRef = A6D4B119265DE38300714CB1 /* main.swift */; };
		E4D9B7DA25AFB702008F94BF /* main.swift in Sources */ = {isa = PBXBuildFile; fileRef = E4D9B7D925AFB702008F94BF /* main.swift */; };
/* End PBXBuildFile section */

/* Begin PBXCopyFilesBuildPhase section */
		6317F8932213B0D000F70E4C /* CopyFiles */ = {
			isa = PBXCopyFilesBuildPhase;
			buildActionMask = 2147483647;
			dstPath = /usr/share/man/man1/;
			dstSubfolderSpec = 0;
			files = (
			);
			runOnlyForDeploymentPostprocessing = 1;
		};
		6317F89E2213B59000F70E4C /* CopyFiles */ = {
			isa = PBXCopyFilesBuildPhase;
			buildActionMask = 2147483647;
			dstPath = /usr/share/man/man1/;
			dstSubfolderSpec = 0;
			files = (
			);
			runOnlyForDeploymentPostprocessing = 1;
		};
		633F0759221665D800648EF3 /* CopyFiles */ = {
			isa = PBXCopyFilesBuildPhase;
			buildActionMask = 2147483647;
			dstPath = /usr/share/man/man1/;
			dstSubfolderSpec = 0;
			files = (
			);
			runOnlyForDeploymentPostprocessing = 1;
		};
		634FB97A222E1C1A00358106 /* CopyFiles */ = {
			isa = PBXCopyFilesBuildPhase;
			buildActionMask = 2147483647;
			dstPath = /usr/share/man/man1/;
			dstSubfolderSpec = 0;
			files = (
			);
			runOnlyForDeploymentPostprocessing = 1;
		};
		636E17112237494E006D7BF1 /* CopyFiles */ = {
			isa = PBXCopyFilesBuildPhase;
			buildActionMask = 2147483647;
			dstPath = /usr/share/man/man1/;
			dstSubfolderSpec = 0;
			files = (
			);
			runOnlyForDeploymentPostprocessing = 1;
		};
		639EC8E3221BA49B00F72DD2 /* CopyFiles */ = {
			isa = PBXCopyFilesBuildPhase;
			buildActionMask = 2147483647;
			dstPath = /usr/share/man/man1/;
			dstSubfolderSpec = 0;
			files = (
			);
			runOnlyForDeploymentPostprocessing = 1;
		};
		63A7687D22110DB8009F5177 /* CopyFiles */ = {
			isa = PBXCopyFilesBuildPhase;
			buildActionMask = 2147483647;
			dstPath = /usr/share/man/man1/;
			dstSubfolderSpec = 0;
			files = (
			);
			runOnlyForDeploymentPostprocessing = 1;
		};
		63A7688B22110F05009F5177 /* CopyFiles */ = {
			isa = PBXCopyFilesBuildPhase;
			buildActionMask = 2147483647;
			dstPath = /usr/share/man/man1/;
			dstSubfolderSpec = 0;
			files = (
			);
			runOnlyForDeploymentPostprocessing = 1;
		};
		63A97D6C221A56E900779128 /* CopyFiles */ = {
			isa = PBXCopyFilesBuildPhase;
			buildActionMask = 2147483647;
			dstPath = /usr/share/man/man1/;
			dstSubfolderSpec = 0;
			files = (
			);
			runOnlyForDeploymentPostprocessing = 1;
		};
		A61E333426671D4E0002B030 /* CopyFiles */ = {
			isa = PBXCopyFilesBuildPhase;
			buildActionMask = 2147483647;
			dstPath = /usr/share/man/man1/;
			dstSubfolderSpec = 0;
			files = (
			);
			runOnlyForDeploymentPostprocessing = 1;
		};
		A69C30742399F7D70075A234 /* CopyFiles */ = {
			isa = PBXCopyFilesBuildPhase;
			buildActionMask = 2147483647;
			dstPath = /usr/share/man/man1/;
			dstSubfolderSpec = 0;
			files = (
			);
			runOnlyForDeploymentPostprocessing = 1;
		};
		A6D4B115265DE38300714CB1 /* CopyFiles */ = {
			isa = PBXCopyFilesBuildPhase;
			buildActionMask = 2147483647;
			dstPath = /usr/share/man/man1/;
			dstSubfolderSpec = 0;
			files = (
			);
			runOnlyForDeploymentPostprocessing = 1;
		};
		E4D9B7D525AFB702008F94BF /* CopyFiles */ = {
			isa = PBXCopyFilesBuildPhase;
			buildActionMask = 2147483647;
			dstPath = /usr/share/man/man1/;
			dstSubfolderSpec = 0;
			files = (
			);
			runOnlyForDeploymentPostprocessing = 1;
		};
/* End PBXCopyFilesBuildPhase section */

/* Begin PBXFileReference section */
		6317F8952213B0D000F70E4C /* 11557 */ = {isa = PBXFileReference; explicitFileType = "compiled.mach-o.executable"; includeInIndex = 0; path = 11557; sourceTree = BUILT_PRODUCTS_DIR; };
		6317F8972213B0D000F70E4C /* main.swift */ = {isa = PBXFileReference; lastKnownFileType = sourcecode.swift; path = main.swift; sourceTree = "<group>"; };
		6317F8A02213B59000F70E4C /* 11816 */ = {isa = PBXFileReference; explicitFileType = "compiled.mach-o.executable"; includeInIndex = 0; path = 11816; sourceTree = BUILT_PRODUCTS_DIR; };
		6317F8A22213B59000F70E4C /* main.swift */ = {isa = PBXFileReference; lastKnownFileType = sourcecode.swift; path = main.swift; sourceTree = "<group>"; };
		633F075B221665D800648EF3 /* 11098 */ = {isa = PBXFileReference; explicitFileType = "compiled.mach-o.executable"; includeInIndex = 0; path = 11098; sourceTree = BUILT_PRODUCTS_DIR; };
		633F075D221665D900648EF3 /* main.swift */ = {isa = PBXFileReference; lastKnownFileType = sourcecode.swift; path = main.swift; sourceTree = "<group>"; };
		634FB97C222E1C1A00358106 /* 11047 */ = {isa = PBXFileReference; explicitFileType = "compiled.mach-o.executable"; includeInIndex = 0; path = 11047; sourceTree = BUILT_PRODUCTS_DIR; };
		634FB97E222E1C1A00358106 /* main.swift */ = {isa = PBXFileReference; lastKnownFileType = sourcecode.swift; path = main.swift; sourceTree = "<group>"; };
		636E17132237494E006D7BF1 /* 11179 */ = {isa = PBXFileReference; explicitFileType = "compiled.mach-o.executable"; includeInIndex = 0; path = 11179; sourceTree = BUILT_PRODUCTS_DIR; };
		636E17152237494F006D7BF1 /* main.swift */ = {isa = PBXFileReference; lastKnownFileType = sourcecode.swift; path = main.swift; sourceTree = "<group>"; };
		639EC8E5221BA49B00F72DD2 /* 11943 */ = {isa = PBXFileReference; explicitFileType = "compiled.mach-o.executable"; includeInIndex = 0; path = 11943; sourceTree = BUILT_PRODUCTS_DIR; };
		639EC8E7221BA49C00F72DD2 /* main.swift */ = {isa = PBXFileReference; lastKnownFileType = sourcecode.swift; path = main.swift; sourceTree = "<group>"; };
		63A7687F22110DB8009F5177 /* Problem_11000_11999 */ = {isa = PBXFileReference; explicitFileType = "compiled.mach-o.executable"; includeInIndex = 0; path = Problem_11000_11999; sourceTree = BUILT_PRODUCTS_DIR; };
		63A7688222110DB8009F5177 /* main.swift */ = {isa = PBXFileReference; lastKnownFileType = sourcecode.swift; path = main.swift; sourceTree = "<group>"; };
		63A7688D22110F05009F5177 /* 11948 */ = {isa = PBXFileReference; explicitFileType = "compiled.mach-o.executable"; includeInIndex = 0; path = 11948; sourceTree = BUILT_PRODUCTS_DIR; };
		63A7688F22110F05009F5177 /* main.swift */ = {isa = PBXFileReference; lastKnownFileType = sourcecode.swift; path = main.swift; sourceTree = "<group>"; };
		63A97D6E221A56E900779128 /* 11586 */ = {isa = PBXFileReference; explicitFileType = "compiled.mach-o.executable"; includeInIndex = 0; path = 11586; sourceTree = BUILT_PRODUCTS_DIR; };
		63A97D70221A56E900779128 /* main.swift */ = {isa = PBXFileReference; lastKnownFileType = sourcecode.swift; path = main.swift; sourceTree = "<group>"; };
		A61E333626671D4E0002B030 /* 11944 */ = {isa = PBXFileReference; explicitFileType = "compiled.mach-o.executable"; includeInIndex = 0; path = 11944; sourceTree = BUILT_PRODUCTS_DIR; };
		A61E333826671D4E0002B030 /* main.swift */ = {isa = PBXFileReference; lastKnownFileType = sourcecode.swift; path = main.swift; sourceTree = "<group>"; };
		A69C30762399F7D70075A234 /* 11966 */ = {isa = PBXFileReference; explicitFileType = "compiled.mach-o.executable"; includeInIndex = 0; path = 11966; sourceTree = BUILT_PRODUCTS_DIR; };
		A69C30782399F7D70075A234 /* main.swift */ = {isa = PBXFileReference; lastKnownFileType = sourcecode.swift; path = main.swift; sourceTree = "<group>"; };
		A6D4B117265DE38300714CB1 /* 11575 */ = {isa = PBXFileReference; explicitFileType = "compiled.mach-o.executable"; includeInIndex = 0; path = 11575; sourceTree = BUILT_PRODUCTS_DIR; };
		A6D4B119265DE38300714CB1 /* main.swift */ = {isa = PBXFileReference; lastKnownFileType = sourcecode.swift; path = main.swift; sourceTree = "<group>"; };
		E4D9B7D725AFB702008F94BF /* 11650 */ = {isa = PBXFileReference; explicitFileType = "compiled.mach-o.executable"; includeInIndex = 0; path = 11650; sourceTree = BUILT_PRODUCTS_DIR; };
		E4D9B7D925AFB702008F94BF /* main.swift */ = {isa = PBXFileReference; lastKnownFileType = sourcecode.swift; path = main.swift; sourceTree = "<group>"; };
/* End PBXFileReference section */

/* Begin PBXFrameworksBuildPhase section */
		6317F8922213B0D000F70E4C /* Frameworks */ = {
			isa = PBXFrameworksBuildPhase;
			buildActionMask = 2147483647;
			files = (
			);
			runOnlyForDeploymentPostprocessing = 0;
		};
		6317F89D2213B59000F70E4C /* Frameworks */ = {
			isa = PBXFrameworksBuildPhase;
			buildActionMask = 2147483647;
			files = (
			);
			runOnlyForDeploymentPostprocessing = 0;
		};
		633F0758221665D800648EF3 /* Frameworks */ = {
			isa = PBXFrameworksBuildPhase;
			buildActionMask = 2147483647;
			files = (
			);
			runOnlyForDeploymentPostprocessing = 0;
		};
		634FB979222E1C1A00358106 /* Frameworks */ = {
			isa = PBXFrameworksBuildPhase;
			buildActionMask = 2147483647;
			files = (
			);
			runOnlyForDeploymentPostprocessing = 0;
		};
		636E17102237494E006D7BF1 /* Frameworks */ = {
			isa = PBXFrameworksBuildPhase;
			buildActionMask = 2147483647;
			files = (
			);
			runOnlyForDeploymentPostprocessing = 0;
		};
		639EC8E2221BA49B00F72DD2 /* Frameworks */ = {
			isa = PBXFrameworksBuildPhase;
			buildActionMask = 2147483647;
			files = (
			);
			runOnlyForDeploymentPostprocessing = 0;
		};
		63A7687C22110DB8009F5177 /* Frameworks */ = {
			isa = PBXFrameworksBuildPhase;
			buildActionMask = 2147483647;
			files = (
			);
			runOnlyForDeploymentPostprocessing = 0;
		};
		63A7688A22110F05009F5177 /* Frameworks */ = {
			isa = PBXFrameworksBuildPhase;
			buildActionMask = 2147483647;
			files = (
			);
			runOnlyForDeploymentPostprocessing = 0;
		};
		63A97D6B221A56E900779128 /* Frameworks */ = {
			isa = PBXFrameworksBuildPhase;
			buildActionMask = 2147483647;
			files = (
			);
			runOnlyForDeploymentPostprocessing = 0;
		};
		A61E333326671D4E0002B030 /* Frameworks */ = {
			isa = PBXFrameworksBuildPhase;
			buildActionMask = 2147483647;
			files = (
			);
			runOnlyForDeploymentPostprocessing = 0;
		};
		A69C30732399F7D70075A234 /* Frameworks */ = {
			isa = PBXFrameworksBuildPhase;
			buildActionMask = 2147483647;
			files = (
			);
			runOnlyForDeploymentPostprocessing = 0;
		};
		A6D4B114265DE38300714CB1 /* Frameworks */ = {
			isa = PBXFrameworksBuildPhase;
			buildActionMask = 2147483647;
			files = (
			);
			runOnlyForDeploymentPostprocessing = 0;
		};
		E4D9B7D425AFB702008F94BF /* Frameworks */ = {
			isa = PBXFrameworksBuildPhase;
			buildActionMask = 2147483647;
			files = (
			);
			runOnlyForDeploymentPostprocessing = 0;
		};
/* End PBXFrameworksBuildPhase section */

/* Begin PBXGroup section */
		6317F8962213B0D000F70E4C /* 11557 */ = {
			isa = PBXGroup;
			children = (
				6317F8972213B0D000F70E4C /* main.swift */,
			);
			path = 11557;
			sourceTree = "<group>";
		};
		6317F8A12213B59000F70E4C /* 11816 */ = {
			isa = PBXGroup;
			children = (
				6317F8A22213B59000F70E4C /* main.swift */,
			);
			path = 11816;
			sourceTree = "<group>";
		};
		633F075C221665D800648EF3 /* 11098 */ = {
			isa = PBXGroup;
			children = (
				633F075D221665D900648EF3 /* main.swift */,
			);
			path = 11098;
			sourceTree = "<group>";
		};
		634FB97D222E1C1A00358106 /* 11047 */ = {
			isa = PBXGroup;
			children = (
				634FB97E222E1C1A00358106 /* main.swift */,
			);
			path = 11047;
			sourceTree = "<group>";
		};
		636E17142237494F006D7BF1 /* 11179 */ = {
			isa = PBXGroup;
			children = (
				636E17152237494F006D7BF1 /* main.swift */,
			);
			path = 11179;
			sourceTree = "<group>";
		};
		639EC8E6221BA49C00F72DD2 /* 11943 */ = {
			isa = PBXGroup;
			children = (
				639EC8E7221BA49C00F72DD2 /* main.swift */,
			);
			path = 11943;
			sourceTree = "<group>";
		};
		63A7687622110DB8009F5177 = {
			isa = PBXGroup;
			children = (
				63A7688122110DB8009F5177 /* Problem_11000_11999 */,
				634FB97D222E1C1A00358106 /* 11047 */,
				633F075C221665D800648EF3 /* 11098 */,
				636E17142237494F006D7BF1 /* 11179 */,
				6317F8962213B0D000F70E4C /* 11557 */,
				A6D4B118265DE38300714CB1 /* 11575 */,
				63A97D6F221A56E900779128 /* 11586 */,
				E4D9B7D825AFB702008F94BF /* 11650 */,
				6317F8A12213B59000F70E4C /* 11816 */,
				639EC8E6221BA49C00F72DD2 /* 11943 */,
				A61E333726671D4E0002B030 /* 11944 */,
				63A7688E22110F05009F5177 /* 11948 */,
				A69C30772399F7D70075A234 /* 11966 */,
				63A7688022110DB8009F5177 /* Products */,
			);
			sourceTree = "<group>";
		};
		63A7688022110DB8009F5177 /* Products */ = {
			isa = PBXGroup;
			children = (
				63A7687F22110DB8009F5177 /* Problem_11000_11999 */,
				63A7688D22110F05009F5177 /* 11948 */,
				6317F8952213B0D000F70E4C /* 11557 */,
				6317F8A02213B59000F70E4C /* 11816 */,
				633F075B221665D800648EF3 /* 11098 */,
				63A97D6E221A56E900779128 /* 11586 */,
				639EC8E5221BA49B00F72DD2 /* 11943 */,
				634FB97C222E1C1A00358106 /* 11047 */,
				636E17132237494E006D7BF1 /* 11179 */,
				A69C30762399F7D70075A234 /* 11966 */,
				E4D9B7D725AFB702008F94BF /* 11650 */,
				A6D4B117265DE38300714CB1 /* 11575 */,
				A61E333626671D4E0002B030 /* 11944 */,
			);
			name = Products;
			sourceTree = "<group>";
		};
		63A7688122110DB8009F5177 /* Problem_11000_11999 */ = {
			isa = PBXGroup;
			children = (
				63A7688222110DB8009F5177 /* main.swift */,
			);
			path = Problem_11000_11999;
			sourceTree = "<group>";
		};
		63A7688E22110F05009F5177 /* 11948 */ = {
			isa = PBXGroup;
			children = (
				63A7688F22110F05009F5177 /* main.swift */,
			);
			path = 11948;
			sourceTree = "<group>";
		};
		63A97D6F221A56E900779128 /* 11586 */ = {
			isa = PBXGroup;
			children = (
				63A97D70221A56E900779128 /* main.swift */,
			);
			path = 11586;
			sourceTree = "<group>";
		};
		A61E333726671D4E0002B030 /* 11944 */ = {
			isa = PBXGroup;
			children = (
				A61E333826671D4E0002B030 /* main.swift */,
			);
			path = 11944;
			sourceTree = "<group>";
		};
		A69C30772399F7D70075A234 /* 11966 */ = {
			isa = PBXGroup;
			children = (
				A69C30782399F7D70075A234 /* main.swift */,
			);
			path = 11966;
			sourceTree = "<group>";
		};
		A6D4B118265DE38300714CB1 /* 11575 */ = {
			isa = PBXGroup;
			children = (
				A6D4B119265DE38300714CB1 /* main.swift */,
			);
			path = 11575;
			sourceTree = "<group>";
		};
		E4D9B7D825AFB702008F94BF /* 11650 */ = {
			isa = PBXGroup;
			children = (
				E4D9B7D925AFB702008F94BF /* main.swift */,
			);
			path = 11650;
			sourceTree = "<group>";
		};
/* End PBXGroup section */

/* Begin PBXNativeTarget section */
		6317F8942213B0D000F70E4C /* 11557 */ = {
			isa = PBXNativeTarget;
			buildConfigurationList = 6317F89B2213B0D000F70E4C /* Build configuration list for PBXNativeTarget "11557" */;
			buildPhases = (
				6317F8912213B0D000F70E4C /* Sources */,
				6317F8922213B0D000F70E4C /* Frameworks */,
				6317F8932213B0D000F70E4C /* CopyFiles */,
			);
			buildRules = (
			);
			dependencies = (
			);
			name = 11557;
			productName = 11557;
			productReference = 6317F8952213B0D000F70E4C /* 11557 */;
			productType = "com.apple.product-type.tool";
		};
		6317F89F2213B59000F70E4C /* 11816 */ = {
			isa = PBXNativeTarget;
			buildConfigurationList = 6317F8A62213B59000F70E4C /* Build configuration list for PBXNativeTarget "11816" */;
			buildPhases = (
				6317F89C2213B59000F70E4C /* Sources */,
				6317F89D2213B59000F70E4C /* Frameworks */,
				6317F89E2213B59000F70E4C /* CopyFiles */,
			);
			buildRules = (
			);
			dependencies = (
			);
			name = 11816;
			productName = 11816;
			productReference = 6317F8A02213B59000F70E4C /* 11816 */;
			productType = "com.apple.product-type.tool";
		};
		633F075A221665D800648EF3 /* 11098 */ = {
			isa = PBXNativeTarget;
			buildConfigurationList = 633F0761221665D900648EF3 /* Build configuration list for PBXNativeTarget "11098" */;
			buildPhases = (
				633F0757221665D800648EF3 /* Sources */,
				633F0758221665D800648EF3 /* Frameworks */,
				633F0759221665D800648EF3 /* CopyFiles */,
			);
			buildRules = (
			);
			dependencies = (
			);
			name = 11098;
			productName = 11098;
			productReference = 633F075B221665D800648EF3 /* 11098 */;
			productType = "com.apple.product-type.tool";
		};
		634FB97B222E1C1A00358106 /* 11047 */ = {
			isa = PBXNativeTarget;
			buildConfigurationList = 634FB982222E1C1A00358106 /* Build configuration list for PBXNativeTarget "11047" */;
			buildPhases = (
				634FB978222E1C1A00358106 /* Sources */,
				634FB979222E1C1A00358106 /* Frameworks */,
				634FB97A222E1C1A00358106 /* CopyFiles */,
			);
			buildRules = (
			);
			dependencies = (
			);
			name = 11047;
			productName = 11047;
			productReference = 634FB97C222E1C1A00358106 /* 11047 */;
			productType = "com.apple.product-type.tool";
		};
		636E17122237494E006D7BF1 /* 11179 */ = {
			isa = PBXNativeTarget;
			buildConfigurationList = 636E17192237494F006D7BF1 /* Build configuration list for PBXNativeTarget "11179" */;
			buildPhases = (
				636E170F2237494E006D7BF1 /* Sources */,
				636E17102237494E006D7BF1 /* Frameworks */,
				636E17112237494E006D7BF1 /* CopyFiles */,
			);
			buildRules = (
			);
			dependencies = (
			);
			name = 11179;
			productName = 11179;
			productReference = 636E17132237494E006D7BF1 /* 11179 */;
			productType = "com.apple.product-type.tool";
		};
		639EC8E4221BA49B00F72DD2 /* 11943 */ = {
			isa = PBXNativeTarget;
			buildConfigurationList = 639EC8EB221BA49C00F72DD2 /* Build configuration list for PBXNativeTarget "11943" */;
			buildPhases = (
				639EC8E1221BA49B00F72DD2 /* Sources */,
				639EC8E2221BA49B00F72DD2 /* Frameworks */,
				639EC8E3221BA49B00F72DD2 /* CopyFiles */,
			);
			buildRules = (
			);
			dependencies = (
			);
			name = 11943;
			productName = 11943;
			productReference = 639EC8E5221BA49B00F72DD2 /* 11943 */;
			productType = "com.apple.product-type.tool";
		};
		63A7687E22110DB8009F5177 /* Problem_11000_11999 */ = {
			isa = PBXNativeTarget;
			buildConfigurationList = 63A7688622110DB8009F5177 /* Build configuration list for PBXNativeTarget "Problem_11000_11999" */;
			buildPhases = (
				63A7687B22110DB8009F5177 /* Sources */,
				63A7687C22110DB8009F5177 /* Frameworks */,
				63A7687D22110DB8009F5177 /* CopyFiles */,
			);
			buildRules = (
			);
			dependencies = (
			);
			name = Problem_11000_11999;
			productName = Problem_11000_11999;
			productReference = 63A7687F22110DB8009F5177 /* Problem_11000_11999 */;
			productType = "com.apple.product-type.tool";
		};
		63A7688C22110F05009F5177 /* 11948 */ = {
			isa = PBXNativeTarget;
			buildConfigurationList = 63A7689122110F05009F5177 /* Build configuration list for PBXNativeTarget "11948" */;
			buildPhases = (
				63A7688922110F05009F5177 /* Sources */,
				63A7688A22110F05009F5177 /* Frameworks */,
				63A7688B22110F05009F5177 /* CopyFiles */,
			);
			buildRules = (
			);
			dependencies = (
			);
			name = 11948;
			productName = 11948;
			productReference = 63A7688D22110F05009F5177 /* 11948 */;
			productType = "com.apple.product-type.tool";
		};
		63A97D6D221A56E900779128 /* 11586 */ = {
			isa = PBXNativeTarget;
			buildConfigurationList = 63A97D74221A56E900779128 /* Build configuration list for PBXNativeTarget "11586" */;
			buildPhases = (
				63A97D6A221A56E900779128 /* Sources */,
				63A97D6B221A56E900779128 /* Frameworks */,
				63A97D6C221A56E900779128 /* CopyFiles */,
			);
			buildRules = (
			);
			dependencies = (
			);
			name = 11586;
			productName = 11586;
			productReference = 63A97D6E221A56E900779128 /* 11586 */;
			productType = "com.apple.product-type.tool";
		};
		A61E333526671D4E0002B030 /* 11944 */ = {
			isa = PBXNativeTarget;
			buildConfigurationList = A61E333C26671D4E0002B030 /* Build configuration list for PBXNativeTarget "11944" */;
			buildPhases = (
				A61E333226671D4E0002B030 /* Sources */,
				A61E333326671D4E0002B030 /* Frameworks */,
				A61E333426671D4E0002B030 /* CopyFiles */,
			);
			buildRules = (
			);
			dependencies = (
			);
			name = 11944;
			productName = 11944;
			productReference = A61E333626671D4E0002B030 /* 11944 */;
			productType = "com.apple.product-type.tool";
		};
		A69C30752399F7D70075A234 /* 11966 */ = {
			isa = PBXNativeTarget;
			buildConfigurationList = A69C307C2399F7D70075A234 /* Build configuration list for PBXNativeTarget "11966" */;
			buildPhases = (
				A69C30722399F7D70075A234 /* Sources */,
				A69C30732399F7D70075A234 /* Frameworks */,
				A69C30742399F7D70075A234 /* CopyFiles */,
			);
			buildRules = (
			);
			dependencies = (
			);
			name = 11966;
			productName = 11966;
			productReference = A69C30762399F7D70075A234 /* 11966 */;
			productType = "com.apple.product-type.tool";
		};
		A6D4B116265DE38300714CB1 /* 11575 */ = {
			isa = PBXNativeTarget;
			buildConfigurationList = A6D4B11D265DE38300714CB1 /* Build configuration list for PBXNativeTarget "11575" */;
			buildPhases = (
				A6D4B113265DE38300714CB1 /* Sources */,
				A6D4B114265DE38300714CB1 /* Frameworks */,
				A6D4B115265DE38300714CB1 /* CopyFiles */,
			);
			buildRules = (
			);
			dependencies = (
			);
			name = 11575;
			productName = 11575;
			productReference = A6D4B117265DE38300714CB1 /* 11575 */;
			productType = "com.apple.product-type.tool";
		};
		E4D9B7D625AFB702008F94BF /* 11650 */ = {
			isa = PBXNativeTarget;
			buildConfigurationList = E4D9B7DD25AFB702008F94BF /* Build configuration list for PBXNativeTarget "11650" */;
			buildPhases = (
				E4D9B7D325AFB702008F94BF /* Sources */,
				E4D9B7D425AFB702008F94BF /* Frameworks */,
				E4D9B7D525AFB702008F94BF /* CopyFiles */,
			);
			buildRules = (
			);
			dependencies = (
			);
			name = 11650;
			productName = 11650;
			productReference = E4D9B7D725AFB702008F94BF /* 11650 */;
			productType = "com.apple.product-type.tool";
		};
/* End PBXNativeTarget section */

/* Begin PBXProject section */
		63A7687722110DB8009F5177 /* Project object */ = {
			isa = PBXProject;
			attributes = {
				LastSwiftUpdateCheck = 1250;
				LastUpgradeCheck = 1010;
				ORGANIZATIONNAME = myoung;
				TargetAttributes = {
					6317F8942213B0D000F70E4C = {
						CreatedOnToolsVersion = 10.1;
					};
					6317F89F2213B59000F70E4C = {
						CreatedOnToolsVersion = 10.1;
					};
					633F075A221665D800648EF3 = {
						CreatedOnToolsVersion = 10.1;
					};
					634FB97B222E1C1A00358106 = {
						CreatedOnToolsVersion = 10.1;
					};
					636E17122237494E006D7BF1 = {
						CreatedOnToolsVersion = 10.1;
					};
					639EC8E4221BA49B00F72DD2 = {
						CreatedOnToolsVersion = 10.1;
					};
					63A7687E22110DB8009F5177 = {
						CreatedOnToolsVersion = 10.1;
					};
					63A7688C22110F05009F5177 = {
						CreatedOnToolsVersion = 10.1;
					};
					63A97D6D221A56E900779128 = {
						CreatedOnToolsVersion = 10.1;
					};
					A61E333526671D4E0002B030 = {
						CreatedOnToolsVersion = 12.5;
					};
					A69C30752399F7D70075A234 = {
						CreatedOnToolsVersion = 10.3;
					};
					A6D4B116265DE38300714CB1 = {
						CreatedOnToolsVersion = 12.5;
					};
					E4D9B7D625AFB702008F94BF = {
						CreatedOnToolsVersion = 12.3;
					};
				};
			};
			buildConfigurationList = 63A7687A22110DB8009F5177 /* Build configuration list for PBXProject "Problem_11000_11999" */;
			compatibilityVersion = "Xcode 9.3";
			developmentRegion = en;
			hasScannedForEncodings = 0;
			knownRegions = (
				en,
			);
			mainGroup = 63A7687622110DB8009F5177;
			productRefGroup = 63A7688022110DB8009F5177 /* Products */;
			projectDirPath = "";
			projectRoot = "";
			targets = (
				63A7687E22110DB8009F5177 /* Problem_11000_11999 */,
				634FB97B222E1C1A00358106 /* 11047 */,
				633F075A221665D800648EF3 /* 11098 */,
				636E17122237494E006D7BF1 /* 11179 */,
				6317F8942213B0D000F70E4C /* 11557 */,
				A6D4B116265DE38300714CB1 /* 11575 */,
				63A97D6D221A56E900779128 /* 11586 */,
				E4D9B7D625AFB702008F94BF /* 11650 */,
				6317F89F2213B59000F70E4C /* 11816 */,
				639EC8E4221BA49B00F72DD2 /* 11943 */,
				A61E333526671D4E0002B030 /* 11944 */,
				63A7688C22110F05009F5177 /* 11948 */,
				A69C30752399F7D70075A234 /* 11966 */,
			);
		};
/* End PBXProject section */

/* Begin PBXSourcesBuildPhase section */
		6317F8912213B0D000F70E4C /* Sources */ = {
			isa = PBXSourcesBuildPhase;
			buildActionMask = 2147483647;
			files = (
				6317F8982213B0D000F70E4C /* main.swift in Sources */,
			);
			runOnlyForDeploymentPostprocessing = 0;
		};
		6317F89C2213B59000F70E4C /* Sources */ = {
			isa = PBXSourcesBuildPhase;
			buildActionMask = 2147483647;
			files = (
				6317F8A32213B59000F70E4C /* main.swift in Sources */,
			);
			runOnlyForDeploymentPostprocessing = 0;
		};
		633F0757221665D800648EF3 /* Sources */ = {
			isa = PBXSourcesBuildPhase;
			buildActionMask = 2147483647;
			files = (
				633F075E221665D900648EF3 /* main.swift in Sources */,
			);
			runOnlyForDeploymentPostprocessing = 0;
		};
		634FB978222E1C1A00358106 /* Sources */ = {
			isa = PBXSourcesBuildPhase;
			buildActionMask = 2147483647;
			files = (
				634FB97F222E1C1A00358106 /* main.swift in Sources */,
			);
			runOnlyForDeploymentPostprocessing = 0;
		};
		636E170F2237494E006D7BF1 /* Sources */ = {
			isa = PBXSourcesBuildPhase;
			buildActionMask = 2147483647;
			files = (
				636E17162237494F006D7BF1 /* main.swift in Sources */,
			);
			runOnlyForDeploymentPostprocessing = 0;
		};
		639EC8E1221BA49B00F72DD2 /* Sources */ = {
			isa = PBXSourcesBuildPhase;
			buildActionMask = 2147483647;
			files = (
				639EC8E8221BA49C00F72DD2 /* main.swift in Sources */,
			);
			runOnlyForDeploymentPostprocessing = 0;
		};
		63A7687B22110DB8009F5177 /* Sources */ = {
			isa = PBXSourcesBuildPhase;
			buildActionMask = 2147483647;
			files = (
				63A7688322110DB8009F5177 /* main.swift in Sources */,
			);
			runOnlyForDeploymentPostprocessing = 0;
		};
		63A7688922110F05009F5177 /* Sources */ = {
			isa = PBXSourcesBuildPhase;
			buildActionMask = 2147483647;
			files = (
				63A7689022110F05009F5177 /* main.swift in Sources */,
			);
			runOnlyForDeploymentPostprocessing = 0;
		};
		63A97D6A221A56E900779128 /* Sources */ = {
			isa = PBXSourcesBuildPhase;
			buildActionMask = 2147483647;
			files = (
				63A97D71221A56E900779128 /* main.swift in Sources */,
			);
			runOnlyForDeploymentPostprocessing = 0;
		};
		A61E333226671D4E0002B030 /* Sources */ = {
			isa = PBXSourcesBuildPhase;
			buildActionMask = 2147483647;
			files = (
				A61E333926671D4E0002B030 /* main.swift in Sources */,
			);
			runOnlyForDeploymentPostprocessing = 0;
		};
		A69C30722399F7D70075A234 /* Sources */ = {
			isa = PBXSourcesBuildPhase;
			buildActionMask = 2147483647;
			files = (
				A69C30792399F7D70075A234 /* main.swift in Sources */,
			);
			runOnlyForDeploymentPostprocessing = 0;
		};
		A6D4B113265DE38300714CB1 /* Sources */ = {
			isa = PBXSourcesBuildPhase;
			buildActionMask = 2147483647;
			files = (
				A6D4B11A265DE38300714CB1 /* main.swift in Sources */,
			);
			runOnlyForDeploymentPostprocessing = 0;
		};
		E4D9B7D325AFB702008F94BF /* Sources */ = {
			isa = PBXSourcesBuildPhase;
			buildActionMask = 2147483647;
			files = (
				E4D9B7DA25AFB702008F94BF /* main.swift in Sources */,
			);
			runOnlyForDeploymentPostprocessing = 0;
		};
/* End PBXSourcesBuildPhase section */

/* Begin XCBuildConfiguration section */
		6317F8992213B0D000F70E4C /* Debug */ = {
			isa = XCBuildConfiguration;
			buildSettings = {
				CODE_SIGN_STYLE = Automatic;
				PRODUCT_NAME = "$(TARGET_NAME)";
				SWIFT_VERSION = 4.2;
			};
			name = Debug;
		};
		6317F89A2213B0D000F70E4C /* Release */ = {
			isa = XCBuildConfiguration;
			buildSettings = {
				CODE_SIGN_STYLE = Automatic;
				PRODUCT_NAME = "$(TARGET_NAME)";
				SWIFT_VERSION = 4.2;
			};
			name = Release;
		};
		6317F8A42213B59000F70E4C /* Debug */ = {
			isa = XCBuildConfiguration;
			buildSettings = {
				CODE_SIGN_STYLE = Automatic;
				PRODUCT_NAME = "$(TARGET_NAME)";
				SWIFT_VERSION = 4.2;
			};
			name = Debug;
		};
		6317F8A52213B59000F70E4C /* Release */ = {
			isa = XCBuildConfiguration;
			buildSettings = {
				CODE_SIGN_STYLE = Automatic;
				PRODUCT_NAME = "$(TARGET_NAME)";
				SWIFT_VERSION = 4.2;
			};
			name = Release;
		};
		633F075F221665D900648EF3 /* Debug */ = {
			isa = XCBuildConfiguration;
			buildSettings = {
				CODE_SIGN_STYLE = Automatic;
				PRODUCT_NAME = "$(TARGET_NAME)";
				SWIFT_VERSION = 4.2;
			};
			name = Debug;
		};
		633F0760221665D900648EF3 /* Release */ = {
			isa = XCBuildConfiguration;
			buildSettings = {
				CODE_SIGN_STYLE = Automatic;
				PRODUCT_NAME = "$(TARGET_NAME)";
				SWIFT_VERSION = 4.2;
			};
			name = Release;
		};
		634FB980222E1C1A00358106 /* Debug */ = {
			isa = XCBuildConfiguration;
			buildSettings = {
				CODE_SIGN_STYLE = Automatic;
				PRODUCT_NAME = "$(TARGET_NAME)";
				SWIFT_VERSION = 4.2;
			};
			name = Debug;
		};
		634FB981222E1C1A00358106 /* Release */ = {
			isa = XCBuildConfiguration;
			buildSettings = {
				CODE_SIGN_STYLE = Automatic;
				PRODUCT_NAME = "$(TARGET_NAME)";
				SWIFT_VERSION = 4.2;
			};
			name = Release;
		};
		636E17172237494F006D7BF1 /* Debug */ = {
			isa = XCBuildConfiguration;
			buildSettings = {
				CODE_SIGN_STYLE = Automatic;
				PRODUCT_NAME = "$(TARGET_NAME)";
				SWIFT_VERSION = 4.2;
			};
			name = Debug;
		};
		636E17182237494F006D7BF1 /* Release */ = {
			isa = XCBuildConfiguration;
			buildSettings = {
				CODE_SIGN_STYLE = Automatic;
				PRODUCT_NAME = "$(TARGET_NAME)";
				SWIFT_VERSION = 4.2;
			};
			name = Release;
		};
		639EC8E9221BA49C00F72DD2 /* Debug */ = {
			isa = XCBuildConfiguration;
			buildSettings = {
				CODE_SIGN_STYLE = Automatic;
				PRODUCT_NAME = "$(TARGET_NAME)";
				SWIFT_VERSION = 4.2;
			};
			name = Debug;
		};
		639EC8EA221BA49C00F72DD2 /* Release */ = {
			isa = XCBuildConfiguration;
			buildSettings = {
				CODE_SIGN_STYLE = Automatic;
				PRODUCT_NAME = "$(TARGET_NAME)";
				SWIFT_VERSION = 4.2;
			};
			name = Release;
		};
		63A7688422110DB8009F5177 /* Debug */ = {
			isa = XCBuildConfiguration;
			buildSettings = {
				ALWAYS_SEARCH_USER_PATHS = NO;
				CLANG_ANALYZER_NONNULL = YES;
				CLANG_ANALYZER_NUMBER_OBJECT_CONVERSION = YES_AGGRESSIVE;
				CLANG_CXX_LANGUAGE_STANDARD = "gnu++14";
				CLANG_CXX_LIBRARY = "libc++";
				CLANG_ENABLE_MODULES = YES;
				CLANG_ENABLE_OBJC_ARC = YES;
				CLANG_ENABLE_OBJC_WEAK = YES;
				CLANG_WARN_BLOCK_CAPTURE_AUTORELEASING = YES;
				CLANG_WARN_BOOL_CONVERSION = YES;
				CLANG_WARN_COMMA = YES;
				CLANG_WARN_CONSTANT_CONVERSION = YES;
				CLANG_WARN_DEPRECATED_OBJC_IMPLEMENTATIONS = YES;
				CLANG_WARN_DIRECT_OBJC_ISA_USAGE = YES_ERROR;
				CLANG_WARN_DOCUMENTATION_COMMENTS = YES;
				CLANG_WARN_EMPTY_BODY = YES;
				CLANG_WARN_ENUM_CONVERSION = YES;
				CLANG_WARN_INFINITE_RECURSION = YES;
				CLANG_WARN_INT_CONVERSION = YES;
				CLANG_WARN_NON_LITERAL_NULL_CONVERSION = YES;
				CLANG_WARN_OBJC_IMPLICIT_RETAIN_SELF = YES;
				CLANG_WARN_OBJC_LITERAL_CONVERSION = YES;
				CLANG_WARN_OBJC_ROOT_CLASS = YES_ERROR;
				CLANG_WARN_RANGE_LOOP_ANALYSIS = YES;
				CLANG_WARN_STRICT_PROTOTYPES = YES;
				CLANG_WARN_SUSPICIOUS_MOVE = YES;
				CLANG_WARN_UNGUARDED_AVAILABILITY = YES_AGGRESSIVE;
				CLANG_WARN_UNREACHABLE_CODE = YES;
				CLANG_WARN__DUPLICATE_METHOD_MATCH = YES;
				CODE_SIGN_IDENTITY = "-";
				COPY_PHASE_STRIP = NO;
				DEBUG_INFORMATION_FORMAT = dwarf;
				ENABLE_STRICT_OBJC_MSGSEND = YES;
				ENABLE_TESTABILITY = YES;
				GCC_C_LANGUAGE_STANDARD = gnu11;
				GCC_DYNAMIC_NO_PIC = NO;
				GCC_NO_COMMON_BLOCKS = YES;
				GCC_OPTIMIZATION_LEVEL = 0;
				GCC_PREPROCESSOR_DEFINITIONS = (
					"DEBUG=1",
					"$(inherited)",
				);
				GCC_WARN_64_TO_32_BIT_CONVERSION = YES;
				GCC_WARN_ABOUT_RETURN_TYPE = YES_ERROR;
				GCC_WARN_UNDECLARED_SELECTOR = YES;
				GCC_WARN_UNINITIALIZED_AUTOS = YES_AGGRESSIVE;
				GCC_WARN_UNUSED_FUNCTION = YES;
				GCC_WARN_UNUSED_VARIABLE = YES;
				MACOSX_DEPLOYMENT_TARGET = 10.14;
				MTL_ENABLE_DEBUG_INFO = INCLUDE_SOURCE;
				MTL_FAST_MATH = YES;
				ONLY_ACTIVE_ARCH = YES;
				SDKROOT = macosx;
				SWIFT_ACTIVE_COMPILATION_CONDITIONS = DEBUG;
				SWIFT_OPTIMIZATION_LEVEL = "-Onone";
			};
			name = Debug;
		};
		63A7688522110DB8009F5177 /* Release */ = {
			isa = XCBuildConfiguration;
			buildSettings = {
				ALWAYS_SEARCH_USER_PATHS = NO;
				CLANG_ANALYZER_NONNULL = YES;
				CLANG_ANALYZER_NUMBER_OBJECT_CONVERSION = YES_AGGRESSIVE;
				CLANG_CXX_LANGUAGE_STANDARD = "gnu++14";
				CLANG_CXX_LIBRARY = "libc++";
				CLANG_ENABLE_MODULES = YES;
				CLANG_ENABLE_OBJC_ARC = YES;
				CLANG_ENABLE_OBJC_WEAK = YES;
				CLANG_WARN_BLOCK_CAPTURE_AUTORELEASING = YES;
				CLANG_WARN_BOOL_CONVERSION = YES;
				CLANG_WARN_COMMA = YES;
				CLANG_WARN_CONSTANT_CONVERSION = YES;
				CLANG_WARN_DEPRECATED_OBJC_IMPLEMENTATIONS = YES;
				CLANG_WARN_DIRECT_OBJC_ISA_USAGE = YES_ERROR;
				CLANG_WARN_DOCUMENTATION_COMMENTS = YES;
				CLANG_WARN_EMPTY_BODY = YES;
				CLANG_WARN_ENUM_CONVERSION = YES;
				CLANG_WARN_INFINITE_RECURSION = YES;
				CLANG_WARN_INT_CONVERSION = YES;
				CLANG_WARN_NON_LITERAL_NULL_CONVERSION = YES;
				CLANG_WARN_OBJC_IMPLICIT_RETAIN_SELF = YES;
				CLANG_WARN_OBJC_LITERAL_CONVERSION = YES;
				CLANG_WARN_OBJC_ROOT_CLASS = YES_ERROR;
				CLANG_WARN_RANGE_LOOP_ANALYSIS = YES;
				CLANG_WARN_STRICT_PROTOTYPES = YES;
				CLANG_WARN_SUSPICIOUS_MOVE = YES;
				CLANG_WARN_UNGUARDED_AVAILABILITY = YES_AGGRESSIVE;
				CLANG_WARN_UNREACHABLE_CODE = YES;
				CLANG_WARN__DUPLICATE_METHOD_MATCH = YES;
				CODE_SIGN_IDENTITY = "-";
				COPY_PHASE_STRIP = NO;
				DEBUG_INFORMATION_FORMAT = "dwarf-with-dsym";
				ENABLE_NS_ASSERTIONS = NO;
				ENABLE_STRICT_OBJC_MSGSEND = YES;
				GCC_C_LANGUAGE_STANDARD = gnu11;
				GCC_NO_COMMON_BLOCKS = YES;
				GCC_WARN_64_TO_32_BIT_CONVERSION = YES;
				GCC_WARN_ABOUT_RETURN_TYPE = YES_ERROR;
				GCC_WARN_UNDECLARED_SELECTOR = YES;
				GCC_WARN_UNINITIALIZED_AUTOS = YES_AGGRESSIVE;
				GCC_WARN_UNUSED_FUNCTION = YES;
				GCC_WARN_UNUSED_VARIABLE = YES;
				MACOSX_DEPLOYMENT_TARGET = 10.14;
				MTL_ENABLE_DEBUG_INFO = NO;
				MTL_FAST_MATH = YES;
				SDKROOT = macosx;
				SWIFT_COMPILATION_MODE = wholemodule;
				SWIFT_OPTIMIZATION_LEVEL = "-O";
			};
			name = Release;
		};
		63A7688722110DB8009F5177 /* Debug */ = {
			isa = XCBuildConfiguration;
			buildSettings = {
				CODE_SIGN_STYLE = Automatic;
				PRODUCT_NAME = "$(TARGET_NAME)";
				SWIFT_VERSION = 4.2;
			};
			name = Debug;
		};
		63A7688822110DB8009F5177 /* Release */ = {
			isa = XCBuildConfiguration;
			buildSettings = {
				CODE_SIGN_STYLE = Automatic;
				PRODUCT_NAME = "$(TARGET_NAME)";
				SWIFT_VERSION = 4.2;
			};
			name = Release;
		};
		63A7689222110F05009F5177 /* Debug */ = {
			isa = XCBuildConfiguration;
			buildSettings = {
				CODE_SIGN_STYLE = Automatic;
				PRODUCT_NAME = "$(TARGET_NAME)";
				SWIFT_VERSION = 4.2;
			};
			name = Debug;
		};
		63A7689322110F05009F5177 /* Release */ = {
			isa = XCBuildConfiguration;
			buildSettings = {
				CODE_SIGN_STYLE = Automatic;
				PRODUCT_NAME = "$(TARGET_NAME)";
				SWIFT_VERSION = 4.2;
			};
			name = Release;
		};
		63A97D72221A56E900779128 /* Debug */ = {
			isa = XCBuildConfiguration;
			buildSettings = {
				CODE_SIGN_STYLE = Automatic;
				PRODUCT_NAME = "$(TARGET_NAME)";
				SWIFT_VERSION = 4.2;
			};
			name = Debug;
		};
		63A97D73221A56E900779128 /* Release */ = {
			isa = XCBuildConfiguration;
			buildSettings = {
				CODE_SIGN_STYLE = Automatic;
				PRODUCT_NAME = "$(TARGET_NAME)";
				SWIFT_VERSION = 4.2;
			};
			name = Release;
		};
		A61E333A26671D4E0002B030 /* Debug */ = {
			isa = XCBuildConfiguration;
			buildSettings = {
				CLANG_WARN_QUOTED_INCLUDE_IN_FRAMEWORK_HEADER = YES;
				CODE_SIGN_STYLE = Automatic;
				DEVELOPMENT_TEAM = Q87TKQ7NE9;
				ENABLE_HARDENED_RUNTIME = YES;
				MACOSX_DEPLOYMENT_TARGET = 11.2;
				PRODUCT_NAME = "$(TARGET_NAME)";
				SWIFT_VERSION = 5.0;
			};
			name = Debug;
		};
		A61E333B26671D4E0002B030 /* Release */ = {
			isa = XCBuildConfiguration;
			buildSettings = {
				CLANG_WARN_QUOTED_INCLUDE_IN_FRAMEWORK_HEADER = YES;
				CODE_SIGN_STYLE = Automatic;
				DEVELOPMENT_TEAM = Q87TKQ7NE9;
				ENABLE_HARDENED_RUNTIME = YES;
				MACOSX_DEPLOYMENT_TARGET = 11.2;
				PRODUCT_NAME = "$(TARGET_NAME)";
				SWIFT_VERSION = 5.0;
			};
			name = Release;
		};
		A69C307A2399F7D70075A234 /* Debug */ = {
			isa = XCBuildConfiguration;
			buildSettings = {
				CODE_SIGN_STYLE = Automatic;
				PRODUCT_NAME = "$(TARGET_NAME)";
				SWIFT_VERSION = 5.0;
			};
			name = Debug;
		};
		A69C307B2399F7D70075A234 /* Release */ = {
			isa = XCBuildConfiguration;
			buildSettings = {
				CODE_SIGN_STYLE = Automatic;
				PRODUCT_NAME = "$(TARGET_NAME)";
				SWIFT_VERSION = 5.0;
			};
			name = Release;
		};
		A6D4B11B265DE38300714CB1 /* Debug */ = {
			isa = XCBuildConfiguration;
			buildSettings = {
				CLANG_WARN_QUOTED_INCLUDE_IN_FRAMEWORK_HEADER = YES;
				CODE_SIGN_STYLE = Automatic;
				DEVELOPMENT_TEAM = Q87TKQ7NE9;
				ENABLE_HARDENED_RUNTIME = YES;
				MACOSX_DEPLOYMENT_TARGET = 11.2;
				PRODUCT_NAME = "$(TARGET_NAME)";
				SWIFT_VERSION = 5.0;
			};
			name = Debug;
		};
		A6D4B11C265DE38300714CB1 /* Release */ = {
			isa = XCBuildConfiguration;
			buildSettings = {
				CLANG_WARN_QUOTED_INCLUDE_IN_FRAMEWORK_HEADER = YES;
				CODE_SIGN_STYLE = Automatic;
				DEVELOPMENT_TEAM = Q87TKQ7NE9;
				ENABLE_HARDENED_RUNTIME = YES;
				MACOSX_DEPLOYMENT_TARGET = 11.2;
				PRODUCT_NAME = "$(TARGET_NAME)";
				SWIFT_VERSION = 5.0;
			};
			name = Release;
		};
		E4D9B7DB25AFB702008F94BF /* Debug */ = {
			isa = XCBuildConfiguration;
			buildSettings = {
				CLANG_WARN_QUOTED_INCLUDE_IN_FRAMEWORK_HEADER = YES;
				CODE_SIGN_STYLE = Automatic;
				DEVELOPMENT_TEAM = RM5FE27WRY;
				ENABLE_HARDENED_RUNTIME = YES;
				MACOSX_DEPLOYMENT_TARGET = 10.15;
				PRODUCT_NAME = "$(TARGET_NAME)";
				SWIFT_VERSION = 5.0;
			};
			name = Debug;
		};
		E4D9B7DC25AFB702008F94BF /* Release */ = {
			isa = XCBuildConfiguration;
			buildSettings = {
				CLANG_WARN_QUOTED_INCLUDE_IN_FRAMEWORK_HEADER = YES;
				CODE_SIGN_STYLE = Automatic;
				DEVELOPMENT_TEAM = RM5FE27WRY;
				ENABLE_HARDENED_RUNTIME = YES;
				MACOSX_DEPLOYMENT_TARGET = 10.15;
				PRODUCT_NAME = "$(TARGET_NAME)";
				SWIFT_VERSION = 5.0;
			};
			name = Release;
		};
/* End XCBuildConfiguration section */

/* Begin XCConfigurationList section */
		6317F89B2213B0D000F70E4C /* Build configuration list for PBXNativeTarget "11557" */ = {
			isa = XCConfigurationList;
			buildConfigurations = (
				6317F8992213B0D000F70E4C /* Debug */,
				6317F89A2213B0D000F70E4C /* Release */,
			);
			defaultConfigurationIsVisible = 0;
			defaultConfigurationName = Release;
		};
		6317F8A62213B59000F70E4C /* Build configuration list for PBXNativeTarget "11816" */ = {
			isa = XCConfigurationList;
			buildConfigurations = (
				6317F8A42213B59000F70E4C /* Debug */,
				6317F8A52213B59000F70E4C /* Release */,
			);
			defaultConfigurationIsVisible = 0;
			defaultConfigurationName = Release;
		};
		633F0761221665D900648EF3 /* Build configuration list for PBXNativeTarget "11098" */ = {
			isa = XCConfigurationList;
			buildConfigurations = (
				633F075F221665D900648EF3 /* Debug */,
				633F0760221665D900648EF3 /* Release */,
			);
			defaultConfigurationIsVisible = 0;
			defaultConfigurationName = Release;
		};
		634FB982222E1C1A00358106 /* Build configuration list for PBXNativeTarget "11047" */ = {
			isa = XCConfigurationList;
			buildConfigurations = (
				634FB980222E1C1A00358106 /* Debug */,
				634FB981222E1C1A00358106 /* Release */,
			);
			defaultConfigurationIsVisible = 0;
			defaultConfigurationName = Release;
		};
		636E17192237494F006D7BF1 /* Build configuration list for PBXNativeTarget "11179" */ = {
			isa = XCConfigurationList;
			buildConfigurations = (
				636E17172237494F006D7BF1 /* Debug */,
				636E17182237494F006D7BF1 /* Release */,
			);
			defaultConfigurationIsVisible = 0;
			defaultConfigurationName = Release;
		};
		639EC8EB221BA49C00F72DD2 /* Build configuration list for PBXNativeTarget "11943" */ = {
			isa = XCConfigurationList;
			buildConfigurations = (
				639EC8E9221BA49C00F72DD2 /* Debug */,
				639EC8EA221BA49C00F72DD2 /* Release */,
			);
			defaultConfigurationIsVisible = 0;
			defaultConfigurationName = Release;
		};
		63A7687A22110DB8009F5177 /* Build configuration list for PBXProject "Problem_11000_11999" */ = {
			isa = XCConfigurationList;
			buildConfigurations = (
				63A7688422110DB8009F5177 /* Debug */,
				63A7688522110DB8009F5177 /* Release */,
			);
			defaultConfigurationIsVisible = 0;
			defaultConfigurationName = Release;
		};
		63A7688622110DB8009F5177 /* Build configuration list for PBXNativeTarget "Problem_11000_11999" */ = {
			isa = XCConfigurationList;
			buildConfigurations = (
				63A7688722110DB8009F5177 /* Debug */,
				63A7688822110DB8009F5177 /* Release */,
			);
			defaultConfigurationIsVisible = 0;
			defaultConfigurationName = Release;
		};
		63A7689122110F05009F5177 /* Build configuration list for PBXNativeTarget "11948" */ = {
			isa = XCConfigurationList;
			buildConfigurations = (
				63A7689222110F05009F5177 /* Debug */,
				63A7689322110F05009F5177 /* Release */,
			);
			defaultConfigurationIsVisible = 0;
			defaultConfigurationName = Release;
		};
		63A97D74221A56E900779128 /* Build configuration list for PBXNativeTarget "11586" */ = {
			isa = XCConfigurationList;
			buildConfigurations = (
				63A97D72221A56E900779128 /* Debug */,
				63A97D73221A56E900779128 /* Release */,
			);
			defaultConfigurationIsVisible = 0;
			defaultConfigurationName = Release;
		};
		A61E333C26671D4E0002B030 /* Build configuration list for PBXNativeTarget "11944" */ = {
			isa = XCConfigurationList;
			buildConfigurations = (
				A61E333A26671D4E0002B030 /* Debug */,
				A61E333B26671D4E0002B030 /* Release */,
			);
			defaultConfigurationIsVisible = 0;
			defaultConfigurationName = Release;
		};
		A69C307C2399F7D70075A234 /* Build configuration list for PBXNativeTarget "11966" */ = {
			isa = XCConfigurationList;
			buildConfigurations = (
				A69C307A2399F7D70075A234 /* Debug */,
				A69C307B2399F7D70075A234 /* Release */,
			);
			defaultConfigurationIsVisible = 0;
			defaultConfigurationName = Release;
		};
		A6D4B11D265DE38300714CB1 /* Build configuration list for PBXNativeTarget "11575" */ = {
			isa = XCConfigurationList;
			buildConfigurations = (
				A6D4B11B265DE38300714CB1 /* Debug */,
				A6D4B11C265DE38300714CB1 /* Release */,
			);
			defaultConfigurationIsVisible = 0;
			defaultConfigurationName = Release;
		};
		E4D9B7DD25AFB702008F94BF /* Build configuration list for PBXNativeTarget "11650" */ = {
			isa = XCConfigurationList;
			buildConfigurations = (
				E4D9B7DB25AFB702008F94BF /* Debug */,
				E4D9B7DC25AFB702008F94BF /* Release */,
			);
			defaultConfigurationIsVisible = 0;
			defaultConfigurationName = Release;
		};
/* End XCConfigurationList section */
	};
	rootObject = 63A7687722110DB8009F5177 /* Project object */;
}
